// !$*UTF8*$!
{
	archiveVersion = 1;
	classes = {
	};
	objectVersion = 51;
	objects = {

/* Begin PBXBuildFile section */
		295129E95576FB9EAC9E542E /* Pods_MarvelUI_MarvelUITests.framework in Frameworks */ = {isa = PBXBuildFile; fileRef = E64649B0893F3C9DD59C208B /* Pods_MarvelUI_MarvelUITests.framework */; };
		401DF05926013665004A200E /* CharacterTableViewDataSource.swift in Sources */ = {isa = PBXBuildFile; fileRef = 401DF05826013665004A200E /* CharacterTableViewDataSource.swift */; };
		4021D1F8260123D800F9E351 /* FavoritesViewController.swift in Sources */ = {isa = PBXBuildFile; fileRef = 4021D1F7260123D800F9E351 /* FavoritesViewController.swift */; };
		402245712603E85B00C701EC /* CoreDataStorage.xcdatamodeld in Sources */ = {isa = PBXBuildFile; fileRef = 40C687EA26039DCE00349373 /* CoreDataStorage.xcdatamodeld */; };
		4041120B25FFE2A0009D5E3B /* CharacterCollectionViewCell.swift in Sources */ = {isa = PBXBuildFile; fileRef = 4041120A25FFE2A0009D5E3B /* CharacterCollectionViewCell.swift */; };
		4041121525FFE2B6009D5E3B /* Identifiable.swift in Sources */ = {isa = PBXBuildFile; fileRef = 4041121425FFE2B6009D5E3B /* Identifiable.swift */; };
		4041121D25FFE532009D5E3B /* CharacterCollectionViewDataSource.swift in Sources */ = {isa = PBXBuildFile; fileRef = 4041121C25FFE532009D5E3B /* CharacterCollectionViewDataSource.swift */; };
		404112322600016B009D5E3B /* CharacterCollectionViewDelegate.swift in Sources */ = {isa = PBXBuildFile; fileRef = 404112312600016B009D5E3B /* CharacterCollectionViewDelegate.swift */; };
		4041128226001507009D5E3B /* MarvelUI.framework in Frameworks */ = {isa = PBXBuildFile; fileRef = 4041127926001507009D5E3B /* MarvelUI.framework */; };
		4041128926001507009D5E3B /* MarvelUITests.swift in Sources */ = {isa = PBXBuildFile; fileRef = 4041128826001507009D5E3B /* MarvelUITests.swift */; };
		4041128B26001507009D5E3B /* MarvelUI.h in Headers */ = {isa = PBXBuildFile; fileRef = 4041127B26001507009D5E3B /* MarvelUI.h */; settings = {ATTRIBUTES = (Public, ); }; };
		4041128E26001507009D5E3B /* MarvelUI.framework in Frameworks */ = {isa = PBXBuildFile; fileRef = 4041127926001507009D5E3B /* MarvelUI.framework */; };
		4041128F26001507009D5E3B /* MarvelUI.framework in Embed Frameworks */ = {isa = PBXBuildFile; fileRef = 4041127926001507009D5E3B /* MarvelUI.framework */; settings = {ATTRIBUTES = (CodeSignOnCopy, RemoveHeadersOnCopy, ); }; };
		4041129E2600153D009D5E3B /* ViewCodable.swift in Sources */ = {isa = PBXBuildFile; fileRef = 4041129D2600153D009D5E3B /* ViewCodable.swift */; };
		404112A62600161E009D5E3B /* UIViewExtension.swift in Sources */ = {isa = PBXBuildFile; fileRef = 404112A52600161E009D5E3B /* UIViewExtension.swift */; };
		4052DF3C260032C100FB5187 /* UIImageViewExtension.swift in Sources */ = {isa = PBXBuildFile; fileRef = 4052DF3B260032C100FB5187 /* UIImageViewExtension.swift */; };
		405B1A2C2602227B0070B4E6 /* CharacterMockData.swift in Sources */ = {isa = PBXBuildFile; fileRef = 405B1A2B2602227B0070B4E6 /* CharacterMockData.swift */; };
		405B1A3A260224190070B4E6 /* MockURLSession.swift in Sources */ = {isa = PBXBuildFile; fileRef = 405B1A39260224190070B4E6 /* MockURLSession.swift */; };
		405B1A42260224880070B4E6 /* MockURLSessionDataTask.swift in Sources */ = {isa = PBXBuildFile; fileRef = 405B1A41260224880070B4E6 /* MockURLSessionDataTask.swift */; };
		405B1A68260227DA0070B4E6 /* CharacterListInteractorTests.swift in Sources */ = {isa = PBXBuildFile; fileRef = 405B1A67260227DA0070B4E6 /* CharacterListInteractorTests.swift */; };
		40737A222604357700BDB218 /* FavoritesModels.swift in Sources */ = {isa = PBXBuildFile; fileRef = 40737A212604357700BDB218 /* FavoritesModels.swift */; };
		4081CFEB260124A800370EC7 /* FavoritesConfigurator.swift in Sources */ = {isa = PBXBuildFile; fileRef = 4081CFEA260124A800370EC7 /* FavoritesConfigurator.swift */; };
		4081CFFB2601260600370EC7 /* FavoritesInteractor.swift in Sources */ = {isa = PBXBuildFile; fileRef = 4081CFFA2601260600370EC7 /* FavoritesInteractor.swift */; };
		4081D0032601263C00370EC7 /* FavoritesPresenterInput.swift in Sources */ = {isa = PBXBuildFile; fileRef = 4081D0022601263C00370EC7 /* FavoritesPresenterInput.swift */; };
		4081D0122601307600370EC7 /* FavoritesView.swift in Sources */ = {isa = PBXBuildFile; fileRef = 4081D0112601307600370EC7 /* FavoritesView.swift */; };
		4081D0202601321C00370EC7 /* CharacterTableViewCell.swift in Sources */ = {isa = PBXBuildFile; fileRef = 4081D01F2601321C00370EC7 /* CharacterTableViewCell.swift */; };
		4087A06425FBAAB600971174 /* AppDelegate.swift in Sources */ = {isa = PBXBuildFile; fileRef = 4087A06325FBAAB600971174 /* AppDelegate.swift */; };
		4087A06625FBAAB600971174 /* SceneDelegate.swift in Sources */ = {isa = PBXBuildFile; fileRef = 4087A06525FBAAB600971174 /* SceneDelegate.swift */; };
		4087A07025FBAAB900971174 /* Assets.xcassets in Resources */ = {isa = PBXBuildFile; fileRef = 4087A06F25FBAAB900971174 /* Assets.xcassets */; };
		4087A07325FBAAB900971174 /* LaunchScreen.storyboard in Resources */ = {isa = PBXBuildFile; fileRef = 4087A07125FBAAB900971174 /* LaunchScreen.storyboard */; };
		40B5ABDD2603BEB900497271 /* CharacterProtocol.swift in Sources */ = {isa = PBXBuildFile; fileRef = 40B5ABDC2603BEB900497271 /* CharacterProtocol.swift */; };
		40B5ABE52603BFA100497271 /* CoreDataHandleError.swift in Sources */ = {isa = PBXBuildFile; fileRef = 40B5ABE42603BFA100497271 /* CoreDataHandleError.swift */; };
		40B5ABED2603C51900497271 /* CharacterStorageWorker.swift in Sources */ = {isa = PBXBuildFile; fileRef = 40B5ABEC2603C51900497271 /* CharacterStorageWorker.swift */; };
		40C687DC26023C1400349373 /* CharacterServiceWorkTests.swift in Sources */ = {isa = PBXBuildFile; fileRef = 40C687DB26023C1400349373 /* CharacterServiceWorkTests.swift */; };
		40C687EC26039DCE00349373 /* CoreDataStorage.xcdatamodeld in Sources */ = {isa = PBXBuildFile; fileRef = 40C687EA26039DCE00349373 /* CoreDataStorage.xcdatamodeld */; };
		40C687F426039F1200349373 /* CoreDataStack.swift in Sources */ = {isa = PBXBuildFile; fileRef = 40C687F326039F1200349373 /* CoreDataStack.swift */; };
		40C688042603A0A100349373 /* CharacterRepository.swift in Sources */ = {isa = PBXBuildFile; fileRef = 40C688032603A0A100349373 /* CharacterRepository.swift */; };
		40C6880E2603BBC900349373 /* CharacterCD+CoreDataClass.swift in Sources */ = {isa = PBXBuildFile; fileRef = 40C6880C2603BBC900349373 /* CharacterCD+CoreDataClass.swift */; };
		40C6880F2603BBC900349373 /* CharacterCD+CoreDataProperties.swift in Sources */ = {isa = PBXBuildFile; fileRef = 40C6880D2603BBC900349373 /* CharacterCD+CoreDataProperties.swift */; };
		40CE411525FFDE36007E9566 /* CharacterListView.swift in Sources */ = {isa = PBXBuildFile; fileRef = 40CE411425FFDE36007E9566 /* CharacterListView.swift */; };
		40D94B46260054CD008DA631 /* CharacterDetailsViewController.swift in Sources */ = {isa = PBXBuildFile; fileRef = 40D94B45260054CD008DA631 /* CharacterDetailsViewController.swift */; };
		40D94B5426005544008DA631 /* CharacterDetailsModels.swift in Sources */ = {isa = PBXBuildFile; fileRef = 40D94B5326005544008DA631 /* CharacterDetailsModels.swift */; };
		40D94B5C26005684008DA631 /* CharacterDetailsRouter.swift in Sources */ = {isa = PBXBuildFile; fileRef = 40D94B5B26005684008DA631 /* CharacterDetailsRouter.swift */; };
		40D94B64260056D2008DA631 /* CharacterDetailsInteractor.swift in Sources */ = {isa = PBXBuildFile; fileRef = 40D94B63260056D2008DA631 /* CharacterDetailsInteractor.swift */; };
		40D94B6C26005713008DA631 /* CharacterDetailsPresenter.swift in Sources */ = {isa = PBXBuildFile; fileRef = 40D94B6B26005713008DA631 /* CharacterDetailsPresenter.swift */; };
		40D94B74260057DA008DA631 /* CharacterDetailsConfigurator.swift in Sources */ = {isa = PBXBuildFile; fileRef = 40D94B73260057DA008DA631 /* CharacterDetailsConfigurator.swift */; };
		40D94B7D26005E65008DA631 /* CharacterDetailsView.swift in Sources */ = {isa = PBXBuildFile; fileRef = 40D94B7C26005E65008DA631 /* CharacterDetailsView.swift */; };
		40DBC40925FFD75100C2B827 /* MD5.swift in Sources */ = {isa = PBXBuildFile; fileRef = 40DBC40825FFD75100C2B827 /* MD5.swift */; };
		40F4421625FC2340002E02B7 /* Service.framework in Frameworks */ = {isa = PBXBuildFile; fileRef = 40F4420D25FC2340002E02B7 /* Service.framework */; };
		40F4421D25FC2340002E02B7 /* ServiceTests.swift in Sources */ = {isa = PBXBuildFile; fileRef = 40F4421C25FC2340002E02B7 /* ServiceTests.swift */; };
		40F4421F25FC2340002E02B7 /* Service.h in Headers */ = {isa = PBXBuildFile; fileRef = 40F4420F25FC2340002E02B7 /* Service.h */; settings = {ATTRIBUTES = (Public, ); }; };
		40F4422225FC2340002E02B7 /* Service.framework in Frameworks */ = {isa = PBXBuildFile; fileRef = 40F4420D25FC2340002E02B7 /* Service.framework */; };
		40F4422325FC2340002E02B7 /* Service.framework in Embed Frameworks */ = {isa = PBXBuildFile; fileRef = 40F4420D25FC2340002E02B7 /* Service.framework */; settings = {ATTRIBUTES = (CodeSignOnCopy, RemoveHeadersOnCopy, ); }; };
		40F4422E25FC23D7002E02B7 /* URLSessionDataTaskProtocol.swift in Sources */ = {isa = PBXBuildFile; fileRef = 40F4422D25FC23D7002E02B7 /* URLSessionDataTaskProtocol.swift */; };
		40F4423225FC23F3002E02B7 /* URLSessionProtocol.swift in Sources */ = {isa = PBXBuildFile; fileRef = 40F4423125FC23F3002E02B7 /* URLSessionProtocol.swift */; };
		40F4423625FC245C002E02B7 /* ServiceProtocol.swift in Sources */ = {isa = PBXBuildFile; fileRef = 40F4423525FC245C002E02B7 /* ServiceProtocol.swift */; };
		40F4423A25FC24F0002E02B7 /* ServiceClient.swift in Sources */ = {isa = PBXBuildFile; fileRef = 40F4423925FC24F0002E02B7 /* ServiceClient.swift */; };
		40F4423E25FC2522002E02B7 /* ServiceHandleError.swift in Sources */ = {isa = PBXBuildFile; fileRef = 40F4423D25FC2522002E02B7 /* ServiceHandleError.swift */; };
		40F4425125FC262F002E02B7 /* Characters.framework in Frameworks */ = {isa = PBXBuildFile; fileRef = 40F4424825FC262E002E02B7 /* Characters.framework */; };
		40F4425825FC262F002E02B7 /* CharactersTests.swift in Sources */ = {isa = PBXBuildFile; fileRef = 40F4425725FC262F002E02B7 /* CharactersTests.swift */; };
		40F4425A25FC262F002E02B7 /* Characters.h in Headers */ = {isa = PBXBuildFile; fileRef = 40F4424A25FC262F002E02B7 /* Characters.h */; settings = {ATTRIBUTES = (Public, ); }; };
		40F4425D25FC262F002E02B7 /* Characters.framework in Frameworks */ = {isa = PBXBuildFile; fileRef = 40F4424825FC262E002E02B7 /* Characters.framework */; };
		40F4425E25FC262F002E02B7 /* Characters.framework in Embed Frameworks */ = {isa = PBXBuildFile; fileRef = 40F4424825FC262E002E02B7 /* Characters.framework */; settings = {ATTRIBUTES = (CodeSignOnCopy, RemoveHeadersOnCopy, ); }; };
		40F4427525FCF06E002E02B7 /* CharactersListViewController.swift in Sources */ = {isa = PBXBuildFile; fileRef = 40F4427425FCF06E002E02B7 /* CharactersListViewController.swift */; };
		40F4427B25FCF1F8002E02B7 /* CharactersListConfigurator.swift in Sources */ = {isa = PBXBuildFile; fileRef = 40F4427A25FCF1F8002E02B7 /* CharactersListConfigurator.swift */; };
		40F4428125FCF23F002E02B7 /* CharactersListInteractor.swift in Sources */ = {isa = PBXBuildFile; fileRef = 40F4428025FCF23F002E02B7 /* CharactersListInteractor.swift */; };
		40F4428725FCF295002E02B7 /* CharactersListPresenter.swift in Sources */ = {isa = PBXBuildFile; fileRef = 40F4428625FCF295002E02B7 /* CharactersListPresenter.swift */; };
		40F4428D25FCF3BD002E02B7 /* CharactersListRouter.swift in Sources */ = {isa = PBXBuildFile; fileRef = 40F4428C25FCF3BD002E02B7 /* CharactersListRouter.swift */; };
		40F4429725FCF809002E02B7 /* AppFlowCoordinator.swift in Sources */ = {isa = PBXBuildFile; fileRef = 40F4429625FCF809002E02B7 /* AppFlowCoordinator.swift */; };
		40F442A825FCFA52002E02B7 /* CharacterProvider.swift in Sources */ = {isa = PBXBuildFile; fileRef = 40F442A725FCFA52002E02B7 /* CharacterProvider.swift */; };
		40F442AE25FCFAF4002E02B7 /* CharacterBaseParameters.swift in Sources */ = {isa = PBXBuildFile; fileRef = 40F442AD25FCFAF4002E02B7 /* CharacterBaseParameters.swift */; };
		40F442B425FCFF0F002E02B7 /* CharacterWorker.swift in Sources */ = {isa = PBXBuildFile; fileRef = 40F442B325FCFF0F002E02B7 /* CharacterWorker.swift */; };
		40F442BB25FD03DC002E02B7 /* Marvel.swift in Sources */ = {isa = PBXBuildFile; fileRef = 40F442BA25FD03DC002E02B7 /* Marvel.swift */; };
		40F442C125FD0A86002E02B7 /* CharactersListModels.swift in Sources */ = {isa = PBXBuildFile; fileRef = 40F442C025FD0A86002E02B7 /* CharactersListModels.swift */; };
		729B1BB437B6FD78BADD9BBF /* Pods_Characters.framework in Frameworks */ = {isa = PBXBuildFile; fileRef = ABC08720D0A5DF9DEABF0156 /* Pods_Characters.framework */; };
		786E00FA5B1DD04B3BC76985 /* Pods_MarvelUI.framework in Frameworks */ = {isa = PBXBuildFile; fileRef = 5F01BCAD9C4091D1D48841DA /* Pods_MarvelUI.framework */; };
		8FB6A60152366DB35CB72B0A /* Pods_Service_ServiceTests.framework in Frameworks */ = {isa = PBXBuildFile; fileRef = 59B1D4CFDAA73BE4CE19FF9C /* Pods_Service_ServiceTests.framework */; };
		D559E6F510B56AECE84710E6 /* Pods_MarvelApplication.framework in Frameworks */ = {isa = PBXBuildFile; fileRef = 3F4B676EB5CE52BFF905DF68 /* Pods_MarvelApplication.framework */; };
		D6AE7D773AA031D0A930381B /* Pods_Service.framework in Frameworks */ = {isa = PBXBuildFile; fileRef = 668F956E717CC4EB9FBC872B /* Pods_Service.framework */; };
		FAA1841250941FDA804BD886 /* Pods_Characters_CharactersTests.framework in Frameworks */ = {isa = PBXBuildFile; fileRef = 36433C6C21CA11B859587F14 /* Pods_Characters_CharactersTests.framework */; };
/* End PBXBuildFile section */

/* Begin PBXContainerItemProxy section */
		4041128326001507009D5E3B /* PBXContainerItemProxy */ = {
			isa = PBXContainerItemProxy;
			containerPortal = 4087A05825FBAAB600971174 /* Project object */;
			proxyType = 1;
			remoteGlobalIDString = 4041127826001507009D5E3B;
			remoteInfo = MarvelUI;
		};
		4041128526001507009D5E3B /* PBXContainerItemProxy */ = {
			isa = PBXContainerItemProxy;
			containerPortal = 4087A05825FBAAB600971174 /* Project object */;
			proxyType = 1;
			remoteGlobalIDString = 4087A05F25FBAAB600971174;
			remoteInfo = MarvelApplication;
		};
		4041128C26001507009D5E3B /* PBXContainerItemProxy */ = {
			isa = PBXContainerItemProxy;
			containerPortal = 4087A05825FBAAB600971174 /* Project object */;
			proxyType = 1;
			remoteGlobalIDString = 4041127826001507009D5E3B;
			remoteInfo = MarvelUI;
		};
		40F4421725FC2340002E02B7 /* PBXContainerItemProxy */ = {
			isa = PBXContainerItemProxy;
			containerPortal = 4087A05825FBAAB600971174 /* Project object */;
			proxyType = 1;
			remoteGlobalIDString = 40F4420C25FC2340002E02B7;
			remoteInfo = Service;
		};
		40F4421925FC2340002E02B7 /* PBXContainerItemProxy */ = {
			isa = PBXContainerItemProxy;
			containerPortal = 4087A05825FBAAB600971174 /* Project object */;
			proxyType = 1;
			remoteGlobalIDString = 4087A05F25FBAAB600971174;
			remoteInfo = MarvelApplication;
		};
		40F4422025FC2340002E02B7 /* PBXContainerItemProxy */ = {
			isa = PBXContainerItemProxy;
			containerPortal = 4087A05825FBAAB600971174 /* Project object */;
			proxyType = 1;
			remoteGlobalIDString = 40F4420C25FC2340002E02B7;
			remoteInfo = Service;
		};
		40F4425225FC262F002E02B7 /* PBXContainerItemProxy */ = {
			isa = PBXContainerItemProxy;
			containerPortal = 4087A05825FBAAB600971174 /* Project object */;
			proxyType = 1;
			remoteGlobalIDString = 40F4424725FC262E002E02B7;
			remoteInfo = Characters;
		};
		40F4425425FC262F002E02B7 /* PBXContainerItemProxy */ = {
			isa = PBXContainerItemProxy;
			containerPortal = 4087A05825FBAAB600971174 /* Project object */;
			proxyType = 1;
			remoteGlobalIDString = 4087A05F25FBAAB600971174;
			remoteInfo = MarvelApplication;
		};
		40F4425B25FC262F002E02B7 /* PBXContainerItemProxy */ = {
			isa = PBXContainerItemProxy;
			containerPortal = 4087A05825FBAAB600971174 /* Project object */;
			proxyType = 1;
			remoteGlobalIDString = 40F4424725FC262E002E02B7;
			remoteInfo = Characters;
		};
/* End PBXContainerItemProxy section */

/* Begin PBXCopyFilesBuildPhase section */
		40F4422425FC2340002E02B7 /* Embed Frameworks */ = {
			isa = PBXCopyFilesBuildPhase;
			buildActionMask = 2147483647;
			dstPath = "";
			dstSubfolderSpec = 10;
			files = (
				40F4425E25FC262F002E02B7 /* Characters.framework in Embed Frameworks */,
				40F4422325FC2340002E02B7 /* Service.framework in Embed Frameworks */,
				4041128F26001507009D5E3B /* MarvelUI.framework in Embed Frameworks */,
			);
			name = "Embed Frameworks";
			runOnlyForDeploymentPostprocessing = 0;
		};
/* End PBXCopyFilesBuildPhase section */

/* Begin PBXFileReference section */
		1F2BA8EB4DC5213D1D6EA2A8 /* Pods-Characters.release.xcconfig */ = {isa = PBXFileReference; includeInIndex = 1; lastKnownFileType = text.xcconfig; name = "Pods-Characters.release.xcconfig"; path = "Target Support Files/Pods-Characters/Pods-Characters.release.xcconfig"; sourceTree = "<group>"; };
		2AFD78F7FBB9AF8A8B36053F /* Pods-MarvelApplication.debug.xcconfig */ = {isa = PBXFileReference; includeInIndex = 1; lastKnownFileType = text.xcconfig; name = "Pods-MarvelApplication.debug.xcconfig"; path = "Target Support Files/Pods-MarvelApplication/Pods-MarvelApplication.debug.xcconfig"; sourceTree = "<group>"; };
		36433C6C21CA11B859587F14 /* Pods_Characters_CharactersTests.framework */ = {isa = PBXFileReference; explicitFileType = wrapper.framework; includeInIndex = 0; path = Pods_Characters_CharactersTests.framework; sourceTree = BUILT_PRODUCTS_DIR; };
		3F4B676EB5CE52BFF905DF68 /* Pods_MarvelApplication.framework */ = {isa = PBXFileReference; explicitFileType = wrapper.framework; includeInIndex = 0; path = Pods_MarvelApplication.framework; sourceTree = BUILT_PRODUCTS_DIR; };
		401DF05826013665004A200E /* CharacterTableViewDataSource.swift */ = {isa = PBXFileReference; lastKnownFileType = sourcecode.swift; path = CharacterTableViewDataSource.swift; sourceTree = "<group>"; };
		4021D1F7260123D800F9E351 /* FavoritesViewController.swift */ = {isa = PBXFileReference; lastKnownFileType = sourcecode.swift; path = FavoritesViewController.swift; sourceTree = "<group>"; };
		4041120A25FFE2A0009D5E3B /* CharacterCollectionViewCell.swift */ = {isa = PBXFileReference; lastKnownFileType = sourcecode.swift; path = CharacterCollectionViewCell.swift; sourceTree = "<group>"; };
		4041121425FFE2B6009D5E3B /* Identifiable.swift */ = {isa = PBXFileReference; lastKnownFileType = sourcecode.swift; path = Identifiable.swift; sourceTree = "<group>"; };
		4041121C25FFE532009D5E3B /* CharacterCollectionViewDataSource.swift */ = {isa = PBXFileReference; lastKnownFileType = sourcecode.swift; path = CharacterCollectionViewDataSource.swift; sourceTree = "<group>"; };
		404112312600016B009D5E3B /* CharacterCollectionViewDelegate.swift */ = {isa = PBXFileReference; lastKnownFileType = sourcecode.swift; path = CharacterCollectionViewDelegate.swift; sourceTree = "<group>"; };
		4041127926001507009D5E3B /* MarvelUI.framework */ = {isa = PBXFileReference; explicitFileType = wrapper.framework; includeInIndex = 0; path = MarvelUI.framework; sourceTree = BUILT_PRODUCTS_DIR; };
		4041127B26001507009D5E3B /* MarvelUI.h */ = {isa = PBXFileReference; lastKnownFileType = sourcecode.c.h; path = MarvelUI.h; sourceTree = "<group>"; };
		4041127C26001507009D5E3B /* Info.plist */ = {isa = PBXFileReference; lastKnownFileType = text.plist.xml; path = Info.plist; sourceTree = "<group>"; };
		4041128126001507009D5E3B /* MarvelUITests.xctest */ = {isa = PBXFileReference; explicitFileType = wrapper.cfbundle; includeInIndex = 0; path = MarvelUITests.xctest; sourceTree = BUILT_PRODUCTS_DIR; };
		4041128826001507009D5E3B /* MarvelUITests.swift */ = {isa = PBXFileReference; lastKnownFileType = sourcecode.swift; path = MarvelUITests.swift; sourceTree = "<group>"; };
		4041128A26001507009D5E3B /* Info.plist */ = {isa = PBXFileReference; lastKnownFileType = text.plist.xml; path = Info.plist; sourceTree = "<group>"; };
		4041129D2600153D009D5E3B /* ViewCodable.swift */ = {isa = PBXFileReference; lastKnownFileType = sourcecode.swift; path = ViewCodable.swift; sourceTree = "<group>"; };
		404112A52600161E009D5E3B /* UIViewExtension.swift */ = {isa = PBXFileReference; lastKnownFileType = sourcecode.swift; path = UIViewExtension.swift; sourceTree = "<group>"; };
		4052DF3B260032C100FB5187 /* UIImageViewExtension.swift */ = {isa = PBXFileReference; lastKnownFileType = sourcecode.swift; path = UIImageViewExtension.swift; sourceTree = "<group>"; };
		405B1A2B2602227B0070B4E6 /* CharacterMockData.swift */ = {isa = PBXFileReference; lastKnownFileType = sourcecode.swift; path = CharacterMockData.swift; sourceTree = "<group>"; };
		405B1A39260224190070B4E6 /* MockURLSession.swift */ = {isa = PBXFileReference; lastKnownFileType = sourcecode.swift; path = MockURLSession.swift; sourceTree = "<group>"; };
		405B1A41260224880070B4E6 /* MockURLSessionDataTask.swift */ = {isa = PBXFileReference; lastKnownFileType = sourcecode.swift; path = MockURLSessionDataTask.swift; sourceTree = "<group>"; };
		405B1A67260227DA0070B4E6 /* CharacterListInteractorTests.swift */ = {isa = PBXFileReference; lastKnownFileType = sourcecode.swift; path = CharacterListInteractorTests.swift; sourceTree = "<group>"; };
		40737A212604357700BDB218 /* FavoritesModels.swift */ = {isa = PBXFileReference; lastKnownFileType = sourcecode.swift; path = FavoritesModels.swift; sourceTree = "<group>"; };
		4081CFEA260124A800370EC7 /* FavoritesConfigurator.swift */ = {isa = PBXFileReference; lastKnownFileType = sourcecode.swift; path = FavoritesConfigurator.swift; sourceTree = "<group>"; };
		4081CFFA2601260600370EC7 /* FavoritesInteractor.swift */ = {isa = PBXFileReference; lastKnownFileType = sourcecode.swift; path = FavoritesInteractor.swift; sourceTree = "<group>"; };
		4081D0022601263C00370EC7 /* FavoritesPresenterInput.swift */ = {isa = PBXFileReference; lastKnownFileType = sourcecode.swift; path = FavoritesPresenterInput.swift; sourceTree = "<group>"; };
		4081D0112601307600370EC7 /* FavoritesView.swift */ = {isa = PBXFileReference; lastKnownFileType = sourcecode.swift; path = FavoritesView.swift; sourceTree = "<group>"; };
		4081D01F2601321C00370EC7 /* CharacterTableViewCell.swift */ = {isa = PBXFileReference; lastKnownFileType = sourcecode.swift; path = CharacterTableViewCell.swift; sourceTree = "<group>"; };
		4087A06025FBAAB600971174 /* MarvelApplication.app */ = {isa = PBXFileReference; explicitFileType = wrapper.application; includeInIndex = 0; path = MarvelApplication.app; sourceTree = BUILT_PRODUCTS_DIR; };
		4087A06325FBAAB600971174 /* AppDelegate.swift */ = {isa = PBXFileReference; lastKnownFileType = sourcecode.swift; path = AppDelegate.swift; sourceTree = "<group>"; };
		4087A06525FBAAB600971174 /* SceneDelegate.swift */ = {isa = PBXFileReference; lastKnownFileType = sourcecode.swift; path = SceneDelegate.swift; sourceTree = "<group>"; };
		4087A06F25FBAAB900971174 /* Assets.xcassets */ = {isa = PBXFileReference; lastKnownFileType = folder.assetcatalog; path = Assets.xcassets; sourceTree = "<group>"; };
		4087A07225FBAAB900971174 /* Base */ = {isa = PBXFileReference; lastKnownFileType = file.storyboard; name = Base; path = Base.lproj/LaunchScreen.storyboard; sourceTree = "<group>"; };
		4087A07425FBAAB900971174 /* Info.plist */ = {isa = PBXFileReference; lastKnownFileType = text.plist.xml; path = Info.plist; sourceTree = "<group>"; };
		40B5ABDC2603BEB900497271 /* CharacterProtocol.swift */ = {isa = PBXFileReference; lastKnownFileType = sourcecode.swift; path = CharacterProtocol.swift; sourceTree = "<group>"; };
		40B5ABE42603BFA100497271 /* CoreDataHandleError.swift */ = {isa = PBXFileReference; lastKnownFileType = sourcecode.swift; path = CoreDataHandleError.swift; sourceTree = "<group>"; };
		40B5ABEC2603C51900497271 /* CharacterStorageWorker.swift */ = {isa = PBXFileReference; lastKnownFileType = sourcecode.swift; path = CharacterStorageWorker.swift; sourceTree = "<group>"; };
		40C687DB26023C1400349373 /* CharacterServiceWorkTests.swift */ = {isa = PBXFileReference; lastKnownFileType = sourcecode.swift; path = CharacterServiceWorkTests.swift; sourceTree = "<group>"; };
		40C687EB26039DCE00349373 /* CoreDataStorage.xcdatamodel */ = {isa = PBXFileReference; lastKnownFileType = wrapper.xcdatamodel; path = CoreDataStorage.xcdatamodel; sourceTree = "<group>"; };
		40C687F326039F1200349373 /* CoreDataStack.swift */ = {isa = PBXFileReference; lastKnownFileType = sourcecode.swift; path = CoreDataStack.swift; sourceTree = "<group>"; };
		40C688032603A0A100349373 /* CharacterRepository.swift */ = {isa = PBXFileReference; lastKnownFileType = sourcecode.swift; path = CharacterRepository.swift; sourceTree = "<group>"; };
		40C6880C2603BBC900349373 /* CharacterCD+CoreDataClass.swift */ = {isa = PBXFileReference; lastKnownFileType = sourcecode.swift; path = "CharacterCD+CoreDataClass.swift"; sourceTree = "<group>"; };
		40C6880D2603BBC900349373 /* CharacterCD+CoreDataProperties.swift */ = {isa = PBXFileReference; lastKnownFileType = sourcecode.swift; path = "CharacterCD+CoreDataProperties.swift"; sourceTree = "<group>"; };
		40CE411425FFDE36007E9566 /* CharacterListView.swift */ = {isa = PBXFileReference; lastKnownFileType = sourcecode.swift; path = CharacterListView.swift; sourceTree = "<group>"; };
		40D94B45260054CD008DA631 /* CharacterDetailsViewController.swift */ = {isa = PBXFileReference; lastKnownFileType = sourcecode.swift; path = CharacterDetailsViewController.swift; sourceTree = "<group>"; };
		40D94B5326005544008DA631 /* CharacterDetailsModels.swift */ = {isa = PBXFileReference; lastKnownFileType = sourcecode.swift; path = CharacterDetailsModels.swift; sourceTree = "<group>"; };
		40D94B5B26005684008DA631 /* CharacterDetailsRouter.swift */ = {isa = PBXFileReference; lastKnownFileType = sourcecode.swift; path = CharacterDetailsRouter.swift; sourceTree = "<group>"; };
		40D94B63260056D2008DA631 /* CharacterDetailsInteractor.swift */ = {isa = PBXFileReference; lastKnownFileType = sourcecode.swift; path = CharacterDetailsInteractor.swift; sourceTree = "<group>"; };
		40D94B6B26005713008DA631 /* CharacterDetailsPresenter.swift */ = {isa = PBXFileReference; lastKnownFileType = sourcecode.swift; path = CharacterDetailsPresenter.swift; sourceTree = "<group>"; };
		40D94B73260057DA008DA631 /* CharacterDetailsConfigurator.swift */ = {isa = PBXFileReference; lastKnownFileType = sourcecode.swift; path = CharacterDetailsConfigurator.swift; sourceTree = "<group>"; };
		40D94B7C26005E65008DA631 /* CharacterDetailsView.swift */ = {isa = PBXFileReference; lastKnownFileType = sourcecode.swift; path = CharacterDetailsView.swift; sourceTree = "<group>"; };
		40DBC40825FFD75100C2B827 /* MD5.swift */ = {isa = PBXFileReference; lastKnownFileType = sourcecode.swift; path = MD5.swift; sourceTree = "<group>"; };
		40F4420D25FC2340002E02B7 /* Service.framework */ = {isa = PBXFileReference; explicitFileType = wrapper.framework; includeInIndex = 0; path = Service.framework; sourceTree = BUILT_PRODUCTS_DIR; };
		40F4420F25FC2340002E02B7 /* Service.h */ = {isa = PBXFileReference; lastKnownFileType = sourcecode.c.h; path = Service.h; sourceTree = "<group>"; };
		40F4421025FC2340002E02B7 /* Info.plist */ = {isa = PBXFileReference; lastKnownFileType = text.plist.xml; path = Info.plist; sourceTree = "<group>"; };
		40F4421525FC2340002E02B7 /* ServiceTests.xctest */ = {isa = PBXFileReference; explicitFileType = wrapper.cfbundle; includeInIndex = 0; path = ServiceTests.xctest; sourceTree = BUILT_PRODUCTS_DIR; };
		40F4421C25FC2340002E02B7 /* ServiceTests.swift */ = {isa = PBXFileReference; lastKnownFileType = sourcecode.swift; path = ServiceTests.swift; sourceTree = "<group>"; };
		40F4421E25FC2340002E02B7 /* Info.plist */ = {isa = PBXFileReference; lastKnownFileType = text.plist.xml; path = Info.plist; sourceTree = "<group>"; };
		40F4422D25FC23D7002E02B7 /* URLSessionDataTaskProtocol.swift */ = {isa = PBXFileReference; lastKnownFileType = sourcecode.swift; path = URLSessionDataTaskProtocol.swift; sourceTree = "<group>"; };
		40F4423125FC23F3002E02B7 /* URLSessionProtocol.swift */ = {isa = PBXFileReference; lastKnownFileType = sourcecode.swift; path = URLSessionProtocol.swift; sourceTree = "<group>"; };
		40F4423525FC245C002E02B7 /* ServiceProtocol.swift */ = {isa = PBXFileReference; lastKnownFileType = sourcecode.swift; path = ServiceProtocol.swift; sourceTree = "<group>"; };
		40F4423925FC24F0002E02B7 /* ServiceClient.swift */ = {isa = PBXFileReference; lastKnownFileType = sourcecode.swift; path = ServiceClient.swift; sourceTree = "<group>"; };
		40F4423D25FC2522002E02B7 /* ServiceHandleError.swift */ = {isa = PBXFileReference; lastKnownFileType = sourcecode.swift; path = ServiceHandleError.swift; sourceTree = "<group>"; };
		40F4424825FC262E002E02B7 /* Characters.framework */ = {isa = PBXFileReference; explicitFileType = wrapper.framework; includeInIndex = 0; path = Characters.framework; sourceTree = BUILT_PRODUCTS_DIR; };
		40F4424A25FC262F002E02B7 /* Characters.h */ = {isa = PBXFileReference; lastKnownFileType = sourcecode.c.h; path = Characters.h; sourceTree = "<group>"; };
		40F4424B25FC262F002E02B7 /* Info.plist */ = {isa = PBXFileReference; lastKnownFileType = text.plist.xml; path = Info.plist; sourceTree = "<group>"; };
		40F4425025FC262F002E02B7 /* CharactersTests.xctest */ = {isa = PBXFileReference; explicitFileType = wrapper.cfbundle; includeInIndex = 0; path = CharactersTests.xctest; sourceTree = BUILT_PRODUCTS_DIR; };
		40F4425725FC262F002E02B7 /* CharactersTests.swift */ = {isa = PBXFileReference; lastKnownFileType = sourcecode.swift; path = CharactersTests.swift; sourceTree = "<group>"; };
		40F4425925FC262F002E02B7 /* Info.plist */ = {isa = PBXFileReference; lastKnownFileType = text.plist.xml; path = Info.plist; sourceTree = "<group>"; };
		40F4427425FCF06E002E02B7 /* CharactersListViewController.swift */ = {isa = PBXFileReference; lastKnownFileType = sourcecode.swift; path = CharactersListViewController.swift; sourceTree = "<group>"; };
		40F4427A25FCF1F8002E02B7 /* CharactersListConfigurator.swift */ = {isa = PBXFileReference; lastKnownFileType = sourcecode.swift; path = CharactersListConfigurator.swift; sourceTree = "<group>"; };
		40F4428025FCF23F002E02B7 /* CharactersListInteractor.swift */ = {isa = PBXFileReference; lastKnownFileType = sourcecode.swift; path = CharactersListInteractor.swift; sourceTree = "<group>"; };
		40F4428625FCF295002E02B7 /* CharactersListPresenter.swift */ = {isa = PBXFileReference; lastKnownFileType = sourcecode.swift; path = CharactersListPresenter.swift; sourceTree = "<group>"; };
		40F4428C25FCF3BD002E02B7 /* CharactersListRouter.swift */ = {isa = PBXFileReference; lastKnownFileType = sourcecode.swift; path = CharactersListRouter.swift; sourceTree = "<group>"; };
		40F4429625FCF809002E02B7 /* AppFlowCoordinator.swift */ = {isa = PBXFileReference; lastKnownFileType = sourcecode.swift; path = AppFlowCoordinator.swift; sourceTree = "<group>"; };
		40F442A725FCFA52002E02B7 /* CharacterProvider.swift */ = {isa = PBXFileReference; lastKnownFileType = sourcecode.swift; path = CharacterProvider.swift; sourceTree = "<group>"; };
		40F442AD25FCFAF4002E02B7 /* CharacterBaseParameters.swift */ = {isa = PBXFileReference; lastKnownFileType = sourcecode.swift; path = CharacterBaseParameters.swift; sourceTree = "<group>"; };
		40F442B325FCFF0F002E02B7 /* CharacterWorker.swift */ = {isa = PBXFileReference; lastKnownFileType = sourcecode.swift; path = CharacterWorker.swift; sourceTree = "<group>"; };
		40F442BA25FD03DC002E02B7 /* Marvel.swift */ = {isa = PBXFileReference; lastKnownFileType = sourcecode.swift; path = Marvel.swift; sourceTree = "<group>"; };
		40F442C025FD0A86002E02B7 /* CharactersListModels.swift */ = {isa = PBXFileReference; lastKnownFileType = sourcecode.swift; path = CharactersListModels.swift; sourceTree = "<group>"; };
		4B523559536069271CB11BF9 /* Pods-MarvelUI-MarvelUITests.debug.xcconfig */ = {isa = PBXFileReference; includeInIndex = 1; lastKnownFileType = text.xcconfig; name = "Pods-MarvelUI-MarvelUITests.debug.xcconfig"; path = "Target Support Files/Pods-MarvelUI-MarvelUITests/Pods-MarvelUI-MarvelUITests.debug.xcconfig"; sourceTree = "<group>"; };
		562399418E4B0C3665401B59 /* Pods-MarvelUI.debug.xcconfig */ = {isa = PBXFileReference; includeInIndex = 1; lastKnownFileType = text.xcconfig; name = "Pods-MarvelUI.debug.xcconfig"; path = "Target Support Files/Pods-MarvelUI/Pods-MarvelUI.debug.xcconfig"; sourceTree = "<group>"; };
		59B1D4CFDAA73BE4CE19FF9C /* Pods_Service_ServiceTests.framework */ = {isa = PBXFileReference; explicitFileType = wrapper.framework; includeInIndex = 0; path = Pods_Service_ServiceTests.framework; sourceTree = BUILT_PRODUCTS_DIR; };
		5F01BCAD9C4091D1D48841DA /* Pods_MarvelUI.framework */ = {isa = PBXFileReference; explicitFileType = wrapper.framework; includeInIndex = 0; path = Pods_MarvelUI.framework; sourceTree = BUILT_PRODUCTS_DIR; };
		668F956E717CC4EB9FBC872B /* Pods_Service.framework */ = {isa = PBXFileReference; explicitFileType = wrapper.framework; includeInIndex = 0; path = Pods_Service.framework; sourceTree = BUILT_PRODUCTS_DIR; };
		7CA2A22B6023B23F36DACAE7 /* Pods-MarvelApplication.release.xcconfig */ = {isa = PBXFileReference; includeInIndex = 1; lastKnownFileType = text.xcconfig; name = "Pods-MarvelApplication.release.xcconfig"; path = "Target Support Files/Pods-MarvelApplication/Pods-MarvelApplication.release.xcconfig"; sourceTree = "<group>"; };
		A049F47D062922291F5432EC /* Pods-Service.release.xcconfig */ = {isa = PBXFileReference; includeInIndex = 1; lastKnownFileType = text.xcconfig; name = "Pods-Service.release.xcconfig"; path = "Target Support Files/Pods-Service/Pods-Service.release.xcconfig"; sourceTree = "<group>"; };
		A66B2A51E46EBD4F0E9843D4 /* Pods-MarvelUI.release.xcconfig */ = {isa = PBXFileReference; includeInIndex = 1; lastKnownFileType = text.xcconfig; name = "Pods-MarvelUI.release.xcconfig"; path = "Target Support Files/Pods-MarvelUI/Pods-MarvelUI.release.xcconfig"; sourceTree = "<group>"; };
		ABC08720D0A5DF9DEABF0156 /* Pods_Characters.framework */ = {isa = PBXFileReference; explicitFileType = wrapper.framework; includeInIndex = 0; path = Pods_Characters.framework; sourceTree = BUILT_PRODUCTS_DIR; };
		BC2F115DCEE1D8CBB0B6208E /* Pods-Characters-CharactersTests.release.xcconfig */ = {isa = PBXFileReference; includeInIndex = 1; lastKnownFileType = text.xcconfig; name = "Pods-Characters-CharactersTests.release.xcconfig"; path = "Target Support Files/Pods-Characters-CharactersTests/Pods-Characters-CharactersTests.release.xcconfig"; sourceTree = "<group>"; };
		CAA01C6635B4137D2FEDAFC2 /* Pods-Service-ServiceTests.debug.xcconfig */ = {isa = PBXFileReference; includeInIndex = 1; lastKnownFileType = text.xcconfig; name = "Pods-Service-ServiceTests.debug.xcconfig"; path = "Target Support Files/Pods-Service-ServiceTests/Pods-Service-ServiceTests.debug.xcconfig"; sourceTree = "<group>"; };
		D68C8FB6F9F153373884E150 /* Pods-Service.debug.xcconfig */ = {isa = PBXFileReference; includeInIndex = 1; lastKnownFileType = text.xcconfig; name = "Pods-Service.debug.xcconfig"; path = "Target Support Files/Pods-Service/Pods-Service.debug.xcconfig"; sourceTree = "<group>"; };
		DCC8793773225E78C88CB9FE /* Pods-MarvelUI-MarvelUITests.release.xcconfig */ = {isa = PBXFileReference; includeInIndex = 1; lastKnownFileType = text.xcconfig; name = "Pods-MarvelUI-MarvelUITests.release.xcconfig"; path = "Target Support Files/Pods-MarvelUI-MarvelUITests/Pods-MarvelUI-MarvelUITests.release.xcconfig"; sourceTree = "<group>"; };
		E64649B0893F3C9DD59C208B /* Pods_MarvelUI_MarvelUITests.framework */ = {isa = PBXFileReference; explicitFileType = wrapper.framework; includeInIndex = 0; path = Pods_MarvelUI_MarvelUITests.framework; sourceTree = BUILT_PRODUCTS_DIR; };
		EF2D1AFC7AF5DFA0CC3FD23E /* Pods-Characters-CharactersTests.debug.xcconfig */ = {isa = PBXFileReference; includeInIndex = 1; lastKnownFileType = text.xcconfig; name = "Pods-Characters-CharactersTests.debug.xcconfig"; path = "Target Support Files/Pods-Characters-CharactersTests/Pods-Characters-CharactersTests.debug.xcconfig"; sourceTree = "<group>"; };
		F1C002EBA0B50689CAF6B8EE /* Pods-Service-ServiceTests.release.xcconfig */ = {isa = PBXFileReference; includeInIndex = 1; lastKnownFileType = text.xcconfig; name = "Pods-Service-ServiceTests.release.xcconfig"; path = "Target Support Files/Pods-Service-ServiceTests/Pods-Service-ServiceTests.release.xcconfig"; sourceTree = "<group>"; };
		FD8DABC62ACED72138639023 /* Pods-Characters.debug.xcconfig */ = {isa = PBXFileReference; includeInIndex = 1; lastKnownFileType = text.xcconfig; name = "Pods-Characters.debug.xcconfig"; path = "Target Support Files/Pods-Characters/Pods-Characters.debug.xcconfig"; sourceTree = "<group>"; };
/* End PBXFileReference section */

/* Begin PBXFrameworksBuildPhase section */
		4041127626001507009D5E3B /* Frameworks */ = {
			isa = PBXFrameworksBuildPhase;
			buildActionMask = 2147483647;
			files = (
				786E00FA5B1DD04B3BC76985 /* Pods_MarvelUI.framework in Frameworks */,
			);
			runOnlyForDeploymentPostprocessing = 0;
		};
		4041127E26001507009D5E3B /* Frameworks */ = {
			isa = PBXFrameworksBuildPhase;
			buildActionMask = 2147483647;
			files = (
				4041128226001507009D5E3B /* MarvelUI.framework in Frameworks */,
				295129E95576FB9EAC9E542E /* Pods_MarvelUI_MarvelUITests.framework in Frameworks */,
			);
			runOnlyForDeploymentPostprocessing = 0;
		};
		4087A05D25FBAAB600971174 /* Frameworks */ = {
			isa = PBXFrameworksBuildPhase;
			buildActionMask = 2147483647;
			files = (
				40F4425D25FC262F002E02B7 /* Characters.framework in Frameworks */,
				40F4422225FC2340002E02B7 /* Service.framework in Frameworks */,
				4041128E26001507009D5E3B /* MarvelUI.framework in Frameworks */,
				D559E6F510B56AECE84710E6 /* Pods_MarvelApplication.framework in Frameworks */,
			);
			runOnlyForDeploymentPostprocessing = 0;
		};
		40F4420A25FC2340002E02B7 /* Frameworks */ = {
			isa = PBXFrameworksBuildPhase;
			buildActionMask = 2147483647;
			files = (
				D6AE7D773AA031D0A930381B /* Pods_Service.framework in Frameworks */,
			);
			runOnlyForDeploymentPostprocessing = 0;
		};
		40F4421225FC2340002E02B7 /* Frameworks */ = {
			isa = PBXFrameworksBuildPhase;
			buildActionMask = 2147483647;
			files = (
				40F4421625FC2340002E02B7 /* Service.framework in Frameworks */,
				8FB6A60152366DB35CB72B0A /* Pods_Service_ServiceTests.framework in Frameworks */,
			);
			runOnlyForDeploymentPostprocessing = 0;
		};
		40F4424525FC262E002E02B7 /* Frameworks */ = {
			isa = PBXFrameworksBuildPhase;
			buildActionMask = 2147483647;
			files = (
				729B1BB437B6FD78BADD9BBF /* Pods_Characters.framework in Frameworks */,
			);
			runOnlyForDeploymentPostprocessing = 0;
		};
		40F4424D25FC262F002E02B7 /* Frameworks */ = {
			isa = PBXFrameworksBuildPhase;
			buildActionMask = 2147483647;
			files = (
				40F4425125FC262F002E02B7 /* Characters.framework in Frameworks */,
				FAA1841250941FDA804BD886 /* Pods_Characters_CharactersTests.framework in Frameworks */,
			);
			runOnlyForDeploymentPostprocessing = 0;
		};
/* End PBXFrameworksBuildPhase section */

/* Begin PBXGroup section */
		401DF056260135F4004A200E /* DataSource */ = {
			isa = PBXGroup;
			children = (
				401DF05826013665004A200E /* CharacterTableViewDataSource.swift */,
			);
			path = DataSource;
			sourceTree = "<group>";
		};
		401DF057260135F9004A200E /* Delegatee */ = {
			isa = PBXGroup;
			children = (
			);
			path = Delegatee;
			sourceTree = "<group>";
		};
		4021D1F6260123B800F9E351 /* Favorites */ = {
			isa = PBXGroup;
			children = (
				401DF057260135F9004A200E /* Delegatee */,
				401DF056260135F4004A200E /* DataSource */,
				4081D0102601306600370EC7 /* UI */,
				4021D1F7260123D800F9E351 /* FavoritesViewController.swift */,
				4081CFEA260124A800370EC7 /* FavoritesConfigurator.swift */,
				4081CFFA2601260600370EC7 /* FavoritesInteractor.swift */,
				4081D0022601263C00370EC7 /* FavoritesPresenterInput.swift */,
				40737A212604357700BDB218 /* FavoritesModels.swift */,
			);
			path = Favorites;
			sourceTree = "<group>";
		};
		4041120925FFE278009D5E3B /* UI */ = {
			isa = PBXGroup;
			children = (
				40CE411425FFDE36007E9566 /* CharacterListView.swift */,
				4041120A25FFE2A0009D5E3B /* CharacterCollectionViewCell.swift */,
			);
			path = UI;
			sourceTree = "<group>";
		};
		4041121A25FFE50E009D5E3B /* DataSource */ = {
			isa = PBXGroup;
			children = (
				4041121C25FFE532009D5E3B /* CharacterCollectionViewDataSource.swift */,
			);
			path = DataSource;
			sourceTree = "<group>";
		};
		4041123026000150009D5E3B /* Delegate */ = {
			isa = PBXGroup;
			children = (
				404112312600016B009D5E3B /* CharacterCollectionViewDelegate.swift */,
			);
			path = Delegate;
			sourceTree = "<group>";
		};
		4041127A26001507009D5E3B /* MarvelUI */ = {
			isa = PBXGroup;
			children = (
				40C62C592601175200773656 /* Color */,
				4041129C2600152D009D5E3B /* ViewCode */,
				4041127B26001507009D5E3B /* MarvelUI.h */,
				4041127C26001507009D5E3B /* Info.plist */,
			);
			path = MarvelUI;
			sourceTree = "<group>";
		};
		4041128726001507009D5E3B /* MarvelUITests */ = {
			isa = PBXGroup;
			children = (
				4041128826001507009D5E3B /* MarvelUITests.swift */,
				4041128A26001507009D5E3B /* Info.plist */,
			);
			path = MarvelUITests;
			sourceTree = "<group>";
		};
		4041129C2600152D009D5E3B /* ViewCode */ = {
			isa = PBXGroup;
			children = (
				4041129D2600153D009D5E3B /* ViewCodable.swift */,
				404112A52600161E009D5E3B /* UIViewExtension.swift */,
			);
			path = ViewCode;
			sourceTree = "<group>";
		};
		405B1A292602206B0070B4E6 /* CharactersServiceTests */ = {
			isa = PBXGroup;
			children = (
				405B1A2A260222650070B4E6 /* Mock */,
				405B1A67260227DA0070B4E6 /* CharacterListInteractorTests.swift */,
				40C687DB26023C1400349373 /* CharacterServiceWorkTests.swift */,
			);
			path = CharactersServiceTests;
			sourceTree = "<group>";
		};
		405B1A2A260222650070B4E6 /* Mock */ = {
			isa = PBXGroup;
			children = (
				405B1A41260224880070B4E6 /* MockURLSessionDataTask.swift */,
				405B1A39260224190070B4E6 /* MockURLSession.swift */,
				405B1A2B2602227B0070B4E6 /* CharacterMockData.swift */,
			);
			path = Mock;
			sourceTree = "<group>";
		};
		4081D0102601306600370EC7 /* UI */ = {
			isa = PBXGroup;
			children = (
				4081D0112601307600370EC7 /* FavoritesView.swift */,
				4081D01F2601321C00370EC7 /* CharacterTableViewCell.swift */,
			);
			path = UI;
			sourceTree = "<group>";
		};
		4087A05725FBAAB600971174 = {
			isa = PBXGroup;
			children = (
				4087A06225FBAAB600971174 /* MarvelApplication */,
				40F4420E25FC2340002E02B7 /* Service */,
				40F4421B25FC2340002E02B7 /* ServiceTests */,
				40F4424925FC262F002E02B7 /* Characters */,
				40F4425625FC262F002E02B7 /* CharactersTests */,
				4041127A26001507009D5E3B /* MarvelUI */,
				4041128726001507009D5E3B /* MarvelUITests */,
				4087A06125FBAAB600971174 /* Products */,
				743F6D6E0BB6A98F3B02490B /* Pods */,
				69E4738923BEAE5B0D9B865F /* Frameworks */,
			);
			sourceTree = "<group>";
		};
		4087A06125FBAAB600971174 /* Products */ = {
			isa = PBXGroup;
			children = (
				4087A06025FBAAB600971174 /* MarvelApplication.app */,
				40F4420D25FC2340002E02B7 /* Service.framework */,
				40F4421525FC2340002E02B7 /* ServiceTests.xctest */,
				40F4424825FC262E002E02B7 /* Characters.framework */,
				40F4425025FC262F002E02B7 /* CharactersTests.xctest */,
				4041127926001507009D5E3B /* MarvelUI.framework */,
				4041128126001507009D5E3B /* MarvelUITests.xctest */,
			);
			name = Products;
			sourceTree = "<group>";
		};
		4087A06225FBAAB600971174 /* MarvelApplication */ = {
			isa = PBXGroup;
			children = (
				4087A07C25FBAAE400971174 /* Application */,
				4087A07425FBAAB900971174 /* Info.plist */,
			);
			path = MarvelApplication;
			sourceTree = "<group>";
		};
		4087A07C25FBAAE400971174 /* Application */ = {
			isa = PBXGroup;
			children = (
				4087A07D25FBAAF400971174 /* Core */,
				4087A07E25FBAAF900971174 /* Configuration */,
				4087A07F25FBAB0200971174 /* Resources */,
			);
			path = Application;
			sourceTree = "<group>";
		};
		4087A07D25FBAAF400971174 /* Core */ = {
			isa = PBXGroup;
			children = (
				40F4429625FCF809002E02B7 /* AppFlowCoordinator.swift */,
			);
			path = Core;
			sourceTree = "<group>";
		};
		4087A07E25FBAAF900971174 /* Configuration */ = {
			isa = PBXGroup;
			children = (
				4087A06325FBAAB600971174 /* AppDelegate.swift */,
				4087A06525FBAAB600971174 /* SceneDelegate.swift */,
			);
			path = Configuration;
			sourceTree = "<group>";
		};
		4087A07F25FBAB0200971174 /* Resources */ = {
			isa = PBXGroup;
			children = (
				4087A07125FBAAB900971174 /* LaunchScreen.storyboard */,
				4087A06F25FBAAB900971174 /* Assets.xcassets */,
			);
			path = Resources;
			sourceTree = "<group>";
		};
		409699982603BD2D00BA7A4A /* Repository */ = {
			isa = PBXGroup;
			children = (
				40C688032603A0A100349373 /* CharacterRepository.swift */,
			);
			path = Repository;
			sourceTree = "<group>";
		};
		40C62C592601175200773656 /* Color */ = {
			isa = PBXGroup;
			children = (
			);
			path = Color;
			sourceTree = "<group>";
		};
		40C687E926039D8900349373 /* Storage */ = {
			isa = PBXGroup;
			children = (
				409699982603BD2D00BA7A4A /* Repository */,
				40C6880B2603BB9100349373 /* CoraDataStorage */,
			);
			path = Storage;
			sourceTree = "<group>";
		};
		40C6880B2603BB9100349373 /* CoraDataStorage */ = {
			isa = PBXGroup;
			children = (
				40C6880C2603BBC900349373 /* CharacterCD+CoreDataClass.swift */,
				40C6880D2603BBC900349373 /* CharacterCD+CoreDataProperties.swift */,
				40C687F326039F1200349373 /* CoreDataStack.swift */,
				40C687EA26039DCE00349373 /* CoreDataStorage.xcdatamodeld */,
				40B5ABE42603BFA100497271 /* CoreDataHandleError.swift */,
			);
			path = CoraDataStorage;
			sourceTree = "<group>";
		};
		40D94B7B26005E59008DA631 /* UI */ = {
			isa = PBXGroup;
			children = (
				40D94B7C26005E65008DA631 /* CharacterDetailsView.swift */,
			);
			path = UI;
			sourceTree = "<group>";
		};
		40DBC40725FFD73F00C2B827 /* Helpers */ = {
			isa = PBXGroup;
			children = (
				40DBC40825FFD75100C2B827 /* MD5.swift */,
				4041121425FFE2B6009D5E3B /* Identifiable.swift */,
				4052DF3B260032C100FB5187 /* UIImageViewExtension.swift */,
			);
			path = Helpers;
			sourceTree = "<group>";
		};
		40F4420E25FC2340002E02B7 /* Service */ = {
			isa = PBXGroup;
			children = (
				40F4420F25FC2340002E02B7 /* Service.h */,
				40F4421025FC2340002E02B7 /* Info.plist */,
				40F4422D25FC23D7002E02B7 /* URLSessionDataTaskProtocol.swift */,
				40F4423125FC23F3002E02B7 /* URLSessionProtocol.swift */,
				40F4423525FC245C002E02B7 /* ServiceProtocol.swift */,
				40F4423925FC24F0002E02B7 /* ServiceClient.swift */,
				40F4423D25FC2522002E02B7 /* ServiceHandleError.swift */,
			);
			path = Service;
			sourceTree = "<group>";
		};
		40F4421B25FC2340002E02B7 /* ServiceTests */ = {
			isa = PBXGroup;
			children = (
				40F4421C25FC2340002E02B7 /* ServiceTests.swift */,
				40F4421E25FC2340002E02B7 /* Info.plist */,
			);
			path = ServiceTests;
			sourceTree = "<group>";
		};
		40F4424925FC262F002E02B7 /* Characters */ = {
			isa = PBXGroup;
			children = (
				40C687E926039D8900349373 /* Storage */,
				40F442A425FCFA01002E02B7 /* CharactersService */,
				40F442B925FD03CF002E02B7 /* Models */,
				40DBC40725FFD73F00C2B827 /* Helpers */,
				40F4426925FC263D002E02B7 /* Scenes */,
				40F4424A25FC262F002E02B7 /* Characters.h */,
				40F4424B25FC262F002E02B7 /* Info.plist */,
			);
			path = Characters;
			sourceTree = "<group>";
		};
		40F4425625FC262F002E02B7 /* CharactersTests */ = {
			isa = PBXGroup;
			children = (
				405B1A292602206B0070B4E6 /* CharactersServiceTests */,
				40F4425725FC262F002E02B7 /* CharactersTests.swift */,
				40F4425925FC262F002E02B7 /* Info.plist */,
			);
			path = CharactersTests;
			sourceTree = "<group>";
		};
		40F4426925FC263D002E02B7 /* Scenes */ = {
			isa = PBXGroup;
			children = (
				4021D1F6260123B800F9E351 /* Favorites */,
				40F4426B25FC2653002E02B7 /* CharacterDetails */,
				40F4426A25FC2643002E02B7 /* CharacterList */,
			);
			path = Scenes;
			sourceTree = "<group>";
		};
		40F4426A25FC2643002E02B7 /* CharacterList */ = {
			isa = PBXGroup;
			children = (
				4041123026000150009D5E3B /* Delegate */,
				4041121A25FFE50E009D5E3B /* DataSource */,
				4041120925FFE278009D5E3B /* UI */,
				40F4427425FCF06E002E02B7 /* CharactersListViewController.swift */,
				40F4427A25FCF1F8002E02B7 /* CharactersListConfigurator.swift */,
				40F4428025FCF23F002E02B7 /* CharactersListInteractor.swift */,
				40F4428625FCF295002E02B7 /* CharactersListPresenter.swift */,
				40F4428C25FCF3BD002E02B7 /* CharactersListRouter.swift */,
				40F442C025FD0A86002E02B7 /* CharactersListModels.swift */,
			);
			path = CharacterList;
			sourceTree = "<group>";
		};
		40F4426B25FC2653002E02B7 /* CharacterDetails */ = {
			isa = PBXGroup;
			children = (
				40D94B7B26005E59008DA631 /* UI */,
				40D94B45260054CD008DA631 /* CharacterDetailsViewController.swift */,
				40D94B5326005544008DA631 /* CharacterDetailsModels.swift */,
				40D94B5B26005684008DA631 /* CharacterDetailsRouter.swift */,
				40D94B63260056D2008DA631 /* CharacterDetailsInteractor.swift */,
				40D94B6B26005713008DA631 /* CharacterDetailsPresenter.swift */,
				40D94B73260057DA008DA631 /* CharacterDetailsConfigurator.swift */,
			);
			path = CharacterDetails;
			sourceTree = "<group>";
		};
		40F442A425FCFA01002E02B7 /* CharactersService */ = {
			isa = PBXGroup;
			children = (
				40F442A625FCFA27002E02B7 /* Providers */,
				40F442A525FCFA1E002E02B7 /* Workers */,
				40F442AD25FCFAF4002E02B7 /* CharacterBaseParameters.swift */,
			);
			path = CharactersService;
			sourceTree = "<group>";
		};
		40F442A525FCFA1E002E02B7 /* Workers */ = {
			isa = PBXGroup;
			children = (
				40F442B325FCFF0F002E02B7 /* CharacterWorker.swift */,
				40B5ABEC2603C51900497271 /* CharacterStorageWorker.swift */,
			);
			path = Workers;
			sourceTree = "<group>";
		};
		40F442A625FCFA27002E02B7 /* Providers */ = {
			isa = PBXGroup;
			children = (
				40F442A725FCFA52002E02B7 /* CharacterProvider.swift */,
			);
			path = Providers;
			sourceTree = "<group>";
		};
		40F442B925FD03CF002E02B7 /* Models */ = {
			isa = PBXGroup;
			children = (
				40F442BA25FD03DC002E02B7 /* Marvel.swift */,
				40B5ABDC2603BEB900497271 /* CharacterProtocol.swift */,
			);
			path = Models;
			sourceTree = "<group>";
		};
		69E4738923BEAE5B0D9B865F /* Frameworks */ = {
			isa = PBXGroup;
			children = (
				ABC08720D0A5DF9DEABF0156 /* Pods_Characters.framework */,
				36433C6C21CA11B859587F14 /* Pods_Characters_CharactersTests.framework */,
				3F4B676EB5CE52BFF905DF68 /* Pods_MarvelApplication.framework */,
				5F01BCAD9C4091D1D48841DA /* Pods_MarvelUI.framework */,
				E64649B0893F3C9DD59C208B /* Pods_MarvelUI_MarvelUITests.framework */,
				668F956E717CC4EB9FBC872B /* Pods_Service.framework */,
				59B1D4CFDAA73BE4CE19FF9C /* Pods_Service_ServiceTests.framework */,
			);
			name = Frameworks;
			sourceTree = "<group>";
		};
		743F6D6E0BB6A98F3B02490B /* Pods */ = {
			isa = PBXGroup;
			children = (
				FD8DABC62ACED72138639023 /* Pods-Characters.debug.xcconfig */,
				1F2BA8EB4DC5213D1D6EA2A8 /* Pods-Characters.release.xcconfig */,
				EF2D1AFC7AF5DFA0CC3FD23E /* Pods-Characters-CharactersTests.debug.xcconfig */,
				BC2F115DCEE1D8CBB0B6208E /* Pods-Characters-CharactersTests.release.xcconfig */,
				2AFD78F7FBB9AF8A8B36053F /* Pods-MarvelApplication.debug.xcconfig */,
				7CA2A22B6023B23F36DACAE7 /* Pods-MarvelApplication.release.xcconfig */,
				562399418E4B0C3665401B59 /* Pods-MarvelUI.debug.xcconfig */,
				A66B2A51E46EBD4F0E9843D4 /* Pods-MarvelUI.release.xcconfig */,
				4B523559536069271CB11BF9 /* Pods-MarvelUI-MarvelUITests.debug.xcconfig */,
				DCC8793773225E78C88CB9FE /* Pods-MarvelUI-MarvelUITests.release.xcconfig */,
				D68C8FB6F9F153373884E150 /* Pods-Service.debug.xcconfig */,
				A049F47D062922291F5432EC /* Pods-Service.release.xcconfig */,
				CAA01C6635B4137D2FEDAFC2 /* Pods-Service-ServiceTests.debug.xcconfig */,
				F1C002EBA0B50689CAF6B8EE /* Pods-Service-ServiceTests.release.xcconfig */,
			);
			path = Pods;
			sourceTree = "<group>";
		};
/* End PBXGroup section */

/* Begin PBXHeadersBuildPhase section */
		4041127426001507009D5E3B /* Headers */ = {
			isa = PBXHeadersBuildPhase;
			buildActionMask = 2147483647;
			files = (
				4041128B26001507009D5E3B /* MarvelUI.h in Headers */,
			);
			runOnlyForDeploymentPostprocessing = 0;
		};
		40F4420825FC2340002E02B7 /* Headers */ = {
			isa = PBXHeadersBuildPhase;
			buildActionMask = 2147483647;
			files = (
				40F4421F25FC2340002E02B7 /* Service.h in Headers */,
			);
			runOnlyForDeploymentPostprocessing = 0;
		};
		40F4424325FC262E002E02B7 /* Headers */ = {
			isa = PBXHeadersBuildPhase;
			buildActionMask = 2147483647;
			files = (
				40F4425A25FC262F002E02B7 /* Characters.h in Headers */,
			);
			runOnlyForDeploymentPostprocessing = 0;
		};
/* End PBXHeadersBuildPhase section */

/* Begin PBXNativeTarget section */
		4041127826001507009D5E3B /* MarvelUI */ = {
			isa = PBXNativeTarget;
			buildConfigurationList = 4041129426001507009D5E3B /* Build configuration list for PBXNativeTarget "MarvelUI" */;
			buildPhases = (
				EA4B463E2F39A5B9A8494EC4 /* [CP] Check Pods Manifest.lock */,
				4041127426001507009D5E3B /* Headers */,
				4041127526001507009D5E3B /* Sources */,
				4041127626001507009D5E3B /* Frameworks */,
				4041127726001507009D5E3B /* Resources */,
			);
			buildRules = (
			);
			dependencies = (
			);
			name = MarvelUI;
			productName = MarvelUI;
			productReference = 4041127926001507009D5E3B /* MarvelUI.framework */;
			productType = "com.apple.product-type.framework";
		};
		4041128026001507009D5E3B /* MarvelUITests */ = {
			isa = PBXNativeTarget;
			buildConfigurationList = 4041129526001507009D5E3B /* Build configuration list for PBXNativeTarget "MarvelUITests" */;
			buildPhases = (
				4CF5E6728CA0D500921642DD /* [CP] Check Pods Manifest.lock */,
				4041127D26001507009D5E3B /* Sources */,
				4041127E26001507009D5E3B /* Frameworks */,
				4041127F26001507009D5E3B /* Resources */,
			);
			buildRules = (
			);
			dependencies = (
				4041128426001507009D5E3B /* PBXTargetDependency */,
				4041128626001507009D5E3B /* PBXTargetDependency */,
			);
			name = MarvelUITests;
			productName = MarvelUITests;
			productReference = 4041128126001507009D5E3B /* MarvelUITests.xctest */;
			productType = "com.apple.product-type.bundle.unit-test";
		};
		4087A05F25FBAAB600971174 /* MarvelApplication */ = {
			isa = PBXNativeTarget;
			buildConfigurationList = 4087A07725FBAAB900971174 /* Build configuration list for PBXNativeTarget "MarvelApplication" */;
			buildPhases = (
				A683EEACDE452C0CCE4B0FD3 /* [CP] Check Pods Manifest.lock */,
				4087A05C25FBAAB600971174 /* Sources */,
				4087A05D25FBAAB600971174 /* Frameworks */,
				4087A05E25FBAAB600971174 /* Resources */,
				40F4422425FC2340002E02B7 /* Embed Frameworks */,
				5155DE5D6B005C6CDBFA8E90 /* [CP] Embed Pods Frameworks */,
			);
			buildRules = (
			);
			dependencies = (
				40F4422125FC2340002E02B7 /* PBXTargetDependency */,
				40F4425C25FC262F002E02B7 /* PBXTargetDependency */,
				4041128D26001507009D5E3B /* PBXTargetDependency */,
			);
			name = MarvelApplication;
			productName = MarvelApplication;
			productReference = 4087A06025FBAAB600971174 /* MarvelApplication.app */;
			productType = "com.apple.product-type.application";
		};
		40F4420C25FC2340002E02B7 /* Service */ = {
			isa = PBXNativeTarget;
			buildConfigurationList = 40F4422925FC2340002E02B7 /* Build configuration list for PBXNativeTarget "Service" */;
			buildPhases = (
				D632DAA634BC262203AC3C1B /* [CP] Check Pods Manifest.lock */,
				40F4420825FC2340002E02B7 /* Headers */,
				40F4420925FC2340002E02B7 /* Sources */,
				40F4420A25FC2340002E02B7 /* Frameworks */,
				40F4420B25FC2340002E02B7 /* Resources */,
			);
			buildRules = (
			);
			dependencies = (
			);
			name = Service;
			productName = Service;
			productReference = 40F4420D25FC2340002E02B7 /* Service.framework */;
			productType = "com.apple.product-type.framework";
		};
		40F4421425FC2340002E02B7 /* ServiceTests */ = {
			isa = PBXNativeTarget;
			buildConfigurationList = 40F4422A25FC2340002E02B7 /* Build configuration list for PBXNativeTarget "ServiceTests" */;
			buildPhases = (
				80FD20FF82D4347A7CE86DF7 /* [CP] Check Pods Manifest.lock */,
				40F4421125FC2340002E02B7 /* Sources */,
				40F4421225FC2340002E02B7 /* Frameworks */,
				40F4421325FC2340002E02B7 /* Resources */,
			);
			buildRules = (
			);
			dependencies = (
				40F4421825FC2340002E02B7 /* PBXTargetDependency */,
				40F4421A25FC2340002E02B7 /* PBXTargetDependency */,
			);
			name = ServiceTests;
			productName = ServiceTests;
			productReference = 40F4421525FC2340002E02B7 /* ServiceTests.xctest */;
			productType = "com.apple.product-type.bundle.unit-test";
		};
		40F4424725FC262E002E02B7 /* Characters */ = {
			isa = PBXNativeTarget;
			buildConfigurationList = 40F4426325FC262F002E02B7 /* Build configuration list for PBXNativeTarget "Characters" */;
			buildPhases = (
				1468D5FEF157D9DB16BCC2B4 /* [CP] Check Pods Manifest.lock */,
				40F4424325FC262E002E02B7 /* Headers */,
				40F4424425FC262E002E02B7 /* Sources */,
				40F4424525FC262E002E02B7 /* Frameworks */,
				40F4424625FC262E002E02B7 /* Resources */,
			);
			buildRules = (
			);
			dependencies = (
			);
			name = Characters;
			productName = Characters;
			productReference = 40F4424825FC262E002E02B7 /* Characters.framework */;
			productType = "com.apple.product-type.framework";
		};
		40F4424F25FC262F002E02B7 /* CharactersTests */ = {
			isa = PBXNativeTarget;
			buildConfigurationList = 40F4426425FC262F002E02B7 /* Build configuration list for PBXNativeTarget "CharactersTests" */;
			buildPhases = (
				E22946415FB24C0E6441CBE8 /* [CP] Check Pods Manifest.lock */,
				40F4424C25FC262F002E02B7 /* Sources */,
				40F4424D25FC262F002E02B7 /* Frameworks */,
				40F4424E25FC262F002E02B7 /* Resources */,
				40E2DD2C86CD83B9BBC4F554 /* [CP] Embed Pods Frameworks */,
			);
			buildRules = (
			);
			dependencies = (
				40F4425325FC262F002E02B7 /* PBXTargetDependency */,
				40F4425525FC262F002E02B7 /* PBXTargetDependency */,
			);
			name = CharactersTests;
			productName = CharactersTests;
			productReference = 40F4425025FC262F002E02B7 /* CharactersTests.xctest */;
			productType = "com.apple.product-type.bundle.unit-test";
		};
/* End PBXNativeTarget section */

/* Begin PBXProject section */
		4087A05825FBAAB600971174 /* Project object */ = {
			isa = PBXProject;
			attributes = {
				LastSwiftUpdateCheck = 1220;
				LastUpgradeCheck = 1220;
				TargetAttributes = {
					4041127826001507009D5E3B = {
						CreatedOnToolsVersion = 12.2;
						LastSwiftMigration = 1220;
					};
					4041128026001507009D5E3B = {
						CreatedOnToolsVersion = 12.2;
						TestTargetID = 4087A05F25FBAAB600971174;
					};
					4087A05F25FBAAB600971174 = {
						CreatedOnToolsVersion = 12.2;
					};
					40F4420C25FC2340002E02B7 = {
						CreatedOnToolsVersion = 12.2;
						LastSwiftMigration = 1220;
					};
					40F4421425FC2340002E02B7 = {
						CreatedOnToolsVersion = 12.2;
						TestTargetID = 4087A05F25FBAAB600971174;
					};
					40F4424725FC262E002E02B7 = {
						CreatedOnToolsVersion = 12.2;
						LastSwiftMigration = 1220;
					};
					40F4424F25FC262F002E02B7 = {
						CreatedOnToolsVersion = 12.2;
						TestTargetID = 4087A05F25FBAAB600971174;
					};
				};
			};
			buildConfigurationList = 4087A05B25FBAAB600971174 /* Build configuration list for PBXProject "MarvelApplication" */;
			compatibilityVersion = "Xcode 9.3";
			developmentRegion = en;
			hasScannedForEncodings = 0;
			knownRegions = (
				en,
				Base,
			);
			mainGroup = 4087A05725FBAAB600971174;
			productRefGroup = 4087A06125FBAAB600971174 /* Products */;
			projectDirPath = "";
			projectRoot = "";
			targets = (
				4087A05F25FBAAB600971174 /* MarvelApplication */,
				40F4420C25FC2340002E02B7 /* Service */,
				40F4421425FC2340002E02B7 /* ServiceTests */,
				40F4424725FC262E002E02B7 /* Characters */,
				40F4424F25FC262F002E02B7 /* CharactersTests */,
				4041127826001507009D5E3B /* MarvelUI */,
				4041128026001507009D5E3B /* MarvelUITests */,
			);
		};
/* End PBXProject section */

/* Begin PBXResourcesBuildPhase section */
		4041127726001507009D5E3B /* Resources */ = {
			isa = PBXResourcesBuildPhase;
			buildActionMask = 2147483647;
			files = (
			);
			runOnlyForDeploymentPostprocessing = 0;
		};
		4041127F26001507009D5E3B /* Resources */ = {
			isa = PBXResourcesBuildPhase;
			buildActionMask = 2147483647;
			files = (
			);
			runOnlyForDeploymentPostprocessing = 0;
		};
		4087A05E25FBAAB600971174 /* Resources */ = {
			isa = PBXResourcesBuildPhase;
			buildActionMask = 2147483647;
			files = (
				4087A07325FBAAB900971174 /* LaunchScreen.storyboard in Resources */,
				4087A07025FBAAB900971174 /* Assets.xcassets in Resources */,
			);
			runOnlyForDeploymentPostprocessing = 0;
		};
		40F4420B25FC2340002E02B7 /* Resources */ = {
			isa = PBXResourcesBuildPhase;
			buildActionMask = 2147483647;
			files = (
			);
			runOnlyForDeploymentPostprocessing = 0;
		};
		40F4421325FC2340002E02B7 /* Resources */ = {
			isa = PBXResourcesBuildPhase;
			buildActionMask = 2147483647;
			files = (
			);
			runOnlyForDeploymentPostprocessing = 0;
		};
		40F4424625FC262E002E02B7 /* Resources */ = {
			isa = PBXResourcesBuildPhase;
			buildActionMask = 2147483647;
			files = (
			);
			runOnlyForDeploymentPostprocessing = 0;
		};
		40F4424E25FC262F002E02B7 /* Resources */ = {
			isa = PBXResourcesBuildPhase;
			buildActionMask = 2147483647;
			files = (
			);
			runOnlyForDeploymentPostprocessing = 0;
		};
/* End PBXResourcesBuildPhase section */

/* Begin PBXShellScriptBuildPhase section */
		1468D5FEF157D9DB16BCC2B4 /* [CP] Check Pods Manifest.lock */ = {
			isa = PBXShellScriptBuildPhase;
			buildActionMask = 2147483647;
			files = (
			);
			inputFileListPaths = (
			);
			inputPaths = (
				"${PODS_PODFILE_DIR_PATH}/Podfile.lock",
				"${PODS_ROOT}/Manifest.lock",
			);
			name = "[CP] Check Pods Manifest.lock";
			outputFileListPaths = (
			);
			outputPaths = (
				"$(DERIVED_FILE_DIR)/Pods-Characters-checkManifestLockResult.txt",
			);
			runOnlyForDeploymentPostprocessing = 0;
			shellPath = /bin/sh;
			shellScript = "diff \"${PODS_PODFILE_DIR_PATH}/Podfile.lock\" \"${PODS_ROOT}/Manifest.lock\" > /dev/null\nif [ $? != 0 ] ; then\n    # print error to STDERR\n    echo \"error: The sandbox is not in sync with the Podfile.lock. Run 'pod install' or update your CocoaPods installation.\" >&2\n    exit 1\nfi\n# This output is used by Xcode 'outputs' to avoid re-running this script phase.\necho \"SUCCESS\" > \"${SCRIPT_OUTPUT_FILE_0}\"\n";
			showEnvVarsInLog = 0;
		};
		40E2DD2C86CD83B9BBC4F554 /* [CP] Embed Pods Frameworks */ = {
			isa = PBXShellScriptBuildPhase;
			buildActionMask = 2147483647;
			files = (
			);
			inputFileListPaths = (
				"${PODS_ROOT}/Target Support Files/Pods-Characters-CharactersTests/Pods-Characters-CharactersTests-frameworks-${CONFIGURATION}-input-files.xcfilelist",
			);
			name = "[CP] Embed Pods Frameworks";
			outputFileListPaths = (
				"${PODS_ROOT}/Target Support Files/Pods-Characters-CharactersTests/Pods-Characters-CharactersTests-frameworks-${CONFIGURATION}-output-files.xcfilelist",
			);
			runOnlyForDeploymentPostprocessing = 0;
			shellPath = /bin/sh;
			shellScript = "\"${PODS_ROOT}/Target Support Files/Pods-Characters-CharactersTests/Pods-Characters-CharactersTests-frameworks.sh\"\n";
			showEnvVarsInLog = 0;
		};
		4CF5E6728CA0D500921642DD /* [CP] Check Pods Manifest.lock */ = {
			isa = PBXShellScriptBuildPhase;
			buildActionMask = 2147483647;
			files = (
			);
			inputFileListPaths = (
			);
			inputPaths = (
				"${PODS_PODFILE_DIR_PATH}/Podfile.lock",
				"${PODS_ROOT}/Manifest.lock",
			);
			name = "[CP] Check Pods Manifest.lock";
			outputFileListPaths = (
			);
			outputPaths = (
				"$(DERIVED_FILE_DIR)/Pods-MarvelUI-MarvelUITests-checkManifestLockResult.txt",
			);
			runOnlyForDeploymentPostprocessing = 0;
			shellPath = /bin/sh;
			shellScript = "diff \"${PODS_PODFILE_DIR_PATH}/Podfile.lock\" \"${PODS_ROOT}/Manifest.lock\" > /dev/null\nif [ $? != 0 ] ; then\n    # print error to STDERR\n    echo \"error: The sandbox is not in sync with the Podfile.lock. Run 'pod install' or update your CocoaPods installation.\" >&2\n    exit 1\nfi\n# This output is used by Xcode 'outputs' to avoid re-running this script phase.\necho \"SUCCESS\" > \"${SCRIPT_OUTPUT_FILE_0}\"\n";
			showEnvVarsInLog = 0;
		};
		5155DE5D6B005C6CDBFA8E90 /* [CP] Embed Pods Frameworks */ = {
			isa = PBXShellScriptBuildPhase;
			buildActionMask = 2147483647;
			files = (
			);
			inputFileListPaths = (
				"${PODS_ROOT}/Target Support Files/Pods-MarvelApplication/Pods-MarvelApplication-frameworks-${CONFIGURATION}-input-files.xcfilelist",
			);
			name = "[CP] Embed Pods Frameworks";
			outputFileListPaths = (
				"${PODS_ROOT}/Target Support Files/Pods-MarvelApplication/Pods-MarvelApplication-frameworks-${CONFIGURATION}-output-files.xcfilelist",
			);
			runOnlyForDeploymentPostprocessing = 0;
			shellPath = /bin/sh;
			shellScript = "\"${PODS_ROOT}/Target Support Files/Pods-MarvelApplication/Pods-MarvelApplication-frameworks.sh\"\n";
			showEnvVarsInLog = 0;
		};
		80FD20FF82D4347A7CE86DF7 /* [CP] Check Pods Manifest.lock */ = {
			isa = PBXShellScriptBuildPhase;
			buildActionMask = 2147483647;
			files = (
			);
			inputFileListPaths = (
			);
			inputPaths = (
				"${PODS_PODFILE_DIR_PATH}/Podfile.lock",
				"${PODS_ROOT}/Manifest.lock",
			);
			name = "[CP] Check Pods Manifest.lock";
			outputFileListPaths = (
			);
			outputPaths = (
				"$(DERIVED_FILE_DIR)/Pods-Service-ServiceTests-checkManifestLockResult.txt",
			);
			runOnlyForDeploymentPostprocessing = 0;
			shellPath = /bin/sh;
			shellScript = "diff \"${PODS_PODFILE_DIR_PATH}/Podfile.lock\" \"${PODS_ROOT}/Manifest.lock\" > /dev/null\nif [ $? != 0 ] ; then\n    # print error to STDERR\n    echo \"error: The sandbox is not in sync with the Podfile.lock. Run 'pod install' or update your CocoaPods installation.\" >&2\n    exit 1\nfi\n# This output is used by Xcode 'outputs' to avoid re-running this script phase.\necho \"SUCCESS\" > \"${SCRIPT_OUTPUT_FILE_0}\"\n";
			showEnvVarsInLog = 0;
		};
		A683EEACDE452C0CCE4B0FD3 /* [CP] Check Pods Manifest.lock */ = {
			isa = PBXShellScriptBuildPhase;
			buildActionMask = 2147483647;
			files = (
			);
			inputFileListPaths = (
			);
			inputPaths = (
				"${PODS_PODFILE_DIR_PATH}/Podfile.lock",
				"${PODS_ROOT}/Manifest.lock",
			);
			name = "[CP] Check Pods Manifest.lock";
			outputFileListPaths = (
			);
			outputPaths = (
				"$(DERIVED_FILE_DIR)/Pods-MarvelApplication-checkManifestLockResult.txt",
			);
			runOnlyForDeploymentPostprocessing = 0;
			shellPath = /bin/sh;
			shellScript = "diff \"${PODS_PODFILE_DIR_PATH}/Podfile.lock\" \"${PODS_ROOT}/Manifest.lock\" > /dev/null\nif [ $? != 0 ] ; then\n    # print error to STDERR\n    echo \"error: The sandbox is not in sync with the Podfile.lock. Run 'pod install' or update your CocoaPods installation.\" >&2\n    exit 1\nfi\n# This output is used by Xcode 'outputs' to avoid re-running this script phase.\necho \"SUCCESS\" > \"${SCRIPT_OUTPUT_FILE_0}\"\n";
			showEnvVarsInLog = 0;
		};
		D632DAA634BC262203AC3C1B /* [CP] Check Pods Manifest.lock */ = {
			isa = PBXShellScriptBuildPhase;
			buildActionMask = 2147483647;
			files = (
			);
			inputFileListPaths = (
			);
			inputPaths = (
				"${PODS_PODFILE_DIR_PATH}/Podfile.lock",
				"${PODS_ROOT}/Manifest.lock",
			);
			name = "[CP] Check Pods Manifest.lock";
			outputFileListPaths = (
			);
			outputPaths = (
				"$(DERIVED_FILE_DIR)/Pods-Service-checkManifestLockResult.txt",
			);
			runOnlyForDeploymentPostprocessing = 0;
			shellPath = /bin/sh;
			shellScript = "diff \"${PODS_PODFILE_DIR_PATH}/Podfile.lock\" \"${PODS_ROOT}/Manifest.lock\" > /dev/null\nif [ $? != 0 ] ; then\n    # print error to STDERR\n    echo \"error: The sandbox is not in sync with the Podfile.lock. Run 'pod install' or update your CocoaPods installation.\" >&2\n    exit 1\nfi\n# This output is used by Xcode 'outputs' to avoid re-running this script phase.\necho \"SUCCESS\" > \"${SCRIPT_OUTPUT_FILE_0}\"\n";
			showEnvVarsInLog = 0;
		};
		E22946415FB24C0E6441CBE8 /* [CP] Check Pods Manifest.lock */ = {
			isa = PBXShellScriptBuildPhase;
			buildActionMask = 2147483647;
			files = (
			);
			inputFileListPaths = (
			);
			inputPaths = (
				"${PODS_PODFILE_DIR_PATH}/Podfile.lock",
				"${PODS_ROOT}/Manifest.lock",
			);
			name = "[CP] Check Pods Manifest.lock";
			outputFileListPaths = (
			);
			outputPaths = (
				"$(DERIVED_FILE_DIR)/Pods-Characters-CharactersTests-checkManifestLockResult.txt",
			);
			runOnlyForDeploymentPostprocessing = 0;
			shellPath = /bin/sh;
			shellScript = "diff \"${PODS_PODFILE_DIR_PATH}/Podfile.lock\" \"${PODS_ROOT}/Manifest.lock\" > /dev/null\nif [ $? != 0 ] ; then\n    # print error to STDERR\n    echo \"error: The sandbox is not in sync with the Podfile.lock. Run 'pod install' or update your CocoaPods installation.\" >&2\n    exit 1\nfi\n# This output is used by Xcode 'outputs' to avoid re-running this script phase.\necho \"SUCCESS\" > \"${SCRIPT_OUTPUT_FILE_0}\"\n";
			showEnvVarsInLog = 0;
		};
		EA4B463E2F39A5B9A8494EC4 /* [CP] Check Pods Manifest.lock */ = {
			isa = PBXShellScriptBuildPhase;
			buildActionMask = 2147483647;
			files = (
			);
			inputFileListPaths = (
			);
			inputPaths = (
				"${PODS_PODFILE_DIR_PATH}/Podfile.lock",
				"${PODS_ROOT}/Manifest.lock",
			);
			name = "[CP] Check Pods Manifest.lock";
			outputFileListPaths = (
			);
			outputPaths = (
				"$(DERIVED_FILE_DIR)/Pods-MarvelUI-checkManifestLockResult.txt",
			);
			runOnlyForDeploymentPostprocessing = 0;
			shellPath = /bin/sh;
			shellScript = "diff \"${PODS_PODFILE_DIR_PATH}/Podfile.lock\" \"${PODS_ROOT}/Manifest.lock\" > /dev/null\nif [ $? != 0 ] ; then\n    # print error to STDERR\n    echo \"error: The sandbox is not in sync with the Podfile.lock. Run 'pod install' or update your CocoaPods installation.\" >&2\n    exit 1\nfi\n# This output is used by Xcode 'outputs' to avoid re-running this script phase.\necho \"SUCCESS\" > \"${SCRIPT_OUTPUT_FILE_0}\"\n";
			showEnvVarsInLog = 0;
		};
/* End PBXShellScriptBuildPhase section */

/* Begin PBXSourcesBuildPhase section */
		4041127526001507009D5E3B /* Sources */ = {
			isa = PBXSourcesBuildPhase;
			buildActionMask = 2147483647;
			files = (
				4041129E2600153D009D5E3B /* ViewCodable.swift in Sources */,
				404112A62600161E009D5E3B /* UIViewExtension.swift in Sources */,
			);
			runOnlyForDeploymentPostprocessing = 0;
		};
		4041127D26001507009D5E3B /* Sources */ = {
			isa = PBXSourcesBuildPhase;
			buildActionMask = 2147483647;
			files = (
				4041128926001507009D5E3B /* MarvelUITests.swift in Sources */,
			);
			runOnlyForDeploymentPostprocessing = 0;
		};
		4087A05C25FBAAB600971174 /* Sources */ = {
			isa = PBXSourcesBuildPhase;
			buildActionMask = 2147483647;
			files = (
				402245712603E85B00C701EC /* CoreDataStorage.xcdatamodeld in Sources */,
				40F4429725FCF809002E02B7 /* AppFlowCoordinator.swift in Sources */,
				4087A06425FBAAB600971174 /* AppDelegate.swift in Sources */,
				4087A06625FBAAB600971174 /* SceneDelegate.swift in Sources */,
			);
			runOnlyForDeploymentPostprocessing = 0;
		};
		40F4420925FC2340002E02B7 /* Sources */ = {
			isa = PBXSourcesBuildPhase;
			buildActionMask = 2147483647;
			files = (
				40F4423625FC245C002E02B7 /* ServiceProtocol.swift in Sources */,
				40F4423E25FC2522002E02B7 /* ServiceHandleError.swift in Sources */,
				40F4423225FC23F3002E02B7 /* URLSessionProtocol.swift in Sources */,
				40F4423A25FC24F0002E02B7 /* ServiceClient.swift in Sources */,
				40F4422E25FC23D7002E02B7 /* URLSessionDataTaskProtocol.swift in Sources */,
			);
			runOnlyForDeploymentPostprocessing = 0;
		};
		40F4421125FC2340002E02B7 /* Sources */ = {
			isa = PBXSourcesBuildPhase;
			buildActionMask = 2147483647;
			files = (
				40F4421D25FC2340002E02B7 /* ServiceTests.swift in Sources */,
			);
			runOnlyForDeploymentPostprocessing = 0;
		};
		40F4424425FC262E002E02B7 /* Sources */ = {
			isa = PBXSourcesBuildPhase;
			buildActionMask = 2147483647;
			files = (
				40F4428725FCF295002E02B7 /* CharactersListPresenter.swift in Sources */,
				40F4428D25FCF3BD002E02B7 /* CharactersListRouter.swift in Sources */,
				40C6880E2603BBC900349373 /* CharacterCD+CoreDataClass.swift in Sources */,
				40B5ABED2603C51900497271 /* CharacterStorageWorker.swift in Sources */,
				40F4428125FCF23F002E02B7 /* CharactersListInteractor.swift in Sources */,
				40D94B5426005544008DA631 /* CharacterDetailsModels.swift in Sources */,
				40B5ABE52603BFA100497271 /* CoreDataHandleError.swift in Sources */,
				40C688042603A0A100349373 /* CharacterRepository.swift in Sources */,
				40F442BB25FD03DC002E02B7 /* Marvel.swift in Sources */,
				40F4427B25FCF1F8002E02B7 /* CharactersListConfigurator.swift in Sources */,
				40C687F426039F1200349373 /* CoreDataStack.swift in Sources */,
				401DF05926013665004A200E /* CharacterTableViewDataSource.swift in Sources */,
				404112322600016B009D5E3B /* CharacterCollectionViewDelegate.swift in Sources */,
				40F442C125FD0A86002E02B7 /* CharactersListModels.swift in Sources */,
				40C6880F2603BBC900349373 /* CharacterCD+CoreDataProperties.swift in Sources */,
				40737A222604357700BDB218 /* FavoritesModels.swift in Sources */,
				4021D1F8260123D800F9E351 /* FavoritesViewController.swift in Sources */,
				4041121D25FFE532009D5E3B /* CharacterCollectionViewDataSource.swift in Sources */,
				40CE411525FFDE36007E9566 /* CharacterListView.swift in Sources */,
				40C687EC26039DCE00349373 /* CoreDataStorage.xcdatamodeld in Sources */,
				40F442A825FCFA52002E02B7 /* CharacterProvider.swift in Sources */,
				40D94B7D26005E65008DA631 /* CharacterDetailsView.swift in Sources */,
				40D94B6C26005713008DA631 /* CharacterDetailsPresenter.swift in Sources */,
				4081CFEB260124A800370EC7 /* FavoritesConfigurator.swift in Sources */,
				4081D0122601307600370EC7 /* FavoritesView.swift in Sources */,
				40D94B5C26005684008DA631 /* CharacterDetailsRouter.swift in Sources */,
				4081D0202601321C00370EC7 /* CharacterTableViewCell.swift in Sources */,
				4041120B25FFE2A0009D5E3B /* CharacterCollectionViewCell.swift in Sources */,
				40B5ABDD2603BEB900497271 /* CharacterProtocol.swift in Sources */,
				40D94B64260056D2008DA631 /* CharacterDetailsInteractor.swift in Sources */,
				40F442AE25FCFAF4002E02B7 /* CharacterBaseParameters.swift in Sources */,
				4081D0032601263C00370EC7 /* FavoritesPresenterInput.swift in Sources */,
				40F4427525FCF06E002E02B7 /* CharactersListViewController.swift in Sources */,
				4052DF3C260032C100FB5187 /* UIImageViewExtension.swift in Sources */,
				4081CFFB2601260600370EC7 /* FavoritesInteractor.swift in Sources */,
				4041121525FFE2B6009D5E3B /* Identifiable.swift in Sources */,
				40F442B425FCFF0F002E02B7 /* CharacterWorker.swift in Sources */,
				40DBC40925FFD75100C2B827 /* MD5.swift in Sources */,
				40D94B74260057DA008DA631 /* CharacterDetailsConfigurator.swift in Sources */,
				40D94B46260054CD008DA631 /* CharacterDetailsViewController.swift in Sources */,
			);
			runOnlyForDeploymentPostprocessing = 0;
		};
		40F4424C25FC262F002E02B7 /* Sources */ = {
			isa = PBXSourcesBuildPhase;
			buildActionMask = 2147483647;
			files = (
				405B1A68260227DA0070B4E6 /* CharacterListInteractorTests.swift in Sources */,
				405B1A3A260224190070B4E6 /* MockURLSession.swift in Sources */,
				40C687DC26023C1400349373 /* CharacterServiceWorkTests.swift in Sources */,
				405B1A42260224880070B4E6 /* MockURLSessionDataTask.swift in Sources */,
				40F4425825FC262F002E02B7 /* CharactersTests.swift in Sources */,
				405B1A2C2602227B0070B4E6 /* CharacterMockData.swift in Sources */,
			);
			runOnlyForDeploymentPostprocessing = 0;
		};
/* End PBXSourcesBuildPhase section */

/* Begin PBXTargetDependency section */
		4041128426001507009D5E3B /* PBXTargetDependency */ = {
			isa = PBXTargetDependency;
			target = 4041127826001507009D5E3B /* MarvelUI */;
			targetProxy = 4041128326001507009D5E3B /* PBXContainerItemProxy */;
		};
		4041128626001507009D5E3B /* PBXTargetDependency */ = {
			isa = PBXTargetDependency;
			target = 4087A05F25FBAAB600971174 /* MarvelApplication */;
			targetProxy = 4041128526001507009D5E3B /* PBXContainerItemProxy */;
		};
		4041128D26001507009D5E3B /* PBXTargetDependency */ = {
			isa = PBXTargetDependency;
			target = 4041127826001507009D5E3B /* MarvelUI */;
			targetProxy = 4041128C26001507009D5E3B /* PBXContainerItemProxy */;
		};
		40F4421825FC2340002E02B7 /* PBXTargetDependency */ = {
			isa = PBXTargetDependency;
			target = 40F4420C25FC2340002E02B7 /* Service */;
			targetProxy = 40F4421725FC2340002E02B7 /* PBXContainerItemProxy */;
		};
		40F4421A25FC2340002E02B7 /* PBXTargetDependency */ = {
			isa = PBXTargetDependency;
			target = 4087A05F25FBAAB600971174 /* MarvelApplication */;
			targetProxy = 40F4421925FC2340002E02B7 /* PBXContainerItemProxy */;
		};
		40F4422125FC2340002E02B7 /* PBXTargetDependency */ = {
			isa = PBXTargetDependency;
			target = 40F4420C25FC2340002E02B7 /* Service */;
			targetProxy = 40F4422025FC2340002E02B7 /* PBXContainerItemProxy */;
		};
		40F4425325FC262F002E02B7 /* PBXTargetDependency */ = {
			isa = PBXTargetDependency;
			target = 40F4424725FC262E002E02B7 /* Characters */;
			targetProxy = 40F4425225FC262F002E02B7 /* PBXContainerItemProxy */;
		};
		40F4425525FC262F002E02B7 /* PBXTargetDependency */ = {
			isa = PBXTargetDependency;
			target = 4087A05F25FBAAB600971174 /* MarvelApplication */;
			targetProxy = 40F4425425FC262F002E02B7 /* PBXContainerItemProxy */;
		};
		40F4425C25FC262F002E02B7 /* PBXTargetDependency */ = {
			isa = PBXTargetDependency;
			target = 40F4424725FC262E002E02B7 /* Characters */;
			targetProxy = 40F4425B25FC262F002E02B7 /* PBXContainerItemProxy */;
		};
/* End PBXTargetDependency section */

/* Begin PBXVariantGroup section */
		4087A07125FBAAB900971174 /* LaunchScreen.storyboard */ = {
			isa = PBXVariantGroup;
			children = (
				4087A07225FBAAB900971174 /* Base */,
			);
			name = LaunchScreen.storyboard;
			sourceTree = "<group>";
		};
/* End PBXVariantGroup section */

/* Begin XCBuildConfiguration section */
		4041129026001507009D5E3B /* Debug */ = {
			isa = XCBuildConfiguration;
			baseConfigurationReference = 562399418E4B0C3665401B59 /* Pods-MarvelUI.debug.xcconfig */;
			buildSettings = {
				CLANG_ENABLE_MODULES = YES;
				CODE_SIGN_STYLE = Automatic;
				CURRENT_PROJECT_VERSION = 1;
				DEFINES_MODULE = YES;
				DEVELOPMENT_TEAM = 55A535V42Q;
				DYLIB_COMPATIBILITY_VERSION = 1;
				DYLIB_CURRENT_VERSION = 1;
				DYLIB_INSTALL_NAME_BASE = "@rpath";
				INFOPLIST_FILE = MarvelUI/Info.plist;
				INSTALL_PATH = "$(LOCAL_LIBRARY_DIR)/Frameworks";
				LD_RUNPATH_SEARCH_PATHS = (
					"$(inherited)",
					"@executable_path/Frameworks",
					"@loader_path/Frameworks",
				);
				PRODUCT_BUNDLE_IDENTIFIER = com.carlosfontes.MarvelUI;
				PRODUCT_NAME = "$(TARGET_NAME:c99extidentifier)";
				SKIP_INSTALL = YES;
				SWIFT_OPTIMIZATION_LEVEL = "-Onone";
				SWIFT_VERSION = 5.0;
				TARGETED_DEVICE_FAMILY = "1,2";
				VERSIONING_SYSTEM = "apple-generic";
				VERSION_INFO_PREFIX = "";
			};
			name = Debug;
		};
		4041129126001507009D5E3B /* Release */ = {
			isa = XCBuildConfiguration;
			baseConfigurationReference = A66B2A51E46EBD4F0E9843D4 /* Pods-MarvelUI.release.xcconfig */;
			buildSettings = {
				CLANG_ENABLE_MODULES = YES;
				CODE_SIGN_STYLE = Automatic;
				CURRENT_PROJECT_VERSION = 1;
				DEFINES_MODULE = YES;
				DEVELOPMENT_TEAM = 55A535V42Q;
				DYLIB_COMPATIBILITY_VERSION = 1;
				DYLIB_CURRENT_VERSION = 1;
				DYLIB_INSTALL_NAME_BASE = "@rpath";
				INFOPLIST_FILE = MarvelUI/Info.plist;
				INSTALL_PATH = "$(LOCAL_LIBRARY_DIR)/Frameworks";
				LD_RUNPATH_SEARCH_PATHS = (
					"$(inherited)",
					"@executable_path/Frameworks",
					"@loader_path/Frameworks",
				);
				PRODUCT_BUNDLE_IDENTIFIER = com.carlosfontes.MarvelUI;
				PRODUCT_NAME = "$(TARGET_NAME:c99extidentifier)";
				SKIP_INSTALL = YES;
				SWIFT_VERSION = 5.0;
				TARGETED_DEVICE_FAMILY = "1,2";
				VERSIONING_SYSTEM = "apple-generic";
				VERSION_INFO_PREFIX = "";
			};
			name = Release;
		};
		4041129226001507009D5E3B /* Debug */ = {
			isa = XCBuildConfiguration;
			baseConfigurationReference = 4B523559536069271CB11BF9 /* Pods-MarvelUI-MarvelUITests.debug.xcconfig */;
			buildSettings = {
				ALWAYS_EMBED_SWIFT_STANDARD_LIBRARIES = YES;
				CODE_SIGN_STYLE = Automatic;
				DEVELOPMENT_TEAM = 55A535V42Q;
				INFOPLIST_FILE = MarvelUITests/Info.plist;
				LD_RUNPATH_SEARCH_PATHS = (
					"$(inherited)",
					"@executable_path/Frameworks",
					"@loader_path/Frameworks",
				);
				PRODUCT_BUNDLE_IDENTIFIER = com.carlosfontes.MarvelUITests;
				PRODUCT_NAME = "$(TARGET_NAME)";
				SWIFT_VERSION = 5.0;
				TARGETED_DEVICE_FAMILY = "1,2";
				TEST_HOST = "$(BUILT_PRODUCTS_DIR)/MarvelApplication.app/MarvelApplication";
			};
			name = Debug;
		};
		4041129326001507009D5E3B /* Release */ = {
			isa = XCBuildConfiguration;
			baseConfigurationReference = DCC8793773225E78C88CB9FE /* Pods-MarvelUI-MarvelUITests.release.xcconfig */;
			buildSettings = {
				ALWAYS_EMBED_SWIFT_STANDARD_LIBRARIES = YES;
				CODE_SIGN_STYLE = Automatic;
				DEVELOPMENT_TEAM = 55A535V42Q;
				INFOPLIST_FILE = MarvelUITests/Info.plist;
				LD_RUNPATH_SEARCH_PATHS = (
					"$(inherited)",
					"@executable_path/Frameworks",
					"@loader_path/Frameworks",
				);
				PRODUCT_BUNDLE_IDENTIFIER = com.carlosfontes.MarvelUITests;
				PRODUCT_NAME = "$(TARGET_NAME)";
				SWIFT_VERSION = 5.0;
				TARGETED_DEVICE_FAMILY = "1,2";
				TEST_HOST = "$(BUILT_PRODUCTS_DIR)/MarvelApplication.app/MarvelApplication";
			};
			name = Release;
		};
		4087A07525FBAAB900971174 /* Debug */ = {
			isa = XCBuildConfiguration;
			buildSettings = {
				ALWAYS_SEARCH_USER_PATHS = NO;
				CLANG_ANALYZER_NONNULL = YES;
				CLANG_ANALYZER_NUMBER_OBJECT_CONVERSION = YES_AGGRESSIVE;
				CLANG_CXX_LANGUAGE_STANDARD = "gnu++14";
				CLANG_CXX_LIBRARY = "libc++";
				CLANG_ENABLE_MODULES = YES;
				CLANG_ENABLE_OBJC_ARC = YES;
				CLANG_ENABLE_OBJC_WEAK = YES;
				CLANG_WARN_BLOCK_CAPTURE_AUTORELEASING = YES;
				CLANG_WARN_BOOL_CONVERSION = YES;
				CLANG_WARN_COMMA = YES;
				CLANG_WARN_CONSTANT_CONVERSION = YES;
				CLANG_WARN_DEPRECATED_OBJC_IMPLEMENTATIONS = YES;
				CLANG_WARN_DIRECT_OBJC_ISA_USAGE = YES_ERROR;
				CLANG_WARN_DOCUMENTATION_COMMENTS = YES;
				CLANG_WARN_EMPTY_BODY = YES;
				CLANG_WARN_ENUM_CONVERSION = YES;
				CLANG_WARN_INFINITE_RECURSION = YES;
				CLANG_WARN_INT_CONVERSION = YES;
				CLANG_WARN_NON_LITERAL_NULL_CONVERSION = YES;
				CLANG_WARN_OBJC_IMPLICIT_RETAIN_SELF = YES;
				CLANG_WARN_OBJC_LITERAL_CONVERSION = YES;
				CLANG_WARN_OBJC_ROOT_CLASS = YES_ERROR;
				CLANG_WARN_QUOTED_INCLUDE_IN_FRAMEWORK_HEADER = YES;
				CLANG_WARN_RANGE_LOOP_ANALYSIS = YES;
				CLANG_WARN_STRICT_PROTOTYPES = YES;
				CLANG_WARN_SUSPICIOUS_MOVE = YES;
				CLANG_WARN_UNGUARDED_AVAILABILITY = YES_AGGRESSIVE;
				CLANG_WARN_UNREACHABLE_CODE = YES;
				CLANG_WARN__DUPLICATE_METHOD_MATCH = YES;
				COPY_PHASE_STRIP = NO;
				DEBUG_INFORMATION_FORMAT = dwarf;
				ENABLE_STRICT_OBJC_MSGSEND = YES;
				ENABLE_TESTABILITY = YES;
				GCC_C_LANGUAGE_STANDARD = gnu11;
				GCC_DYNAMIC_NO_PIC = NO;
				GCC_NO_COMMON_BLOCKS = YES;
				GCC_OPTIMIZATION_LEVEL = 0;
				GCC_PREPROCESSOR_DEFINITIONS = (
					"DEBUG=1",
					"$(inherited)",
				);
				GCC_WARN_64_TO_32_BIT_CONVERSION = YES;
				GCC_WARN_ABOUT_RETURN_TYPE = YES_ERROR;
				GCC_WARN_UNDECLARED_SELECTOR = YES;
				GCC_WARN_UNINITIALIZED_AUTOS = YES_AGGRESSIVE;
				GCC_WARN_UNUSED_FUNCTION = YES;
				GCC_WARN_UNUSED_VARIABLE = YES;
				IPHONEOS_DEPLOYMENT_TARGET = 14.2;
				MTL_ENABLE_DEBUG_INFO = INCLUDE_SOURCE;
				MTL_FAST_MATH = YES;
				ONLY_ACTIVE_ARCH = YES;
				SDKROOT = iphoneos;
				SWIFT_ACTIVE_COMPILATION_CONDITIONS = DEBUG;
				SWIFT_OPTIMIZATION_LEVEL = "-Onone";
			};
			name = Debug;
		};
		4087A07625FBAAB900971174 /* Release */ = {
			isa = XCBuildConfiguration;
			buildSettings = {
				ALWAYS_SEARCH_USER_PATHS = NO;
				CLANG_ANALYZER_NONNULL = YES;
				CLANG_ANALYZER_NUMBER_OBJECT_CONVERSION = YES_AGGRESSIVE;
				CLANG_CXX_LANGUAGE_STANDARD = "gnu++14";
				CLANG_CXX_LIBRARY = "libc++";
				CLANG_ENABLE_MODULES = YES;
				CLANG_ENABLE_OBJC_ARC = YES;
				CLANG_ENABLE_OBJC_WEAK = YES;
				CLANG_WARN_BLOCK_CAPTURE_AUTORELEASING = YES;
				CLANG_WARN_BOOL_CONVERSION = YES;
				CLANG_WARN_COMMA = YES;
				CLANG_WARN_CONSTANT_CONVERSION = YES;
				CLANG_WARN_DEPRECATED_OBJC_IMPLEMENTATIONS = YES;
				CLANG_WARN_DIRECT_OBJC_ISA_USAGE = YES_ERROR;
				CLANG_WARN_DOCUMENTATION_COMMENTS = YES;
				CLANG_WARN_EMPTY_BODY = YES;
				CLANG_WARN_ENUM_CONVERSION = YES;
				CLANG_WARN_INFINITE_RECURSION = YES;
				CLANG_WARN_INT_CONVERSION = YES;
				CLANG_WARN_NON_LITERAL_NULL_CONVERSION = YES;
				CLANG_WARN_OBJC_IMPLICIT_RETAIN_SELF = YES;
				CLANG_WARN_OBJC_LITERAL_CONVERSION = YES;
				CLANG_WARN_OBJC_ROOT_CLASS = YES_ERROR;
				CLANG_WARN_QUOTED_INCLUDE_IN_FRAMEWORK_HEADER = YES;
				CLANG_WARN_RANGE_LOOP_ANALYSIS = YES;
				CLANG_WARN_STRICT_PROTOTYPES = YES;
				CLANG_WARN_SUSPICIOUS_MOVE = YES;
				CLANG_WARN_UNGUARDED_AVAILABILITY = YES_AGGRESSIVE;
				CLANG_WARN_UNREACHABLE_CODE = YES;
				CLANG_WARN__DUPLICATE_METHOD_MATCH = YES;
				COPY_PHASE_STRIP = NO;
				DEBUG_INFORMATION_FORMAT = "dwarf-with-dsym";
				ENABLE_NS_ASSERTIONS = NO;
				ENABLE_STRICT_OBJC_MSGSEND = YES;
				GCC_C_LANGUAGE_STANDARD = gnu11;
				GCC_NO_COMMON_BLOCKS = YES;
				GCC_WARN_64_TO_32_BIT_CONVERSION = YES;
				GCC_WARN_ABOUT_RETURN_TYPE = YES_ERROR;
				GCC_WARN_UNDECLARED_SELECTOR = YES;
				GCC_WARN_UNINITIALIZED_AUTOS = YES_AGGRESSIVE;
				GCC_WARN_UNUSED_FUNCTION = YES;
				GCC_WARN_UNUSED_VARIABLE = YES;
				IPHONEOS_DEPLOYMENT_TARGET = 14.2;
				MTL_ENABLE_DEBUG_INFO = NO;
				MTL_FAST_MATH = YES;
				SDKROOT = iphoneos;
				SWIFT_COMPILATION_MODE = wholemodule;
				SWIFT_OPTIMIZATION_LEVEL = "-O";
				VALIDATE_PRODUCT = YES;
			};
			name = Release;
		};
		4087A07825FBAAB900971174 /* Debug */ = {
			isa = XCBuildConfiguration;
			baseConfigurationReference = 2AFD78F7FBB9AF8A8B36053F /* Pods-MarvelApplication.debug.xcconfig */;
			buildSettings = {
				ALWAYS_EMBED_SWIFT_STANDARD_LIBRARIES = YES;
				ASSETCATALOG_COMPILER_APPICON_NAME = AppIcon;
				ASSETCATALOG_COMPILER_GLOBAL_ACCENT_COLOR_NAME = AccentColor;
				CODE_SIGN_STYLE = Automatic;
				DEVELOPMENT_TEAM = 55A535V42Q;
				INFOPLIST_FILE = MarvelApplication/Info.plist;
				LD_RUNPATH_SEARCH_PATHS = (
					"$(inherited)",
					"@executable_path/Frameworks",
				);
				PRODUCT_BUNDLE_IDENTIFIER = com.carlosfontes.MarvelApplication;
				PRODUCT_NAME = "$(TARGET_NAME)";
				SWIFT_VERSION = 5.0;
				TARGETED_DEVICE_FAMILY = 1;
			};
			name = Debug;
		};
		4087A07925FBAAB900971174 /* Release */ = {
			isa = XCBuildConfiguration;
			baseConfigurationReference = 7CA2A22B6023B23F36DACAE7 /* Pods-MarvelApplication.release.xcconfig */;
			buildSettings = {
				ALWAYS_EMBED_SWIFT_STANDARD_LIBRARIES = YES;
				ASSETCATALOG_COMPILER_APPICON_NAME = AppIcon;
				ASSETCATALOG_COMPILER_GLOBAL_ACCENT_COLOR_NAME = AccentColor;
				CODE_SIGN_STYLE = Automatic;
				DEVELOPMENT_TEAM = 55A535V42Q;
				INFOPLIST_FILE = MarvelApplication/Info.plist;
				LD_RUNPATH_SEARCH_PATHS = (
					"$(inherited)",
					"@executable_path/Frameworks",
				);
				PRODUCT_BUNDLE_IDENTIFIER = com.carlosfontes.MarvelApplication;
				PRODUCT_NAME = "$(TARGET_NAME)";
				SWIFT_VERSION = 5.0;
				TARGETED_DEVICE_FAMILY = 1;
			};
			name = Release;
		};
		40F4422525FC2340002E02B7 /* Debug */ = {
			isa = XCBuildConfiguration;
			baseConfigurationReference = D68C8FB6F9F153373884E150 /* Pods-Service.debug.xcconfig */;
			buildSettings = {
				CLANG_ENABLE_MODULES = YES;
				CODE_SIGN_STYLE = Automatic;
				CURRENT_PROJECT_VERSION = 1;
				DEFINES_MODULE = YES;
				DEVELOPMENT_TEAM = 55A535V42Q;
				DYLIB_COMPATIBILITY_VERSION = 1;
				DYLIB_CURRENT_VERSION = 1;
				DYLIB_INSTALL_NAME_BASE = "@rpath";
				INFOPLIST_FILE = Service/Info.plist;
				INSTALL_PATH = "$(LOCAL_LIBRARY_DIR)/Frameworks";
				LD_RUNPATH_SEARCH_PATHS = (
					"$(inherited)",
					"@executable_path/Frameworks",
					"@loader_path/Frameworks",
				);
				PRODUCT_BUNDLE_IDENTIFIER = com.carlosfontes.Service;
				PRODUCT_NAME = "$(TARGET_NAME:c99extidentifier)";
				SKIP_INSTALL = YES;
				SUPPORTS_MACCATALYST = NO;
				SWIFT_OPTIMIZATION_LEVEL = "-Onone";
				SWIFT_VERSION = 5.0;
				TARGETED_DEVICE_FAMILY = 1;
				VERSIONING_SYSTEM = "apple-generic";
				VERSION_INFO_PREFIX = "";
			};
			name = Debug;
		};
		40F4422625FC2340002E02B7 /* Release */ = {
			isa = XCBuildConfiguration;
			baseConfigurationReference = A049F47D062922291F5432EC /* Pods-Service.release.xcconfig */;
			buildSettings = {
				CLANG_ENABLE_MODULES = YES;
				CODE_SIGN_STYLE = Automatic;
				CURRENT_PROJECT_VERSION = 1;
				DEFINES_MODULE = YES;
				DEVELOPMENT_TEAM = 55A535V42Q;
				DYLIB_COMPATIBILITY_VERSION = 1;
				DYLIB_CURRENT_VERSION = 1;
				DYLIB_INSTALL_NAME_BASE = "@rpath";
				INFOPLIST_FILE = Service/Info.plist;
				INSTALL_PATH = "$(LOCAL_LIBRARY_DIR)/Frameworks";
				LD_RUNPATH_SEARCH_PATHS = (
					"$(inherited)",
					"@executable_path/Frameworks",
					"@loader_path/Frameworks",
				);
				PRODUCT_BUNDLE_IDENTIFIER = com.carlosfontes.Service;
				PRODUCT_NAME = "$(TARGET_NAME:c99extidentifier)";
				SKIP_INSTALL = YES;
				SUPPORTS_MACCATALYST = NO;
				SWIFT_VERSION = 5.0;
				TARGETED_DEVICE_FAMILY = 1;
				VERSIONING_SYSTEM = "apple-generic";
				VERSION_INFO_PREFIX = "";
			};
			name = Release;
		};
		40F4422725FC2340002E02B7 /* Debug */ = {
			isa = XCBuildConfiguration;
			baseConfigurationReference = CAA01C6635B4137D2FEDAFC2 /* Pods-Service-ServiceTests.debug.xcconfig */;
			buildSettings = {
				ALWAYS_EMBED_SWIFT_STANDARD_LIBRARIES = YES;
				CODE_SIGN_STYLE = Automatic;
				DEVELOPMENT_TEAM = 55A535V42Q;
				INFOPLIST_FILE = ServiceTests/Info.plist;
				LD_RUNPATH_SEARCH_PATHS = (
					"$(inherited)",
					"@executable_path/Frameworks",
					"@loader_path/Frameworks",
				);
				PRODUCT_BUNDLE_IDENTIFIER = com.carlosfontes.ServiceTests;
				PRODUCT_NAME = "$(TARGET_NAME)";
				SWIFT_VERSION = 5.0;
				TARGETED_DEVICE_FAMILY = "1,2";
				TEST_HOST = "$(BUILT_PRODUCTS_DIR)/MarvelApplication.app/MarvelApplication";
			};
			name = Debug;
		};
		40F4422825FC2340002E02B7 /* Release */ = {
			isa = XCBuildConfiguration;
			baseConfigurationReference = F1C002EBA0B50689CAF6B8EE /* Pods-Service-ServiceTests.release.xcconfig */;
			buildSettings = {
				ALWAYS_EMBED_SWIFT_STANDARD_LIBRARIES = YES;
				CODE_SIGN_STYLE = Automatic;
				DEVELOPMENT_TEAM = 55A535V42Q;
				INFOPLIST_FILE = ServiceTests/Info.plist;
				LD_RUNPATH_SEARCH_PATHS = (
					"$(inherited)",
					"@executable_path/Frameworks",
					"@loader_path/Frameworks",
				);
				PRODUCT_BUNDLE_IDENTIFIER = com.carlosfontes.ServiceTests;
				PRODUCT_NAME = "$(TARGET_NAME)";
				SWIFT_VERSION = 5.0;
				TARGETED_DEVICE_FAMILY = "1,2";
				TEST_HOST = "$(BUILT_PRODUCTS_DIR)/MarvelApplication.app/MarvelApplication";
			};
			name = Release;
		};
		40F4425F25FC262F002E02B7 /* Debug */ = {
			isa = XCBuildConfiguration;
			baseConfigurationReference = FD8DABC62ACED72138639023 /* Pods-Characters.debug.xcconfig */;
			buildSettings = {
				CLANG_ENABLE_MODULES = YES;
				CODE_SIGN_STYLE = Automatic;
				CURRENT_PROJECT_VERSION = 1;
				DEFINES_MODULE = YES;
				DEVELOPMENT_TEAM = 55A535V42Q;
				DYLIB_COMPATIBILITY_VERSION = 1;
				DYLIB_CURRENT_VERSION = 1;
				DYLIB_INSTALL_NAME_BASE = "@rpath";
				INFOPLIST_FILE = Characters/Info.plist;
				INSTALL_PATH = "$(LOCAL_LIBRARY_DIR)/Frameworks";
				LD_RUNPATH_SEARCH_PATHS = (
					"$(inherited)",
					"@executable_path/Frameworks",
					"@loader_path/Frameworks",
				);
				PRODUCT_BUNDLE_IDENTIFIER = com.carlosfontes.Characters;
				PRODUCT_NAME = "$(TARGET_NAME:c99extidentifier)";
				SKIP_INSTALL = YES;
				SWIFT_OPTIMIZATION_LEVEL = "-Onone";
				SWIFT_VERSION = 5.0;
				TARGETED_DEVICE_FAMILY = "1,2";
				VERSIONING_SYSTEM = "apple-generic";
				VERSION_INFO_PREFIX = "";
			};
			name = Debug;
		};
		40F4426025FC262F002E02B7 /* Release */ = {
			isa = XCBuildConfiguration;
			baseConfigurationReference = 1F2BA8EB4DC5213D1D6EA2A8 /* Pods-Characters.release.xcconfig */;
			buildSettings = {
				CLANG_ENABLE_MODULES = YES;
				CODE_SIGN_STYLE = Automatic;
				CURRENT_PROJECT_VERSION = 1;
				DEFINES_MODULE = YES;
				DEVELOPMENT_TEAM = 55A535V42Q;
				DYLIB_COMPATIBILITY_VERSION = 1;
				DYLIB_CURRENT_VERSION = 1;
				DYLIB_INSTALL_NAME_BASE = "@rpath";
				INFOPLIST_FILE = Characters/Info.plist;
				INSTALL_PATH = "$(LOCAL_LIBRARY_DIR)/Frameworks";
				LD_RUNPATH_SEARCH_PATHS = (
					"$(inherited)",
					"@executable_path/Frameworks",
					"@loader_path/Frameworks",
				);
				PRODUCT_BUNDLE_IDENTIFIER = com.carlosfontes.Characters;
				PRODUCT_NAME = "$(TARGET_NAME:c99extidentifier)";
				SKIP_INSTALL = YES;
				SWIFT_VERSION = 5.0;
				TARGETED_DEVICE_FAMILY = "1,2";
				VERSIONING_SYSTEM = "apple-generic";
				VERSION_INFO_PREFIX = "";
			};
			name = Release;
		};
		40F4426125FC262F002E02B7 /* Debug */ = {
			isa = XCBuildConfiguration;
			baseConfigurationReference = EF2D1AFC7AF5DFA0CC3FD23E /* Pods-Characters-CharactersTests.debug.xcconfig */;
			buildSettings = {
				ALWAYS_EMBED_SWIFT_STANDARD_LIBRARIES = YES;
				CODE_SIGN_STYLE = Automatic;
				DEVELOPMENT_TEAM = 55A535V42Q;
				INFOPLIST_FILE = CharactersTests/Info.plist;
				LD_RUNPATH_SEARCH_PATHS = (
					"$(inherited)",
					"@executable_path/Frameworks",
					"@loader_path/Frameworks",
				);
				PRODUCT_BUNDLE_IDENTIFIER = com.carlosfontes.CharactersTests;
				PRODUCT_NAME = "$(TARGET_NAME)";
				SWIFT_VERSION = 5.0;
				TARGETED_DEVICE_FAMILY = "1,2";
				TEST_HOST = "$(BUILT_PRODUCTS_DIR)/MarvelApplication.app/MarvelApplication";
			};
			name = Debug;
		};
		40F4426225FC262F002E02B7 /* Release */ = {
			isa = XCBuildConfiguration;
			baseConfigurationReference = BC2F115DCEE1D8CBB0B6208E /* Pods-Characters-CharactersTests.release.xcconfig */;
			buildSettings = {
				ALWAYS_EMBED_SWIFT_STANDARD_LIBRARIES = YES;
				CODE_SIGN_STYLE = Automatic;
				DEVELOPMENT_TEAM = 55A535V42Q;
				INFOPLIST_FILE = CharactersTests/Info.plist;
				LD_RUNPATH_SEARCH_PATHS = (
					"$(inherited)",
					"@executable_path/Frameworks",
					"@loader_path/Frameworks",
				);
				PRODUCT_BUNDLE_IDENTIFIER = com.carlosfontes.CharactersTests;
				PRODUCT_NAME = "$(TARGET_NAME)";
				SWIFT_VERSION = 5.0;
				TARGETED_DEVICE_FAMILY = "1,2";
				TEST_HOST = "$(BUILT_PRODUCTS_DIR)/MarvelApplication.app/MarvelApplication";
			};
			name = Release;
		};
/* End XCBuildConfiguration section */

/* Begin XCConfigurationList section */
		4041129426001507009D5E3B /* Build configuration list for PBXNativeTarget "MarvelUI" */ = {
			isa = XCConfigurationList;
			buildConfigurations = (
				4041129026001507009D5E3B /* Debug */,
				4041129126001507009D5E3B /* Release */,
			);
			defaultConfigurationIsVisible = 0;
			defaultConfigurationName = Release;
		};
		4041129526001507009D5E3B /* Build configuration list for PBXNativeTarget "MarvelUITests" */ = {
			isa = XCConfigurationList;
			buildConfigurations = (
				4041129226001507009D5E3B /* Debug */,
				4041129326001507009D5E3B /* Release */,
			);
			defaultConfigurationIsVisible = 0;
			defaultConfigurationName = Release;
		};
		4087A05B25FBAAB600971174 /* Build configuration list for PBXProject "MarvelApplication" */ = {
			isa = XCConfigurationList;
			buildConfigurations = (
				4087A07525FBAAB900971174 /* Debug */,
				4087A07625FBAAB900971174 /* Release */,
			);
			defaultConfigurationIsVisible = 0;
			defaultConfigurationName = Release;
		};
		4087A07725FBAAB900971174 /* Build configuration list for PBXNativeTarget "MarvelApplication" */ = {
			isa = XCConfigurationList;
			buildConfigurations = (
				4087A07825FBAAB900971174 /* Debug */,
				4087A07925FBAAB900971174 /* Release */,
			);
			defaultConfigurationIsVisible = 0;
			defaultConfigurationName = Release;
		};
		40F4422925FC2340002E02B7 /* Build configuration list for PBXNativeTarget "Service" */ = {
			isa = XCConfigurationList;
			buildConfigurations = (
				40F4422525FC2340002E02B7 /* Debug */,
				40F4422625FC2340002E02B7 /* Release */,
			);
			defaultConfigurationIsVisible = 0;
			defaultConfigurationName = Release;
		};
		40F4422A25FC2340002E02B7 /* Build configuration list for PBXNativeTarget "ServiceTests" */ = {
			isa = XCConfigurationList;
			buildConfigurations = (
				40F4422725FC2340002E02B7 /* Debug */,
				40F4422825FC2340002E02B7 /* Release */,
			);
			defaultConfigurationIsVisible = 0;
			defaultConfigurationName = Release;
		};
		40F4426325FC262F002E02B7 /* Build configuration list for PBXNativeTarget "Characters" */ = {
			isa = XCConfigurationList;
			buildConfigurations = (
				40F4425F25FC262F002E02B7 /* Debug */,
				40F4426025FC262F002E02B7 /* Release */,
			);
			defaultConfigurationIsVisible = 0;
			defaultConfigurationName = Release;
		};
		40F4426425FC262F002E02B7 /* Build configuration list for PBXNativeTarget "CharactersTests" */ = {
			isa = XCConfigurationList;
			buildConfigurations = (
				40F4426125FC262F002E02B7 /* Debug */,
				40F4426225FC262F002E02B7 /* Release */,
			);
			defaultConfigurationIsVisible = 0;
			defaultConfigurationName = Release;
		};
/* End XCConfigurationList section */

/* Begin XCVersionGroup section */
		40C687EA26039DCE00349373 /* CoreDataStorage.xcdatamodeld */ = {
			isa = XCVersionGroup;
			children = (
				40C687EB26039DCE00349373 /* CoreDataStorage.xcdatamodel */,
			);
			currentVersion = 40C687EB26039DCE00349373 /* CoreDataStorage.xcdatamodel */;
			path = CoreDataStorage.xcdatamodeld;
			sourceTree = "<group>";
			versionGroupType = wrapper.xcdatamodel;
		};
/* End XCVersionGroup section */
	};
	rootObject = 4087A05825FBAAB600971174 /* Project object */;
}
