// !$*UTF8*$!
{
	archiveVersion = 1;
	classes = {
	};
	objectVersion = 50;
	objects = {

/* Begin PBXBuildFile section */
		4041120B25FFE2A0009D5E3B /* CharacterCollectionViewCell.swift in Sources */ = {isa = PBXBuildFile; fileRef = 4041120A25FFE2A0009D5E3B /* CharacterCollectionViewCell.swift */; };
		4041121525FFE2B6009D5E3B /* Identifiable.swift in Sources */ = {isa = PBXBuildFile; fileRef = 4041121425FFE2B6009D5E3B /* Identifiable.swift */; };
		4041121D25FFE532009D5E3B /* CharacterCollectionViewDataSource.swift in Sources */ = {isa = PBXBuildFile; fileRef = 4041121C25FFE532009D5E3B /* CharacterCollectionViewDataSource.swift */; };
		4041122725FFE7ED009D5E3B /* ViewCodable.swift in Sources */ = {isa = PBXBuildFile; fileRef = 4041122625FFE7ED009D5E3B /* ViewCodable.swift */; };
		404112322600016B009D5E3B /* CharacterCollectionViewDelegate.swift in Sources */ = {isa = PBXBuildFile; fileRef = 404112312600016B009D5E3B /* CharacterCollectionViewDelegate.swift */; };
		4041128226001507009D5E3B /* MarvelUI.framework in Frameworks */ = {isa = PBXBuildFile; fileRef = 4041127926001507009D5E3B /* MarvelUI.framework */; };
		4041128926001507009D5E3B /* MarvelUITests.swift in Sources */ = {isa = PBXBuildFile; fileRef = 4041128826001507009D5E3B /* MarvelUITests.swift */; };
		4041128B26001507009D5E3B /* MarvelUI.h in Headers */ = {isa = PBXBuildFile; fileRef = 4041127B26001507009D5E3B /* MarvelUI.h */; settings = {ATTRIBUTES = (Public, ); }; };
		4041128E26001507009D5E3B /* MarvelUI.framework in Frameworks */ = {isa = PBXBuildFile; fileRef = 4041127926001507009D5E3B /* MarvelUI.framework */; };
		4041128F26001507009D5E3B /* MarvelUI.framework in Embed Frameworks */ = {isa = PBXBuildFile; fileRef = 4041127926001507009D5E3B /* MarvelUI.framework */; settings = {ATTRIBUTES = (CodeSignOnCopy, RemoveHeadersOnCopy, ); }; };
		4041129E2600153D009D5E3B /* ViewCodable.swift in Sources */ = {isa = PBXBuildFile; fileRef = 4041129D2600153D009D5E3B /* ViewCodable.swift */; };
		404112A62600161E009D5E3B /* UIViewExtension.swift in Sources */ = {isa = PBXBuildFile; fileRef = 404112A52600161E009D5E3B /* UIViewExtension.swift */; };
		4087A06425FBAAB600971174 /* AppDelegate.swift in Sources */ = {isa = PBXBuildFile; fileRef = 4087A06325FBAAB600971174 /* AppDelegate.swift */; };
		4087A06625FBAAB600971174 /* SceneDelegate.swift in Sources */ = {isa = PBXBuildFile; fileRef = 4087A06525FBAAB600971174 /* SceneDelegate.swift */; };
		4087A07025FBAAB900971174 /* Assets.xcassets in Resources */ = {isa = PBXBuildFile; fileRef = 4087A06F25FBAAB900971174 /* Assets.xcassets */; };
		4087A07325FBAAB900971174 /* LaunchScreen.storyboard in Resources */ = {isa = PBXBuildFile; fileRef = 4087A07125FBAAB900971174 /* LaunchScreen.storyboard */; };
		40CE411525FFDE36007E9566 /* CharacterListView.swift in Sources */ = {isa = PBXBuildFile; fileRef = 40CE411425FFDE36007E9566 /* CharacterListView.swift */; };
		40DBC40925FFD75100C2B827 /* MD5.swift in Sources */ = {isa = PBXBuildFile; fileRef = 40DBC40825FFD75100C2B827 /* MD5.swift */; };
		40F4421625FC2340002E02B7 /* Service.framework in Frameworks */ = {isa = PBXBuildFile; fileRef = 40F4420D25FC2340002E02B7 /* Service.framework */; };
		40F4421D25FC2340002E02B7 /* ServiceTests.swift in Sources */ = {isa = PBXBuildFile; fileRef = 40F4421C25FC2340002E02B7 /* ServiceTests.swift */; };
		40F4421F25FC2340002E02B7 /* Service.h in Headers */ = {isa = PBXBuildFile; fileRef = 40F4420F25FC2340002E02B7 /* Service.h */; settings = {ATTRIBUTES = (Public, ); }; };
		40F4422225FC2340002E02B7 /* Service.framework in Frameworks */ = {isa = PBXBuildFile; fileRef = 40F4420D25FC2340002E02B7 /* Service.framework */; };
		40F4422325FC2340002E02B7 /* Service.framework in Embed Frameworks */ = {isa = PBXBuildFile; fileRef = 40F4420D25FC2340002E02B7 /* Service.framework */; settings = {ATTRIBUTES = (CodeSignOnCopy, RemoveHeadersOnCopy, ); }; };
		40F4422E25FC23D7002E02B7 /* URLSessionDataTaskProtocol.swift in Sources */ = {isa = PBXBuildFile; fileRef = 40F4422D25FC23D7002E02B7 /* URLSessionDataTaskProtocol.swift */; };
		40F4423225FC23F3002E02B7 /* URLSessionProtocol.swift in Sources */ = {isa = PBXBuildFile; fileRef = 40F4423125FC23F3002E02B7 /* URLSessionProtocol.swift */; };
		40F4423625FC245C002E02B7 /* ServiceProtocol.swift in Sources */ = {isa = PBXBuildFile; fileRef = 40F4423525FC245C002E02B7 /* ServiceProtocol.swift */; };
		40F4423A25FC24F0002E02B7 /* ServiceClient.swift in Sources */ = {isa = PBXBuildFile; fileRef = 40F4423925FC24F0002E02B7 /* ServiceClient.swift */; };
		40F4423E25FC2522002E02B7 /* ServiceHandleError.swift in Sources */ = {isa = PBXBuildFile; fileRef = 40F4423D25FC2522002E02B7 /* ServiceHandleError.swift */; };
		40F4425125FC262F002E02B7 /* Characters.framework in Frameworks */ = {isa = PBXBuildFile; fileRef = 40F4424825FC262E002E02B7 /* Characters.framework */; };
		40F4425825FC262F002E02B7 /* CharactersTests.swift in Sources */ = {isa = PBXBuildFile; fileRef = 40F4425725FC262F002E02B7 /* CharactersTests.swift */; };
		40F4425A25FC262F002E02B7 /* Characters.h in Headers */ = {isa = PBXBuildFile; fileRef = 40F4424A25FC262F002E02B7 /* Characters.h */; settings = {ATTRIBUTES = (Public, ); }; };
		40F4425D25FC262F002E02B7 /* Characters.framework in Frameworks */ = {isa = PBXBuildFile; fileRef = 40F4424825FC262E002E02B7 /* Characters.framework */; };
		40F4425E25FC262F002E02B7 /* Characters.framework in Embed Frameworks */ = {isa = PBXBuildFile; fileRef = 40F4424825FC262E002E02B7 /* Characters.framework */; settings = {ATTRIBUTES = (CodeSignOnCopy, RemoveHeadersOnCopy, ); }; };
		40F4427525FCF06E002E02B7 /* CharactersListViewController.swift in Sources */ = {isa = PBXBuildFile; fileRef = 40F4427425FCF06E002E02B7 /* CharactersListViewController.swift */; };
		40F4427B25FCF1F8002E02B7 /* CharactersListConfigurator.swift in Sources */ = {isa = PBXBuildFile; fileRef = 40F4427A25FCF1F8002E02B7 /* CharactersListConfigurator.swift */; };
		40F4428125FCF23F002E02B7 /* CharactersListInteractor.swift in Sources */ = {isa = PBXBuildFile; fileRef = 40F4428025FCF23F002E02B7 /* CharactersListInteractor.swift */; };
		40F4428725FCF295002E02B7 /* CharactersListPresenter.swift in Sources */ = {isa = PBXBuildFile; fileRef = 40F4428625FCF295002E02B7 /* CharactersListPresenter.swift */; };
		40F4428D25FCF3BD002E02B7 /* CharactersListRouter.swift in Sources */ = {isa = PBXBuildFile; fileRef = 40F4428C25FCF3BD002E02B7 /* CharactersListRouter.swift */; };
		40F4429725FCF809002E02B7 /* AppFlowCoordinator.swift in Sources */ = {isa = PBXBuildFile; fileRef = 40F4429625FCF809002E02B7 /* AppFlowCoordinator.swift */; };
		40F442A825FCFA52002E02B7 /* CharacterProvider.swift in Sources */ = {isa = PBXBuildFile; fileRef = 40F442A725FCFA52002E02B7 /* CharacterProvider.swift */; };
		40F442AE25FCFAF4002E02B7 /* CharacterBaseParameters.swift in Sources */ = {isa = PBXBuildFile; fileRef = 40F442AD25FCFAF4002E02B7 /* CharacterBaseParameters.swift */; };
		40F442B425FCFF0F002E02B7 /* CharacterWorker.swift in Sources */ = {isa = PBXBuildFile; fileRef = 40F442B325FCFF0F002E02B7 /* CharacterWorker.swift */; };
		40F442BB25FD03DC002E02B7 /* Marvel.swift in Sources */ = {isa = PBXBuildFile; fileRef = 40F442BA25FD03DC002E02B7 /* Marvel.swift */; };
		40F442C125FD0A86002E02B7 /* CharactersListModels.swift in Sources */ = {isa = PBXBuildFile; fileRef = 40F442C025FD0A86002E02B7 /* CharactersListModels.swift */; };
/* End PBXBuildFile section */

/* Begin PBXContainerItemProxy section */
		4041128326001507009D5E3B /* PBXContainerItemProxy */ = {
			isa = PBXContainerItemProxy;
			containerPortal = 4087A05825FBAAB600971174 /* Project object */;
			proxyType = 1;
			remoteGlobalIDString = 4041127826001507009D5E3B;
			remoteInfo = MarvelUI;
		};
		4041128526001507009D5E3B /* PBXContainerItemProxy */ = {
			isa = PBXContainerItemProxy;
			containerPortal = 4087A05825FBAAB600971174 /* Project object */;
			proxyType = 1;
			remoteGlobalIDString = 4087A05F25FBAAB600971174;
			remoteInfo = MarvelApplication;
		};
		4041128C26001507009D5E3B /* PBXContainerItemProxy */ = {
			isa = PBXContainerItemProxy;
			containerPortal = 4087A05825FBAAB600971174 /* Project object */;
			proxyType = 1;
			remoteGlobalIDString = 4041127826001507009D5E3B;
			remoteInfo = MarvelUI;
		};
		40F4421725FC2340002E02B7 /* PBXContainerItemProxy */ = {
			isa = PBXContainerItemProxy;
			containerPortal = 4087A05825FBAAB600971174 /* Project object */;
			proxyType = 1;
			remoteGlobalIDString = 40F4420C25FC2340002E02B7;
			remoteInfo = Service;
		};
		40F4421925FC2340002E02B7 /* PBXContainerItemProxy */ = {
			isa = PBXContainerItemProxy;
			containerPortal = 4087A05825FBAAB600971174 /* Project object */;
			proxyType = 1;
			remoteGlobalIDString = 4087A05F25FBAAB600971174;
			remoteInfo = MarvelApplication;
		};
		40F4422025FC2340002E02B7 /* PBXContainerItemProxy */ = {
			isa = PBXContainerItemProxy;
			containerPortal = 4087A05825FBAAB600971174 /* Project object */;
			proxyType = 1;
			remoteGlobalIDString = 40F4420C25FC2340002E02B7;
			remoteInfo = Service;
		};
		40F4425225FC262F002E02B7 /* PBXContainerItemProxy */ = {
			isa = PBXContainerItemProxy;
			containerPortal = 4087A05825FBAAB600971174 /* Project object */;
			proxyType = 1;
			remoteGlobalIDString = 40F4424725FC262E002E02B7;
			remoteInfo = Characters;
		};
		40F4425425FC262F002E02B7 /* PBXContainerItemProxy */ = {
			isa = PBXContainerItemProxy;
			containerPortal = 4087A05825FBAAB600971174 /* Project object */;
			proxyType = 1;
			remoteGlobalIDString = 4087A05F25FBAAB600971174;
			remoteInfo = MarvelApplication;
		};
		40F4425B25FC262F002E02B7 /* PBXContainerItemProxy */ = {
			isa = PBXContainerItemProxy;
			containerPortal = 4087A05825FBAAB600971174 /* Project object */;
			proxyType = 1;
			remoteGlobalIDString = 40F4424725FC262E002E02B7;
			remoteInfo = Characters;
		};
/* End PBXContainerItemProxy section */

/* Begin PBXCopyFilesBuildPhase section */
		40F4422425FC2340002E02B7 /* Embed Frameworks */ = {
			isa = PBXCopyFilesBuildPhase;
			buildActionMask = 2147483647;
			dstPath = "";
			dstSubfolderSpec = 10;
			files = (
				40F4425E25FC262F002E02B7 /* Characters.framework in Embed Frameworks */,
				40F4422325FC2340002E02B7 /* Service.framework in Embed Frameworks */,
				4041128F26001507009D5E3B /* MarvelUI.framework in Embed Frameworks */,
			);
			name = "Embed Frameworks";
			runOnlyForDeploymentPostprocessing = 0;
		};
/* End PBXCopyFilesBuildPhase section */

/* Begin PBXFileReference section */
		4041120A25FFE2A0009D5E3B /* CharacterCollectionViewCell.swift */ = {isa = PBXFileReference; lastKnownFileType = sourcecode.swift; path = CharacterCollectionViewCell.swift; sourceTree = "<group>"; };
		4041121425FFE2B6009D5E3B /* Identifiable.swift */ = {isa = PBXFileReference; lastKnownFileType = sourcecode.swift; path = Identifiable.swift; sourceTree = "<group>"; };
		4041121C25FFE532009D5E3B /* CharacterCollectionViewDataSource.swift */ = {isa = PBXFileReference; lastKnownFileType = sourcecode.swift; path = CharacterCollectionViewDataSource.swift; sourceTree = "<group>"; };
		4041122625FFE7ED009D5E3B /* ViewCodable.swift */ = {isa = PBXFileReference; lastKnownFileType = sourcecode.swift; path = ViewCodable.swift; sourceTree = "<group>"; };
		404112312600016B009D5E3B /* CharacterCollectionViewDelegate.swift */ = {isa = PBXFileReference; lastKnownFileType = sourcecode.swift; path = CharacterCollectionViewDelegate.swift; sourceTree = "<group>"; };
		4041127926001507009D5E3B /* MarvelUI.framework */ = {isa = PBXFileReference; explicitFileType = wrapper.framework; includeInIndex = 0; path = MarvelUI.framework; sourceTree = BUILT_PRODUCTS_DIR; };
		4041127B26001507009D5E3B /* MarvelUI.h */ = {isa = PBXFileReference; lastKnownFileType = sourcecode.c.h; path = MarvelUI.h; sourceTree = "<group>"; };
		4041127C26001507009D5E3B /* Info.plist */ = {isa = PBXFileReference; lastKnownFileType = text.plist.xml; path = Info.plist; sourceTree = "<group>"; };
		4041128126001507009D5E3B /* MarvelUITests.xctest */ = {isa = PBXFileReference; explicitFileType = wrapper.cfbundle; includeInIndex = 0; path = MarvelUITests.xctest; sourceTree = BUILT_PRODUCTS_DIR; };
		4041128826001507009D5E3B /* MarvelUITests.swift */ = {isa = PBXFileReference; lastKnownFileType = sourcecode.swift; path = MarvelUITests.swift; sourceTree = "<group>"; };
		4041128A26001507009D5E3B /* Info.plist */ = {isa = PBXFileReference; lastKnownFileType = text.plist.xml; path = Info.plist; sourceTree = "<group>"; };
		4041129D2600153D009D5E3B /* ViewCodable.swift */ = {isa = PBXFileReference; lastKnownFileType = sourcecode.swift; path = ViewCodable.swift; sourceTree = "<group>"; };
		404112A52600161E009D5E3B /* UIViewExtension.swift */ = {isa = PBXFileReference; lastKnownFileType = sourcecode.swift; path = UIViewExtension.swift; sourceTree = "<group>"; };
		4087A06025FBAAB600971174 /* MarvelApplication.app */ = {isa = PBXFileReference; explicitFileType = wrapper.application; includeInIndex = 0; path = MarvelApplication.app; sourceTree = BUILT_PRODUCTS_DIR; };
		4087A06325FBAAB600971174 /* AppDelegate.swift */ = {isa = PBXFileReference; lastKnownFileType = sourcecode.swift; path = AppDelegate.swift; sourceTree = "<group>"; };
		4087A06525FBAAB600971174 /* SceneDelegate.swift */ = {isa = PBXFileReference; lastKnownFileType = sourcecode.swift; path = SceneDelegate.swift; sourceTree = "<group>"; };
		4087A06F25FBAAB900971174 /* Assets.xcassets */ = {isa = PBXFileReference; lastKnownFileType = folder.assetcatalog; path = Assets.xcassets; sourceTree = "<group>"; };
		4087A07225FBAAB900971174 /* Base */ = {isa = PBXFileReference; lastKnownFileType = file.storyboard; name = Base; path = Base.lproj/LaunchScreen.storyboard; sourceTree = "<group>"; };
		4087A07425FBAAB900971174 /* Info.plist */ = {isa = PBXFileReference; lastKnownFileType = text.plist.xml; path = Info.plist; sourceTree = "<group>"; };
		40CE411425FFDE36007E9566 /* CharacterListView.swift */ = {isa = PBXFileReference; lastKnownFileType = sourcecode.swift; path = CharacterListView.swift; sourceTree = "<group>"; };
		40DBC40825FFD75100C2B827 /* MD5.swift */ = {isa = PBXFileReference; lastKnownFileType = sourcecode.swift; path = MD5.swift; sourceTree = "<group>"; };
		40F4420D25FC2340002E02B7 /* Service.framework */ = {isa = PBXFileReference; explicitFileType = wrapper.framework; includeInIndex = 0; path = Service.framework; sourceTree = BUILT_PRODUCTS_DIR; };
		40F4420F25FC2340002E02B7 /* Service.h */ = {isa = PBXFileReference; lastKnownFileType = sourcecode.c.h; path = Service.h; sourceTree = "<group>"; };
		40F4421025FC2340002E02B7 /* Info.plist */ = {isa = PBXFileReference; lastKnownFileType = text.plist.xml; path = Info.plist; sourceTree = "<group>"; };
		40F4421525FC2340002E02B7 /* ServiceTests.xctest */ = {isa = PBXFileReference; explicitFileType = wrapper.cfbundle; includeInIndex = 0; path = ServiceTests.xctest; sourceTree = BUILT_PRODUCTS_DIR; };
		40F4421C25FC2340002E02B7 /* ServiceTests.swift */ = {isa = PBXFileReference; lastKnownFileType = sourcecode.swift; path = ServiceTests.swift; sourceTree = "<group>"; };
		40F4421E25FC2340002E02B7 /* Info.plist */ = {isa = PBXFileReference; lastKnownFileType = text.plist.xml; path = Info.plist; sourceTree = "<group>"; };
		40F4422D25FC23D7002E02B7 /* URLSessionDataTaskProtocol.swift */ = {isa = PBXFileReference; lastKnownFileType = sourcecode.swift; path = URLSessionDataTaskProtocol.swift; sourceTree = "<group>"; };
		40F4423125FC23F3002E02B7 /* URLSessionProtocol.swift */ = {isa = PBXFileReference; lastKnownFileType = sourcecode.swift; path = URLSessionProtocol.swift; sourceTree = "<group>"; };
		40F4423525FC245C002E02B7 /* ServiceProtocol.swift */ = {isa = PBXFileReference; lastKnownFileType = sourcecode.swift; path = ServiceProtocol.swift; sourceTree = "<group>"; };
		40F4423925FC24F0002E02B7 /* ServiceClient.swift */ = {isa = PBXFileReference; lastKnownFileType = sourcecode.swift; path = ServiceClient.swift; sourceTree = "<group>"; };
		40F4423D25FC2522002E02B7 /* ServiceHandleError.swift */ = {isa = PBXFileReference; lastKnownFileType = sourcecode.swift; path = ServiceHandleError.swift; sourceTree = "<group>"; };
		40F4424825FC262E002E02B7 /* Characters.framework */ = {isa = PBXFileReference; explicitFileType = wrapper.framework; includeInIndex = 0; path = Characters.framework; sourceTree = BUILT_PRODUCTS_DIR; };
		40F4424A25FC262F002E02B7 /* Characters.h */ = {isa = PBXFileReference; lastKnownFileType = sourcecode.c.h; path = Characters.h; sourceTree = "<group>"; };
		40F4424B25FC262F002E02B7 /* Info.plist */ = {isa = PBXFileReference; lastKnownFileType = text.plist.xml; path = Info.plist; sourceTree = "<group>"; };
		40F4425025FC262F002E02B7 /* CharactersTests.xctest */ = {isa = PBXFileReference; explicitFileType = wrapper.cfbundle; includeInIndex = 0; path = CharactersTests.xctest; sourceTree = BUILT_PRODUCTS_DIR; };
		40F4425725FC262F002E02B7 /* CharactersTests.swift */ = {isa = PBXFileReference; lastKnownFileType = sourcecode.swift; path = CharactersTests.swift; sourceTree = "<group>"; };
		40F4425925FC262F002E02B7 /* Info.plist */ = {isa = PBXFileReference; lastKnownFileType = text.plist.xml; path = Info.plist; sourceTree = "<group>"; };
		40F4427425FCF06E002E02B7 /* CharactersListViewController.swift */ = {isa = PBXFileReference; lastKnownFileType = sourcecode.swift; path = CharactersListViewController.swift; sourceTree = "<group>"; };
		40F4427A25FCF1F8002E02B7 /* CharactersListConfigurator.swift */ = {isa = PBXFileReference; lastKnownFileType = sourcecode.swift; path = CharactersListConfigurator.swift; sourceTree = "<group>"; };
		40F4428025FCF23F002E02B7 /* CharactersListInteractor.swift */ = {isa = PBXFileReference; lastKnownFileType = sourcecode.swift; path = CharactersListInteractor.swift; sourceTree = "<group>"; };
		40F4428625FCF295002E02B7 /* CharactersListPresenter.swift */ = {isa = PBXFileReference; lastKnownFileType = sourcecode.swift; path = CharactersListPresenter.swift; sourceTree = "<group>"; };
		40F4428C25FCF3BD002E02B7 /* CharactersListRouter.swift */ = {isa = PBXFileReference; lastKnownFileType = sourcecode.swift; path = CharactersListRouter.swift; sourceTree = "<group>"; };
		40F4429625FCF809002E02B7 /* AppFlowCoordinator.swift */ = {isa = PBXFileReference; lastKnownFileType = sourcecode.swift; path = AppFlowCoordinator.swift; sourceTree = "<group>"; };
		40F442A725FCFA52002E02B7 /* CharacterProvider.swift */ = {isa = PBXFileReference; lastKnownFileType = sourcecode.swift; path = CharacterProvider.swift; sourceTree = "<group>"; };
		40F442AD25FCFAF4002E02B7 /* CharacterBaseParameters.swift */ = {isa = PBXFileReference; lastKnownFileType = sourcecode.swift; path = CharacterBaseParameters.swift; sourceTree = "<group>"; };
		40F442B325FCFF0F002E02B7 /* CharacterWorker.swift */ = {isa = PBXFileReference; lastKnownFileType = sourcecode.swift; path = CharacterWorker.swift; sourceTree = "<group>"; };
		40F442BA25FD03DC002E02B7 /* Marvel.swift */ = {isa = PBXFileReference; lastKnownFileType = sourcecode.swift; path = Marvel.swift; sourceTree = "<group>"; };
		40F442C025FD0A86002E02B7 /* CharactersListModels.swift */ = {isa = PBXFileReference; lastKnownFileType = sourcecode.swift; path = CharactersListModels.swift; sourceTree = "<group>"; };
/* End PBXFileReference section */

/* Begin PBXFrameworksBuildPhase section */
		4041127626001507009D5E3B /* Frameworks */ = {
			isa = PBXFrameworksBuildPhase;
			buildActionMask = 2147483647;
			files = (
			);
			runOnlyForDeploymentPostprocessing = 0;
		};
		4041127E26001507009D5E3B /* Frameworks */ = {
			isa = PBXFrameworksBuildPhase;
			buildActionMask = 2147483647;
			files = (
				4041128226001507009D5E3B /* MarvelUI.framework in Frameworks */,
			);
			runOnlyForDeploymentPostprocessing = 0;
		};
		4087A05D25FBAAB600971174 /* Frameworks */ = {
			isa = PBXFrameworksBuildPhase;
			buildActionMask = 2147483647;
			files = (
				40F4425D25FC262F002E02B7 /* Characters.framework in Frameworks */,
				40F4422225FC2340002E02B7 /* Service.framework in Frameworks */,
				4041128E26001507009D5E3B /* MarvelUI.framework in Frameworks */,
			);
			runOnlyForDeploymentPostprocessing = 0;
		};
		40F4420A25FC2340002E02B7 /* Frameworks */ = {
			isa = PBXFrameworksBuildPhase;
			buildActionMask = 2147483647;
			files = (
			);
			runOnlyForDeploymentPostprocessing = 0;
		};
		40F4421225FC2340002E02B7 /* Frameworks */ = {
			isa = PBXFrameworksBuildPhase;
			buildActionMask = 2147483647;
			files = (
				40F4421625FC2340002E02B7 /* Service.framework in Frameworks */,
			);
			runOnlyForDeploymentPostprocessing = 0;
		};
		40F4424525FC262E002E02B7 /* Frameworks */ = {
			isa = PBXFrameworksBuildPhase;
			buildActionMask = 2147483647;
			files = (
			);
			runOnlyForDeploymentPostprocessing = 0;
		};
		40F4424D25FC262F002E02B7 /* Frameworks */ = {
			isa = PBXFrameworksBuildPhase;
			buildActionMask = 2147483647;
			files = (
				40F4425125FC262F002E02B7 /* Characters.framework in Frameworks */,
			);
			runOnlyForDeploymentPostprocessing = 0;
		};
/* End PBXFrameworksBuildPhase section */

/* Begin PBXGroup section */
		4041120925FFE278009D5E3B /* UI */ = {
			isa = PBXGroup;
			children = (
				4041120A25FFE2A0009D5E3B /* CharacterCollectionViewCell.swift */,
			);
			path = UI;
			sourceTree = "<group>";
		};
		4041121A25FFE50E009D5E3B /* DataSource */ = {
			isa = PBXGroup;
			children = (
				4041121C25FFE532009D5E3B /* CharacterCollectionViewDataSource.swift */,
			);
			path = DataSource;
			sourceTree = "<group>";
		};
		4041123026000150009D5E3B /* Delegate */ = {
			isa = PBXGroup;
			children = (
				404112312600016B009D5E3B /* CharacterCollectionViewDelegate.swift */,
			);
			path = Delegate;
			sourceTree = "<group>";
		};
		4041127A26001507009D5E3B /* MarvelUI */ = {
			isa = PBXGroup;
			children = (
				4041129C2600152D009D5E3B /* ViewCode */,
				4041127B26001507009D5E3B /* MarvelUI.h */,
				4041127C26001507009D5E3B /* Info.plist */,
			);
			path = MarvelUI;
			sourceTree = "<group>";
		};
		4041128726001507009D5E3B /* MarvelUITests */ = {
			isa = PBXGroup;
			children = (
				4041128826001507009D5E3B /* MarvelUITests.swift */,
				4041128A26001507009D5E3B /* Info.plist */,
			);
			path = MarvelUITests;
			sourceTree = "<group>";
		};
		4041129C2600152D009D5E3B /* ViewCode */ = {
			isa = PBXGroup;
			children = (
				4041129D2600153D009D5E3B /* ViewCodable.swift */,
				404112A52600161E009D5E3B /* UIViewExtension.swift */,
			);
			path = ViewCode;
			sourceTree = "<group>";
		};
		4087A05725FBAAB600971174 = {
			isa = PBXGroup;
			children = (
				4087A06225FBAAB600971174 /* MarvelApplication */,
				40F4420E25FC2340002E02B7 /* Service */,
				40F4421B25FC2340002E02B7 /* ServiceTests */,
				40F4424925FC262F002E02B7 /* Characters */,
				40F4425625FC262F002E02B7 /* CharactersTests */,
				4041127A26001507009D5E3B /* MarvelUI */,
				4041128726001507009D5E3B /* MarvelUITests */,
				4087A06125FBAAB600971174 /* Products */,
			);
			sourceTree = "<group>";
		};
		4087A06125FBAAB600971174 /* Products */ = {
			isa = PBXGroup;
			children = (
				4087A06025FBAAB600971174 /* MarvelApplication.app */,
				40F4420D25FC2340002E02B7 /* Service.framework */,
				40F4421525FC2340002E02B7 /* ServiceTests.xctest */,
				40F4424825FC262E002E02B7 /* Characters.framework */,
				40F4425025FC262F002E02B7 /* CharactersTests.xctest */,
				4041127926001507009D5E3B /* MarvelUI.framework */,
				4041128126001507009D5E3B /* MarvelUITests.xctest */,
			);
			name = Products;
			sourceTree = "<group>";
		};
		4087A06225FBAAB600971174 /* MarvelApplication */ = {
			isa = PBXGroup;
			children = (
				4087A07C25FBAAE400971174 /* Application */,
				4087A07425FBAAB900971174 /* Info.plist */,
			);
			path = MarvelApplication;
			sourceTree = "<group>";
		};
		4087A07C25FBAAE400971174 /* Application */ = {
			isa = PBXGroup;
			children = (
				4087A07D25FBAAF400971174 /* Core */,
				4087A07E25FBAAF900971174 /* Configuration */,
				4087A07F25FBAB0200971174 /* Resources */,
			);
			path = Application;
			sourceTree = "<group>";
		};
		4087A07D25FBAAF400971174 /* Core */ = {
			isa = PBXGroup;
			children = (
				40F4429625FCF809002E02B7 /* AppFlowCoordinator.swift */,
			);
			path = Core;
			sourceTree = "<group>";
		};
		4087A07E25FBAAF900971174 /* Configuration */ = {
			isa = PBXGroup;
			children = (
				4087A06325FBAAB600971174 /* AppDelegate.swift */,
				4087A06525FBAAB600971174 /* SceneDelegate.swift */,
			);
			path = Configuration;
			sourceTree = "<group>";
		};
		4087A07F25FBAB0200971174 /* Resources */ = {
			isa = PBXGroup;
			children = (
				4087A07125FBAAB900971174 /* LaunchScreen.storyboard */,
				4087A06F25FBAAB900971174 /* Assets.xcassets */,
			);
			path = Resources;
			sourceTree = "<group>";
		};
		40DBC40725FFD73F00C2B827 /* Helpers */ = {
			isa = PBXGroup;
			children = (
				40DBC40825FFD75100C2B827 /* MD5.swift */,
				4041121425FFE2B6009D5E3B /* Identifiable.swift */,
				4041122625FFE7ED009D5E3B /* ViewCodable.swift */,
			);
			path = Helpers;
			sourceTree = "<group>";
		};
		40F4420E25FC2340002E02B7 /* Service */ = {
			isa = PBXGroup;
			children = (
				40F4420F25FC2340002E02B7 /* Service.h */,
				40F4421025FC2340002E02B7 /* Info.plist */,
				40F4422D25FC23D7002E02B7 /* URLSessionDataTaskProtocol.swift */,
				40F4423125FC23F3002E02B7 /* URLSessionProtocol.swift */,
				40F4423525FC245C002E02B7 /* ServiceProtocol.swift */,
				40F4423925FC24F0002E02B7 /* ServiceClient.swift */,
				40F4423D25FC2522002E02B7 /* ServiceHandleError.swift */,
			);
			path = Service;
			sourceTree = "<group>";
		};
		40F4421B25FC2340002E02B7 /* ServiceTests */ = {
			isa = PBXGroup;
			children = (
				40F4421C25FC2340002E02B7 /* ServiceTests.swift */,
				40F4421E25FC2340002E02B7 /* Info.plist */,
			);
			path = ServiceTests;
			sourceTree = "<group>";
		};
		40F4424925FC262F002E02B7 /* Characters */ = {
			isa = PBXGroup;
			children = (
				40F442A425FCFA01002E02B7 /* CharactersService */,
				40F442B925FD03CF002E02B7 /* Models */,
				40DBC40725FFD73F00C2B827 /* Helpers */,
				40F4426925FC263D002E02B7 /* Scenes */,
				40F4424A25FC262F002E02B7 /* Characters.h */,
				40F4424B25FC262F002E02B7 /* Info.plist */,
			);
			path = Characters;
			sourceTree = "<group>";
		};
		40F4425625FC262F002E02B7 /* CharactersTests */ = {
			isa = PBXGroup;
			children = (
				40F4425725FC262F002E02B7 /* CharactersTests.swift */,
				40F4425925FC262F002E02B7 /* Info.plist */,
			);
			path = CharactersTests;
			sourceTree = "<group>";
		};
		40F4426925FC263D002E02B7 /* Scenes */ = {
			isa = PBXGroup;
			children = (
				40F4426B25FC2653002E02B7 /* CharacterDetails */,
				40F4426A25FC2643002E02B7 /* CharacterList */,
			);
			path = Scenes;
			sourceTree = "<group>";
		};
		40F4426A25FC2643002E02B7 /* CharacterList */ = {
			isa = PBXGroup;
			children = (
				4041123026000150009D5E3B /* Delegate */,
				4041121A25FFE50E009D5E3B /* DataSource */,
				4041120925FFE278009D5E3B /* UI */,
				40F4427425FCF06E002E02B7 /* CharactersListViewController.swift */,
				40F4427A25FCF1F8002E02B7 /* CharactersListConfigurator.swift */,
				40F4428025FCF23F002E02B7 /* CharactersListInteractor.swift */,
				40F4428625FCF295002E02B7 /* CharactersListPresenter.swift */,
				40F4428C25FCF3BD002E02B7 /* CharactersListRouter.swift */,
				40F442C025FD0A86002E02B7 /* CharactersListModels.swift */,
				40CE411425FFDE36007E9566 /* CharacterListView.swift */,
			);
			path = CharacterList;
			sourceTree = "<group>";
		};
		40F4426B25FC2653002E02B7 /* CharacterDetails */ = {
			isa = PBXGroup;
			children = (
			);
			path = CharacterDetails;
			sourceTree = "<group>";
		};
		40F442A425FCFA01002E02B7 /* CharactersService */ = {
			isa = PBXGroup;
			children = (
				40F442A625FCFA27002E02B7 /* Providers */,
				40F442A525FCFA1E002E02B7 /* Workers */,
				40F442AD25FCFAF4002E02B7 /* CharacterBaseParameters.swift */,
			);
			path = CharactersService;
			sourceTree = "<group>";
		};
		40F442A525FCFA1E002E02B7 /* Workers */ = {
			isa = PBXGroup;
			children = (
				40F442B325FCFF0F002E02B7 /* CharacterWorker.swift */,
			);
			path = Workers;
			sourceTree = "<group>";
		};
		40F442A625FCFA27002E02B7 /* Providers */ = {
			isa = PBXGroup;
			children = (
				40F442A725FCFA52002E02B7 /* CharacterProvider.swift */,
			);
			path = Providers;
			sourceTree = "<group>";
		};
		40F442B925FD03CF002E02B7 /* Models */ = {
			isa = PBXGroup;
			children = (
				40F442BA25FD03DC002E02B7 /* Marvel.swift */,
			);
			path = Models;
			sourceTree = "<group>";
		};
/* End PBXGroup section */

/* Begin PBXHeadersBuildPhase section */
		4041127426001507009D5E3B /* Headers */ = {
			isa = PBXHeadersBuildPhase;
			buildActionMask = 2147483647;
			files = (
				4041128B26001507009D5E3B /* MarvelUI.h in Headers */,
			);
			runOnlyForDeploymentPostprocessing = 0;
		};
		40F4420825FC2340002E02B7 /* Headers */ = {
			isa = PBXHeadersBuildPhase;
			buildActionMask = 2147483647;
			files = (
				40F4421F25FC2340002E02B7 /* Service.h in Headers */,
			);
			runOnlyForDeploymentPostprocessing = 0;
		};
		40F4424325FC262E002E02B7 /* Headers */ = {
			isa = PBXHeadersBuildPhase;
			buildActionMask = 2147483647;
			files = (
				40F4425A25FC262F002E02B7 /* Characters.h in Headers */,
			);
			runOnlyForDeploymentPostprocessing = 0;
		};
/* End PBXHeadersBuildPhase section */

/* Begin PBXNativeTarget section */
		4041127826001507009D5E3B /* MarvelUI */ = {
			isa = PBXNativeTarget;
			buildConfigurationList = 4041129426001507009D5E3B /* Build configuration list for PBXNativeTarget "MarvelUI" */;
			buildPhases = (
				4041127426001507009D5E3B /* Headers */,
				4041127526001507009D5E3B /* Sources */,
				4041127626001507009D5E3B /* Frameworks */,
				4041127726001507009D5E3B /* Resources */,
			);
			buildRules = (
			);
			dependencies = (
			);
			name = MarvelUI;
			productName = MarvelUI;
			productReference = 4041127926001507009D5E3B /* MarvelUI.framework */;
			productType = "com.apple.product-type.framework";
		};
		4041128026001507009D5E3B /* MarvelUITests */ = {
			isa = PBXNativeTarget;
			buildConfigurationList = 4041129526001507009D5E3B /* Build configuration list for PBXNativeTarget "MarvelUITests" */;
			buildPhases = (
				4041127D26001507009D5E3B /* Sources */,
				4041127E26001507009D5E3B /* Frameworks */,
				4041127F26001507009D5E3B /* Resources */,
			);
			buildRules = (
			);
			dependencies = (
				4041128426001507009D5E3B /* PBXTargetDependency */,
				4041128626001507009D5E3B /* PBXTargetDependency */,
			);
			name = MarvelUITests;
			productName = MarvelUITests;
			productReference = 4041128126001507009D5E3B /* MarvelUITests.xctest */;
			productType = "com.apple.product-type.bundle.unit-test";
		};
		4087A05F25FBAAB600971174 /* MarvelApplication */ = {
			isa = PBXNativeTarget;
			buildConfigurationList = 4087A07725FBAAB900971174 /* Build configuration list for PBXNativeTarget "MarvelApplication" */;
			buildPhases = (
				4087A05C25FBAAB600971174 /* Sources */,
				4087A05D25FBAAB600971174 /* Frameworks */,
				4087A05E25FBAAB600971174 /* Resources */,
				40F4422425FC2340002E02B7 /* Embed Frameworks */,
			);
			buildRules = (
			);
			dependencies = (
				40F4422125FC2340002E02B7 /* PBXTargetDependency */,
				40F4425C25FC262F002E02B7 /* PBXTargetDependency */,
				4041128D26001507009D5E3B /* PBXTargetDependency */,
			);
			name = MarvelApplication;
			productName = MarvelApplication;
			productReference = 4087A06025FBAAB600971174 /* MarvelApplication.app */;
			productType = "com.apple.product-type.application";
		};
		40F4420C25FC2340002E02B7 /* Service */ = {
			isa = PBXNativeTarget;
			buildConfigurationList = 40F4422925FC2340002E02B7 /* Build configuration list for PBXNativeTarget "Service" */;
			buildPhases = (
				40F4420825FC2340002E02B7 /* Headers */,
				40F4420925FC2340002E02B7 /* Sources */,
				40F4420A25FC2340002E02B7 /* Frameworks */,
				40F4420B25FC2340002E02B7 /* Resources */,
			);
			buildRules = (
			);
			dependencies = (
			);
			name = Service;
			productName = Service;
			productReference = 40F4420D25FC2340002E02B7 /* Service.framework */;
			productType = "com.apple.product-type.framework";
		};
		40F4421425FC2340002E02B7 /* ServiceTests */ = {
			isa = PBXNativeTarget;
			buildConfigurationList = 40F4422A25FC2340002E02B7 /* Build configuration list for PBXNativeTarget "ServiceTests" */;
			buildPhases = (
				40F4421125FC2340002E02B7 /* Sources */,
				40F4421225FC2340002E02B7 /* Frameworks */,
				40F4421325FC2340002E02B7 /* Resources */,
			);
			buildRules = (
			);
			dependencies = (
				40F4421825FC2340002E02B7 /* PBXTargetDependency */,
				40F4421A25FC2340002E02B7 /* PBXTargetDependency */,
			);
			name = ServiceTests;
			productName = ServiceTests;
			productReference = 40F4421525FC2340002E02B7 /* ServiceTests.xctest */;
			productType = "com.apple.product-type.bundle.unit-test";
		};
		40F4424725FC262E002E02B7 /* Characters */ = {
			isa = PBXNativeTarget;
			buildConfigurationList = 40F4426325FC262F002E02B7 /* Build configuration list for PBXNativeTarget "Characters" */;
			buildPhases = (
				40F4424325FC262E002E02B7 /* Headers */,
				40F4424425FC262E002E02B7 /* Sources */,
				40F4424525FC262E002E02B7 /* Frameworks */,
				40F4424625FC262E002E02B7 /* Resources */,
			);
			buildRules = (
			);
			dependencies = (
			);
			name = Characters;
			productName = Characters;
			productReference = 40F4424825FC262E002E02B7 /* Characters.framework */;
			productType = "com.apple.product-type.framework";
		};
		40F4424F25FC262F002E02B7 /* CharactersTests */ = {
			isa = PBXNativeTarget;
			buildConfigurationList = 40F4426425FC262F002E02B7 /* Build configuration list for PBXNativeTarget "CharactersTests" */;
			buildPhases = (
				40F4424C25FC262F002E02B7 /* Sources */,
				40F4424D25FC262F002E02B7 /* Frameworks */,
				40F4424E25FC262F002E02B7 /* Resources */,
			);
			buildRules = (
			);
			dependencies = (
				40F4425325FC262F002E02B7 /* PBXTargetDependency */,
				40F4425525FC262F002E02B7 /* PBXTargetDependency */,
			);
			name = CharactersTests;
			productName = CharactersTests;
			productReference = 40F4425025FC262F002E02B7 /* CharactersTests.xctest */;
			productType = "com.apple.product-type.bundle.unit-test";
		};
/* End PBXNativeTarget section */

/* Begin PBXProject section */
		4087A05825FBAAB600971174 /* Project object */ = {
			isa = PBXProject;
			attributes = {
				LastSwiftUpdateCheck = 1220;
				LastUpgradeCheck = 1220;
				TargetAttributes = {
					4041127826001507009D5E3B = {
						CreatedOnToolsVersion = 12.2;
						LastSwiftMigration = 1220;
					};
					4041128026001507009D5E3B = {
						CreatedOnToolsVersion = 12.2;
						TestTargetID = 4087A05F25FBAAB600971174;
					};
					4087A05F25FBAAB600971174 = {
						CreatedOnToolsVersion = 12.2;
					};
					40F4420C25FC2340002E02B7 = {
						CreatedOnToolsVersion = 12.2;
						LastSwiftMigration = 1220;
					};
					40F4421425FC2340002E02B7 = {
						CreatedOnToolsVersion = 12.2;
						TestTargetID = 4087A05F25FBAAB600971174;
					};
					40F4424725FC262E002E02B7 = {
						CreatedOnToolsVersion = 12.2;
						LastSwiftMigration = 1220;
					};
					40F4424F25FC262F002E02B7 = {
						CreatedOnToolsVersion = 12.2;
						TestTargetID = 4087A05F25FBAAB600971174;
					};
				};
			};
			buildConfigurationList = 4087A05B25FBAAB600971174 /* Build configuration list for PBXProject "MarvelApplication" */;
			compatibilityVersion = "Xcode 9.3";
			developmentRegion = en;
			hasScannedForEncodings = 0;
			knownRegions = (
				en,
				Base,
			);
			mainGroup = 4087A05725FBAAB600971174;
			productRefGroup = 4087A06125FBAAB600971174 /* Products */;
			projectDirPath = "";
			projectRoot = "";
			targets = (
				4087A05F25FBAAB600971174 /* MarvelApplication */,
				40F4420C25FC2340002E02B7 /* Service */,
				40F4421425FC2340002E02B7 /* ServiceTests */,
				40F4424725FC262E002E02B7 /* Characters */,
				40F4424F25FC262F002E02B7 /* CharactersTests */,
				4041127826001507009D5E3B /* MarvelUI */,
				4041128026001507009D5E3B /* MarvelUITests */,
			);
		};
/* End PBXProject section */

/* Begin PBXResourcesBuildPhase section */
		4041127726001507009D5E3B /* Resources */ = {
			isa = PBXResourcesBuildPhase;
			buildActionMask = 2147483647;
			files = (
			);
			runOnlyForDeploymentPostprocessing = 0;
		};
		4041127F26001507009D5E3B /* Resources */ = {
			isa = PBXResourcesBuildPhase;
			buildActionMask = 2147483647;
			files = (
			);
			runOnlyForDeploymentPostprocessing = 0;
		};
		4087A05E25FBAAB600971174 /* Resources */ = {
			isa = PBXResourcesBuildPhase;
			buildActionMask = 2147483647;
			files = (
				4087A07325FBAAB900971174 /* LaunchScreen.storyboard in Resources */,
				4087A07025FBAAB900971174 /* Assets.xcassets in Resources */,
			);
			runOnlyForDeploymentPostprocessing = 0;
		};
		40F4420B25FC2340002E02B7 /* Resources */ = {
			isa = PBXResourcesBuildPhase;
			buildActionMask = 2147483647;
			files = (
			);
			runOnlyForDeploymentPostprocessing = 0;
		};
		40F4421325FC2340002E02B7 /* Resources */ = {
			isa = PBXResourcesBuildPhase;
			buildActionMask = 2147483647;
			files = (
			);
			runOnlyForDeploymentPostprocessing = 0;
		};
		40F4424625FC262E002E02B7 /* Resources */ = {
			isa = PBXResourcesBuildPhase;
			buildActionMask = 2147483647;
			files = (
			);
			runOnlyForDeploymentPostprocessing = 0;
		};
		40F4424E25FC262F002E02B7 /* Resources */ = {
			isa = PBXResourcesBuildPhase;
			buildActionMask = 2147483647;
			files = (
			);
			runOnlyForDeploymentPostprocessing = 0;
		};
/* End PBXResourcesBuildPhase section */

/* Begin PBXSourcesBuildPhase section */
		4041127526001507009D5E3B /* Sources */ = {
			isa = PBXSourcesBuildPhase;
			buildActionMask = 2147483647;
			files = (
				4041129E2600153D009D5E3B /* ViewCodable.swift in Sources */,
				404112A62600161E009D5E3B /* UIViewExtension.swift in Sources */,
			);
			runOnlyForDeploymentPostprocessing = 0;
		};
		4041127D26001507009D5E3B /* Sources */ = {
			isa = PBXSourcesBuildPhase;
			buildActionMask = 2147483647;
			files = (
				4041128926001507009D5E3B /* MarvelUITests.swift in Sources */,
			);
			runOnlyForDeploymentPostprocessing = 0;
		};
		4087A05C25FBAAB600971174 /* Sources */ = {
			isa = PBXSourcesBuildPhase;
			buildActionMask = 2147483647;
			files = (
				40F4429725FCF809002E02B7 /* AppFlowCoordinator.swift in Sources */,
				4087A06425FBAAB600971174 /* AppDelegate.swift in Sources */,
				4087A06625FBAAB600971174 /* SceneDelegate.swift in Sources */,
			);
			runOnlyForDeploymentPostprocessing = 0;
		};
		40F4420925FC2340002E02B7 /* Sources */ = {
			isa = PBXSourcesBuildPhase;
			buildActionMask = 2147483647;
			files = (
				40F4423625FC245C002E02B7 /* ServiceProtocol.swift in Sources */,
				40F4423E25FC2522002E02B7 /* ServiceHandleError.swift in Sources */,
				40F4423225FC23F3002E02B7 /* URLSessionProtocol.swift in Sources */,
				40F4423A25FC24F0002E02B7 /* ServiceClient.swift in Sources */,
				40F4422E25FC23D7002E02B7 /* URLSessionDataTaskProtocol.swift in Sources */,
			);
			runOnlyForDeploymentPostprocessing = 0;
		};
		40F4421125FC2340002E02B7 /* Sources */ = {
			isa = PBXSourcesBuildPhase;
			buildActionMask = 2147483647;
			files = (
				40F4421D25FC2340002E02B7 /* ServiceTests.swift in Sources */,
			);
			runOnlyForDeploymentPostprocessing = 0;
		};
		40F4424425FC262E002E02B7 /* Sources */ = {
			isa = PBXSourcesBuildPhase;
			buildActionMask = 2147483647;
			files = (
				40F4428725FCF295002E02B7 /* CharactersListPresenter.swift in Sources */,
				4041122725FFE7ED009D5E3B /* ViewCodable.swift in Sources */,
				40F4428D25FCF3BD002E02B7 /* CharactersListRouter.swift in Sources */,
				40F4428125FCF23F002E02B7 /* CharactersListInteractor.swift in Sources */,
				40F442BB25FD03DC002E02B7 /* Marvel.swift in Sources */,
				40F4427B25FCF1F8002E02B7 /* CharactersListConfigurator.swift in Sources */,
				404112322600016B009D5E3B /* CharacterCollectionViewDelegate.swift in Sources */,
				40F442C125FD0A86002E02B7 /* CharactersListModels.swift in Sources */,
				4041121D25FFE532009D5E3B /* CharacterCollectionViewDataSource.swift in Sources */,
				40CE411525FFDE36007E9566 /* CharacterListView.swift in Sources */,
				40F442A825FCFA52002E02B7 /* CharacterProvider.swift in Sources */,
				4041120B25FFE2A0009D5E3B /* CharacterCollectionViewCell.swift in Sources */,
				40F442AE25FCFAF4002E02B7 /* CharacterBaseParameters.swift in Sources */,
				40F4427525FCF06E002E02B7 /* CharactersListViewController.swift in Sources */,
				4041121525FFE2B6009D5E3B /* Identifiable.swift in Sources */,
				40F442B425FCFF0F002E02B7 /* CharacterWorker.swift in Sources */,
				40DBC40925FFD75100C2B827 /* MD5.swift in Sources */,
			);
			runOnlyForDeploymentPostprocessing = 0;
		};
		40F4424C25FC262F002E02B7 /* Sources */ = {
			isa = PBXSourcesBuildPhase;
			buildActionMask = 2147483647;
			files = (
				40F4425825FC262F002E02B7 /* CharactersTests.swift in Sources */,
			);
			runOnlyForDeploymentPostprocessing = 0;
		};
/* End PBXSourcesBuildPhase section */

/* Begin PBXTargetDependency section */
		4041128426001507009D5E3B /* PBXTargetDependency */ = {
			isa = PBXTargetDependency;
			target = 4041127826001507009D5E3B /* MarvelUI */;
			targetProxy = 4041128326001507009D5E3B /* PBXContainerItemProxy */;
		};
		4041128626001507009D5E3B /* PBXTargetDependency */ = {
			isa = PBXTargetDependency;
			target = 4087A05F25FBAAB600971174 /* MarvelApplication */;
			targetProxy = 4041128526001507009D5E3B /* PBXContainerItemProxy */;
		};
		4041128D26001507009D5E3B /* PBXTargetDependency */ = {
			isa = PBXTargetDependency;
			target = 4041127826001507009D5E3B /* MarvelUI */;
			targetProxy = 4041128C26001507009D5E3B /* PBXContainerItemProxy */;
		};
		40F4421825FC2340002E02B7 /* PBXTargetDependency */ = {
			isa = PBXTargetDependency;
			target = 40F4420C25FC2340002E02B7 /* Service */;
			targetProxy = 40F4421725FC2340002E02B7 /* PBXContainerItemProxy */;
		};
		40F4421A25FC2340002E02B7 /* PBXTargetDependency */ = {
			isa = PBXTargetDependency;
			target = 4087A05F25FBAAB600971174 /* MarvelApplication */;
			targetProxy = 40F4421925FC2340002E02B7 /* PBXContainerItemProxy */;
		};
		40F4422125FC2340002E02B7 /* PBXTargetDependency */ = {
			isa = PBXTargetDependency;
			target = 40F4420C25FC2340002E02B7 /* Service */;
			targetProxy = 40F4422025FC2340002E02B7 /* PBXContainerItemProxy */;
		};
		40F4425325FC262F002E02B7 /* PBXTargetDependency */ = {
			isa = PBXTargetDependency;
			target = 40F4424725FC262E002E02B7 /* Characters */;
			targetProxy = 40F4425225FC262F002E02B7 /* PBXContainerItemProxy */;
		};
		40F4425525FC262F002E02B7 /* PBXTargetDependency */ = {
			isa = PBXTargetDependency;
			target = 4087A05F25FBAAB600971174 /* MarvelApplication */;
			targetProxy = 40F4425425FC262F002E02B7 /* PBXContainerItemProxy */;
		};
		40F4425C25FC262F002E02B7 /* PBXTargetDependency */ = {
			isa = PBXTargetDependency;
			target = 40F4424725FC262E002E02B7 /* Characters */;
			targetProxy = 40F4425B25FC262F002E02B7 /* PBXContainerItemProxy */;
		};
/* End PBXTargetDependency section */

/* Begin PBXVariantGroup section */
		4087A07125FBAAB900971174 /* LaunchScreen.storyboard */ = {
			isa = PBXVariantGroup;
			children = (
				4087A07225FBAAB900971174 /* Base */,
			);
			name = LaunchScreen.storyboard;
			sourceTree = "<group>";
		};
/* End PBXVariantGroup section */

/* Begin XCBuildConfiguration section */
		4041129026001507009D5E3B /* Debug */ = {
			isa = XCBuildConfiguration;
			buildSettings = {
				CLANG_ENABLE_MODULES = YES;
				CODE_SIGN_STYLE = Automatic;
				CURRENT_PROJECT_VERSION = 1;
				DEFINES_MODULE = YES;
				DEVELOPMENT_TEAM = 55A535V42Q;
				DYLIB_COMPATIBILITY_VERSION = 1;
				DYLIB_CURRENT_VERSION = 1;
				DYLIB_INSTALL_NAME_BASE = "@rpath";
				INFOPLIST_FILE = MarvelUI/Info.plist;
				INSTALL_PATH = "$(LOCAL_LIBRARY_DIR)/Frameworks";
				LD_RUNPATH_SEARCH_PATHS = (
					"$(inherited)",
					"@executable_path/Frameworks",
					"@loader_path/Frameworks",
				);
				PRODUCT_BUNDLE_IDENTIFIER = com.carlosfontes.MarvelUI;
				PRODUCT_NAME = "$(TARGET_NAME:c99extidentifier)";
				SKIP_INSTALL = YES;
				SWIFT_OPTIMIZATION_LEVEL = "-Onone";
				SWIFT_VERSION = 5.0;
				TARGETED_DEVICE_FAMILY = "1,2";
				VERSIONING_SYSTEM = "apple-generic";
				VERSION_INFO_PREFIX = "";
			};
			name = Debug;
		};
		4041129126001507009D5E3B /* Release */ = {
			isa = XCBuildConfiguration;
			buildSettings = {
				CLANG_ENABLE_MODULES = YES;
				CODE_SIGN_STYLE = Automatic;
				CURRENT_PROJECT_VERSION = 1;
				DEFINES_MODULE = YES;
				DEVELOPMENT_TEAM = 55A535V42Q;
				DYLIB_COMPATIBILITY_VERSION = 1;
				DYLIB_CURRENT_VERSION = 1;
				DYLIB_INSTALL_NAME_BASE = "@rpath";
				INFOPLIST_FILE = MarvelUI/Info.plist;
				INSTALL_PATH = "$(LOCAL_LIBRARY_DIR)/Frameworks";
				LD_RUNPATH_SEARCH_PATHS = (
					"$(inherited)",
					"@executable_path/Frameworks",
					"@loader_path/Frameworks",
				);
				PRODUCT_BUNDLE_IDENTIFIER = com.carlosfontes.MarvelUI;
				PRODUCT_NAME = "$(TARGET_NAME:c99extidentifier)";
				SKIP_INSTALL = YES;
				SWIFT_VERSION = 5.0;
				TARGETED_DEVICE_FAMILY = "1,2";
				VERSIONING_SYSTEM = "apple-generic";
				VERSION_INFO_PREFIX = "";
			};
			name = Release;
		};
		4041129226001507009D5E3B /* Debug */ = {
			isa = XCBuildConfiguration;
			buildSettings = {
				ALWAYS_EMBED_SWIFT_STANDARD_LIBRARIES = YES;
				CODE_SIGN_STYLE = Automatic;
				DEVELOPMENT_TEAM = 55A535V42Q;
				INFOPLIST_FILE = MarvelUITests/Info.plist;
				LD_RUNPATH_SEARCH_PATHS = (
					"$(inherited)",
					"@executable_path/Frameworks",
					"@loader_path/Frameworks",
				);
				PRODUCT_BUNDLE_IDENTIFIER = com.carlosfontes.MarvelUITests;
				PRODUCT_NAME = "$(TARGET_NAME)";
				SWIFT_VERSION = 5.0;
				TARGETED_DEVICE_FAMILY = "1,2";
				TEST_HOST = "$(BUILT_PRODUCTS_DIR)/MarvelApplication.app/MarvelApplication";
			};
			name = Debug;
		};
		4041129326001507009D5E3B /* Release */ = {
			isa = XCBuildConfiguration;
			buildSettings = {
				ALWAYS_EMBED_SWIFT_STANDARD_LIBRARIES = YES;
				CODE_SIGN_STYLE = Automatic;
				DEVELOPMENT_TEAM = 55A535V42Q;
				INFOPLIST_FILE = MarvelUITests/Info.plist;
				LD_RUNPATH_SEARCH_PATHS = (
					"$(inherited)",
					"@executable_path/Frameworks",
					"@loader_path/Frameworks",
				);
				PRODUCT_BUNDLE_IDENTIFIER = com.carlosfontes.MarvelUITests;
				PRODUCT_NAME = "$(TARGET_NAME)";
				SWIFT_VERSION = 5.0;
				TARGETED_DEVICE_FAMILY = "1,2";
				TEST_HOST = "$(BUILT_PRODUCTS_DIR)/MarvelApplication.app/MarvelApplication";
			};
			name = Release;
		};
		4087A07525FBAAB900971174 /* Debug */ = {
			isa = XCBuildConfiguration;
			buildSettings = {
				ALWAYS_SEARCH_USER_PATHS = NO;
				CLANG_ANALYZER_NONNULL = YES;
				CLANG_ANALYZER_NUMBER_OBJECT_CONVERSION = YES_AGGRESSIVE;
				CLANG_CXX_LANGUAGE_STANDARD = "gnu++14";
				CLANG_CXX_LIBRARY = "libc++";
				CLANG_ENABLE_MODULES = YES;
				CLANG_ENABLE_OBJC_ARC = YES;
				CLANG_ENABLE_OBJC_WEAK = YES;
				CLANG_WARN_BLOCK_CAPTURE_AUTORELEASING = YES;
				CLANG_WARN_BOOL_CONVERSION = YES;
				CLANG_WARN_COMMA = YES;
				CLANG_WARN_CONSTANT_CONVERSION = YES;
				CLANG_WARN_DEPRECATED_OBJC_IMPLEMENTATIONS = YES;
				CLANG_WARN_DIRECT_OBJC_ISA_USAGE = YES_ERROR;
				CLANG_WARN_DOCUMENTATION_COMMENTS = YES;
				CLANG_WARN_EMPTY_BODY = YES;
				CLANG_WARN_ENUM_CONVERSION = YES;
				CLANG_WARN_INFINITE_RECURSION = YES;
				CLANG_WARN_INT_CONVERSION = YES;
				CLANG_WARN_NON_LITERAL_NULL_CONVERSION = YES;
				CLANG_WARN_OBJC_IMPLICIT_RETAIN_SELF = YES;
				CLANG_WARN_OBJC_LITERAL_CONVERSION = YES;
				CLANG_WARN_OBJC_ROOT_CLASS = YES_ERROR;
				CLANG_WARN_QUOTED_INCLUDE_IN_FRAMEWORK_HEADER = YES;
				CLANG_WARN_RANGE_LOOP_ANALYSIS = YES;
				CLANG_WARN_STRICT_PROTOTYPES = YES;
				CLANG_WARN_SUSPICIOUS_MOVE = YES;
				CLANG_WARN_UNGUARDED_AVAILABILITY = YES_AGGRESSIVE;
				CLANG_WARN_UNREACHABLE_CODE = YES;
				CLANG_WARN__DUPLICATE_METHOD_MATCH = YES;
				COPY_PHASE_STRIP = NO;
				DEBUG_INFORMATION_FORMAT = dwarf;
				ENABLE_STRICT_OBJC_MSGSEND = YES;
				ENABLE_TESTABILITY = YES;
				GCC_C_LANGUAGE_STANDARD = gnu11;
				GCC_DYNAMIC_NO_PIC = NO;
				GCC_NO_COMMON_BLOCKS = YES;
				GCC_OPTIMIZATION_LEVEL = 0;
				GCC_PREPROCESSOR_DEFINITIONS = (
					"DEBUG=1",
					"$(inherited)",
				);
				GCC_WARN_64_TO_32_BIT_CONVERSION = YES;
				GCC_WARN_ABOUT_RETURN_TYPE = YES_ERROR;
				GCC_WARN_UNDECLARED_SELECTOR = YES;
				GCC_WARN_UNINITIALIZED_AUTOS = YES_AGGRESSIVE;
				GCC_WARN_UNUSED_FUNCTION = YES;
				GCC_WARN_UNUSED_VARIABLE = YES;
				IPHONEOS_DEPLOYMENT_TARGET = 14.2;
				MTL_ENABLE_DEBUG_INFO = INCLUDE_SOURCE;
				MTL_FAST_MATH = YES;
				ONLY_ACTIVE_ARCH = YES;
				SDKROOT = iphoneos;
				SWIFT_ACTIVE_COMPILATION_CONDITIONS = DEBUG;
				SWIFT_OPTIMIZATION_LEVEL = "-Onone";
			};
			name = Debug;
		};
		4087A07625FBAAB900971174 /* Release */ = {
			isa = XCBuildConfiguration;
			buildSettings = {
				ALWAYS_SEARCH_USER_PATHS = NO;
				CLANG_ANALYZER_NONNULL = YES;
				CLANG_ANALYZER_NUMBER_OBJECT_CONVERSION = YES_AGGRESSIVE;
				CLANG_CXX_LANGUAGE_STANDARD = "gnu++14";
				CLANG_CXX_LIBRARY = "libc++";
				CLANG_ENABLE_MODULES = YES;
				CLANG_ENABLE_OBJC_ARC = YES;
				CLANG_ENABLE_OBJC_WEAK = YES;
				CLANG_WARN_BLOCK_CAPTURE_AUTORELEASING = YES;
				CLANG_WARN_BOOL_CONVERSION = YES;
				CLANG_WARN_COMMA = YES;
				CLANG_WARN_CONSTANT_CONVERSION = YES;
				CLANG_WARN_DEPRECATED_OBJC_IMPLEMENTATIONS = YES;
				CLANG_WARN_DIRECT_OBJC_ISA_USAGE = YES_ERROR;
				CLANG_WARN_DOCUMENTATION_COMMENTS = YES;
				CLANG_WARN_EMPTY_BODY = YES;
				CLANG_WARN_ENUM_CONVERSION = YES;
				CLANG_WARN_INFINITE_RECURSION = YES;
				CLANG_WARN_INT_CONVERSION = YES;
				CLANG_WARN_NON_LITERAL_NULL_CONVERSION = YES;
				CLANG_WARN_OBJC_IMPLICIT_RETAIN_SELF = YES;
				CLANG_WARN_OBJC_LITERAL_CONVERSION = YES;
				CLANG_WARN_OBJC_ROOT_CLASS = YES_ERROR;
				CLANG_WARN_QUOTED_INCLUDE_IN_FRAMEWORK_HEADER = YES;
				CLANG_WARN_RANGE_LOOP_ANALYSIS = YES;
				CLANG_WARN_STRICT_PROTOTYPES = YES;
				CLANG_WARN_SUSPICIOUS_MOVE = YES;
				CLANG_WARN_UNGUARDED_AVAILABILITY = YES_AGGRESSIVE;
				CLANG_WARN_UNREACHABLE_CODE = YES;
				CLANG_WARN__DUPLICATE_METHOD_MATCH = YES;
				COPY_PHASE_STRIP = NO;
				DEBUG_INFORMATION_FORMAT = "dwarf-with-dsym";
				ENABLE_NS_ASSERTIONS = NO;
				ENABLE_STRICT_OBJC_MSGSEND = YES;
				GCC_C_LANGUAGE_STANDARD = gnu11;
				GCC_NO_COMMON_BLOCKS = YES;
				GCC_WARN_64_TO_32_BIT_CONVERSION = YES;
				GCC_WARN_ABOUT_RETURN_TYPE = YES_ERROR;
				GCC_WARN_UNDECLARED_SELECTOR = YES;
				GCC_WARN_UNINITIALIZED_AUTOS = YES_AGGRESSIVE;
				GCC_WARN_UNUSED_FUNCTION = YES;
				GCC_WARN_UNUSED_VARIABLE = YES;
				IPHONEOS_DEPLOYMENT_TARGET = 14.2;
				MTL_ENABLE_DEBUG_INFO = NO;
				MTL_FAST_MATH = YES;
				SDKROOT = iphoneos;
				SWIFT_COMPILATION_MODE = wholemodule;
				SWIFT_OPTIMIZATION_LEVEL = "-O";
				VALIDATE_PRODUCT = YES;
			};
			name = Release;
		};
		4087A07825FBAAB900971174 /* Debug */ = {
			isa = XCBuildConfiguration;
			buildSettings = {
				ALWAYS_EMBED_SWIFT_STANDARD_LIBRARIES = YES;
				ASSETCATALOG_COMPILER_APPICON_NAME = AppIcon;
				ASSETCATALOG_COMPILER_GLOBAL_ACCENT_COLOR_NAME = AccentColor;
				CODE_SIGN_STYLE = Automatic;
				DEVELOPMENT_TEAM = 55A535V42Q;
				INFOPLIST_FILE = MarvelApplication/Info.plist;
				LD_RUNPATH_SEARCH_PATHS = (
					"$(inherited)",
					"@executable_path/Frameworks",
				);
				PRODUCT_BUNDLE_IDENTIFIER = com.carlosfontes.MarvelApplication;
				PRODUCT_NAME = "$(TARGET_NAME)";
				SWIFT_VERSION = 5.0;
				TARGETED_DEVICE_FAMILY = 1;
			};
			name = Debug;
		};
		4087A07925FBAAB900971174 /* Release */ = {
			isa = XCBuildConfiguration;
			buildSettings = {
				ALWAYS_EMBED_SWIFT_STANDARD_LIBRARIES = YES;
				ASSETCATALOG_COMPILER_APPICON_NAME = AppIcon;
				ASSETCATALOG_COMPILER_GLOBAL_ACCENT_COLOR_NAME = AccentColor;
				CODE_SIGN_STYLE = Automatic;
				DEVELOPMENT_TEAM = 55A535V42Q;
				INFOPLIST_FILE = MarvelApplication/Info.plist;
				LD_RUNPATH_SEARCH_PATHS = (
					"$(inherited)",
					"@executable_path/Frameworks",
				);
				PRODUCT_BUNDLE_IDENTIFIER = com.carlosfontes.MarvelApplication;
				PRODUCT_NAME = "$(TARGET_NAME)";
				SWIFT_VERSION = 5.0;
				TARGETED_DEVICE_FAMILY = 1;
			};
			name = Release;
		};
		40F4422525FC2340002E02B7 /* Debug */ = {
			isa = XCBuildConfiguration;
			buildSettings = {
				CLANG_ENABLE_MODULES = YES;
				CODE_SIGN_STYLE = Automatic;
				CURRENT_PROJECT_VERSION = 1;
				DEFINES_MODULE = YES;
				DEVELOPMENT_TEAM = 55A535V42Q;
				DYLIB_COMPATIBILITY_VERSION = 1;
				DYLIB_CURRENT_VERSION = 1;
				DYLIB_INSTALL_NAME_BASE = "@rpath";
				INFOPLIST_FILE = Service/Info.plist;
				INSTALL_PATH = "$(LOCAL_LIBRARY_DIR)/Frameworks";
				LD_RUNPATH_SEARCH_PATHS = (
					"$(inherited)",
					"@executable_path/Frameworks",
					"@loader_path/Frameworks",
				);
				PRODUCT_BUNDLE_IDENTIFIER = com.carlosfontes.Service;
				PRODUCT_NAME = "$(TARGET_NAME:c99extidentifier)";
				SKIP_INSTALL = YES;
				SUPPORTS_MACCATALYST = NO;
				SWIFT_OPTIMIZATION_LEVEL = "-Onone";
				SWIFT_VERSION = 5.0;
				TARGETED_DEVICE_FAMILY = 1;
				VERSIONING_SYSTEM = "apple-generic";
				VERSION_INFO_PREFIX = "";
			};
			name = Debug;
		};
		40F4422625FC2340002E02B7 /* Release */ = {
			isa = XCBuildConfiguration;
			buildSettings = {
				CLANG_ENABLE_MODULES = YES;
				CODE_SIGN_STYLE = Automatic;
				CURRENT_PROJECT_VERSION = 1;
				DEFINES_MODULE = YES;
				DEVELOPMENT_TEAM = 55A535V42Q;
				DYLIB_COMPATIBILITY_VERSION = 1;
				DYLIB_CURRENT_VERSION = 1;
				DYLIB_INSTALL_NAME_BASE = "@rpath";
				INFOPLIST_FILE = Service/Info.plist;
				INSTALL_PATH = "$(LOCAL_LIBRARY_DIR)/Frameworks";
				LD_RUNPATH_SEARCH_PATHS = (
					"$(inherited)",
					"@executable_path/Frameworks",
					"@loader_path/Frameworks",
				);
				PRODUCT_BUNDLE_IDENTIFIER = com.carlosfontes.Service;
				PRODUCT_NAME = "$(TARGET_NAME:c99extidentifier)";
				SKIP_INSTALL = YES;
				SUPPORTS_MACCATALYST = NO;
				SWIFT_VERSION = 5.0;
				TARGETED_DEVICE_FAMILY = 1;
				VERSIONING_SYSTEM = "apple-generic";
				VERSION_INFO_PREFIX = "";
			};
			name = Release;
		};
		40F4422725FC2340002E02B7 /* Debug */ = {
			isa = XCBuildConfiguration;
			buildSettings = {
				ALWAYS_EMBED_SWIFT_STANDARD_LIBRARIES = YES;
				CODE_SIGN_STYLE = Automatic;
				DEVELOPMENT_TEAM = 55A535V42Q;
				INFOPLIST_FILE = ServiceTests/Info.plist;
				LD_RUNPATH_SEARCH_PATHS = (
					"$(inherited)",
					"@executable_path/Frameworks",
					"@loader_path/Frameworks",
				);
				PRODUCT_BUNDLE_IDENTIFIER = com.carlosfontes.ServiceTests;
				PRODUCT_NAME = "$(TARGET_NAME)";
				SWIFT_VERSION = 5.0;
				TARGETED_DEVICE_FAMILY = "1,2";
				TEST_HOST = "$(BUILT_PRODUCTS_DIR)/MarvelApplication.app/MarvelApplication";
			};
			name = Debug;
		};
		40F4422825FC2340002E02B7 /* Release */ = {
			isa = XCBuildConfiguration;
			buildSettings = {
				ALWAYS_EMBED_SWIFT_STANDARD_LIBRARIES = YES;
				CODE_SIGN_STYLE = Automatic;
				DEVELOPMENT_TEAM = 55A535V42Q;
				INFOPLIST_FILE = ServiceTests/Info.plist;
				LD_RUNPATH_SEARCH_PATHS = (
					"$(inherited)",
					"@executable_path/Frameworks",
					"@loader_path/Frameworks",
				);
				PRODUCT_BUNDLE_IDENTIFIER = com.carlosfontes.ServiceTests;
				PRODUCT_NAME = "$(TARGET_NAME)";
				SWIFT_VERSION = 5.0;
				TARGETED_DEVICE_FAMILY = "1,2";
				TEST_HOST = "$(BUILT_PRODUCTS_DIR)/MarvelApplication.app/MarvelApplication";
			};
			name = Release;
		};
		40F4425F25FC262F002E02B7 /* Debug */ = {
			isa = XCBuildConfiguration;
			buildSettings = {
				CLANG_ENABLE_MODULES = YES;
				CODE_SIGN_STYLE = Automatic;
				CURRENT_PROJECT_VERSION = 1;
				DEFINES_MODULE = YES;
				DEVELOPMENT_TEAM = 55A535V42Q;
				DYLIB_COMPATIBILITY_VERSION = 1;
				DYLIB_CURRENT_VERSION = 1;
				DYLIB_INSTALL_NAME_BASE = "@rpath";
				INFOPLIST_FILE = Characters/Info.plist;
				INSTALL_PATH = "$(LOCAL_LIBRARY_DIR)/Frameworks";
				LD_RUNPATH_SEARCH_PATHS = (
					"$(inherited)",
					"@executable_path/Frameworks",
					"@loader_path/Frameworks",
				);
				PRODUCT_BUNDLE_IDENTIFIER = com.carlosfontes.Characters;
				PRODUCT_NAME = "$(TARGET_NAME:c99extidentifier)";
				SKIP_INSTALL = YES;
				SWIFT_OPTIMIZATION_LEVEL = "-Onone";
				SWIFT_VERSION = 5.0;
				TARGETED_DEVICE_FAMILY = "1,2";
				VERSIONING_SYSTEM = "apple-generic";
				VERSION_INFO_PREFIX = "";
			};
			name = Debug;
		};
		40F4426025FC262F002E02B7 /* Release */ = {
			isa = XCBuildConfiguration;
			buildSettings = {
				CLANG_ENABLE_MODULES = YES;
				CODE_SIGN_STYLE = Automatic;
				CURRENT_PROJECT_VERSION = 1;
				DEFINES_MODULE = YES;
				DEVELOPMENT_TEAM = 55A535V42Q;
				DYLIB_COMPATIBILITY_VERSION = 1;
				DYLIB_CURRENT_VERSION = 1;
				DYLIB_INSTALL_NAME_BASE = "@rpath";
				INFOPLIST_FILE = Characters/Info.plist;
				INSTALL_PATH = "$(LOCAL_LIBRARY_DIR)/Frameworks";
				LD_RUNPATH_SEARCH_PATHS = (
					"$(inherited)",
					"@executable_path/Frameworks",
					"@loader_path/Frameworks",
				);
				PRODUCT_BUNDLE_IDENTIFIER = com.carlosfontes.Characters;
				PRODUCT_NAME = "$(TARGET_NAME:c99extidentifier)";
				SKIP_INSTALL = YES;
				SWIFT_VERSION = 5.0;
				TARGETED_DEVICE_FAMILY = "1,2";
				VERSIONING_SYSTEM = "apple-generic";
				VERSION_INFO_PREFIX = "";
			};
			name = Release;
		};
		40F4426125FC262F002E02B7 /* Debug */ = {
			isa = XCBuildConfiguration;
			buildSettings = {
				ALWAYS_EMBED_SWIFT_STANDARD_LIBRARIES = YES;
				CODE_SIGN_STYLE = Automatic;
				DEVELOPMENT_TEAM = 55A535V42Q;
				INFOPLIST_FILE = CharactersTests/Info.plist;
				LD_RUNPATH_SEARCH_PATHS = (
					"$(inherited)",
					"@executable_path/Frameworks",
					"@loader_path/Frameworks",
				);
				PRODUCT_BUNDLE_IDENTIFIER = com.carlosfontes.CharactersTests;
				PRODUCT_NAME = "$(TARGET_NAME)";
				SWIFT_VERSION = 5.0;
				TARGETED_DEVICE_FAMILY = "1,2";
				TEST_HOST = "$(BUILT_PRODUCTS_DIR)/MarvelApplication.app/MarvelApplication";
			};
			name = Debug;
		};
		40F4426225FC262F002E02B7 /* Release */ = {
			isa = XCBuildConfiguration;
			buildSettings = {
				ALWAYS_EMBED_SWIFT_STANDARD_LIBRARIES = YES;
				CODE_SIGN_STYLE = Automatic;
				DEVELOPMENT_TEAM = 55A535V42Q;
				INFOPLIST_FILE = CharactersTests/Info.plist;
				LD_RUNPATH_SEARCH_PATHS = (
					"$(inherited)",
					"@executable_path/Frameworks",
					"@loader_path/Frameworks",
				);
				PRODUCT_BUNDLE_IDENTIFIER = com.carlosfontes.CharactersTests;
				PRODUCT_NAME = "$(TARGET_NAME)";
				SWIFT_VERSION = 5.0;
				TARGETED_DEVICE_FAMILY = "1,2";
				TEST_HOST = "$(BUILT_PRODUCTS_DIR)/MarvelApplication.app/MarvelApplication";
			};
			name = Release;
		};
/* End XCBuildConfiguration section */

/* Begin XCConfigurationList section */
		4041129426001507009D5E3B /* Build configuration list for PBXNativeTarget "MarvelUI" */ = {
			isa = XCConfigurationList;
			buildConfigurations = (
				4041129026001507009D5E3B /* Debug */,
				4041129126001507009D5E3B /* Release */,
			);
			defaultConfigurationIsVisible = 0;
			defaultConfigurationName = Release;
		};
		4041129526001507009D5E3B /* Build configuration list for PBXNativeTarget "MarvelUITests" */ = {
			isa = XCConfigurationList;
			buildConfigurations = (
				4041129226001507009D5E3B /* Debug */,
				4041129326001507009D5E3B /* Release */,
			);
			defaultConfigurationIsVisible = 0;
			defaultConfigurationName = Release;
		};
		4087A05B25FBAAB600971174 /* Build configuration list for PBXProject "MarvelApplication" */ = {
			isa = XCConfigurationList;
			buildConfigurations = (
				4087A07525FBAAB900971174 /* Debug */,
				4087A07625FBAAB900971174 /* Release */,
			);
			defaultConfigurationIsVisible = 0;
			defaultConfigurationName = Release;
		};
		4087A07725FBAAB900971174 /* Build configuration list for PBXNativeTarget "MarvelApplication" */ = {
			isa = XCConfigurationList;
			buildConfigurations = (
				4087A07825FBAAB900971174 /* Debug */,
				4087A07925FBAAB900971174 /* Release */,
			);
			defaultConfigurationIsVisible = 0;
			defaultConfigurationName = Release;
		};
		40F4422925FC2340002E02B7 /* Build configuration list for PBXNativeTarget "Service" */ = {
			isa = XCConfigurationList;
			buildConfigurations = (
				40F4422525FC2340002E02B7 /* Debug */,
				40F4422625FC2340002E02B7 /* Release */,
			);
			defaultConfigurationIsVisible = 0;
			defaultConfigurationName = Release;
		};
		40F4422A25FC2340002E02B7 /* Build configuration list for PBXNativeTarget "ServiceTests" */ = {
			isa = XCConfigurationList;
			buildConfigurations = (
				40F4422725FC2340002E02B7 /* Debug */,
				40F4422825FC2340002E02B7 /* Release */,
			);
			defaultConfigurationIsVisible = 0;
			defaultConfigurationName = Release;
		};
		40F4426325FC262F002E02B7 /* Build configuration list for PBXNativeTarget "Characters" */ = {
			isa = XCConfigurationList;
			buildConfigurations = (
				40F4425F25FC262F002E02B7 /* Debug */,
				40F4426025FC262F002E02B7 /* Release */,
			);
			defaultConfigurationIsVisible = 0;
			defaultConfigurationName = Release;
		};
		40F4426425FC262F002E02B7 /* Build configuration list for PBXNativeTarget "CharactersTests" */ = {
			isa = XCConfigurationList;
			buildConfigurations = (
				40F4426125FC262F002E02B7 /* Debug */,
				40F4426225FC262F002E02B7 /* Release */,
			);
			defaultConfigurationIsVisible = 0;
			defaultConfigurationName = Release;
		};
/* End XCConfigurationList section */
	};
	rootObject = 4087A05825FBAAB600971174 /* Project object */;
}
